Microsoft Visual Studio Solution File, Format Version 11.00
# Visual Studio 2010
Project("{2150E333-8FDC-42A3-9474-1A3956D46DE8}") = "(allocator)", "..\..\..\base\allocator", "{6478B9F3-4858-63F4-35F4-98A303E305F3}"
EndProject
Project("{2150E333-8FDC-42A3-9474-1A3956D46DE8}") = "(base)", "..\..\..\base", "{9785FB75-982A-5DE3-252D-3F288B9FEF5B}"
EndProject
Project("{2150E333-8FDC-42A3-9474-1A3956D46DE8}") = "(command_buffer)", "..\..\..\gpu\command_buffer", "{1670CB0B-8AB5-66D9-D715-D2DC1A1CB97F}"
EndProject
Project("{2150E333-8FDC-42A3-9474-1A3956D46DE8}") = "(gpu)", "..\..\..\gpu", "{C2E276B7-2737-A889-723C-CE2956B80FB7}"
EndProject
Project("{2150E333-8FDC-42A3-9474-1A3956D46DE8}") = "(khronos)", "..\..\..\third_party\khronos", "{7522960F-C97E-E7C9-38F2-1B74A395F476}"
EndProject
Project("{2150E333-8FDC-42A3-9474-1A3956D46DE8}") = "(testing)", "..\..\..\testing", "{EAC80D00-01D2-3F49-A377-20B7154947F3}"
EndProject
Project("{2150E333-8FDC-42A3-9474-1A3956D46DE8}") = "(third_party)", "..\..\..\base\third_party", "{3E7FA5AF-27B3-2DE0-883C-12F98E7F4E81}"
EndProject
Project("{2150E333-8FDC-42A3-9474-1A3956D46DE8}") = "(third_party)", "..\..\..\third_party", "{89C816A7-DD31-D54C-C69C-5A80E0C49B77}"
EndProject
Project("{8BC9CEB8-8B4A-11D0-8D11-00A0C91BC942}") = "allocator_extension_thunks", "..\..\base\allocator\allocator_extension_thunks.vcxproj", "{2915E026-0CF5-5E77-201C-6D6C4C28AA63}"
EndProject
Project("{8BC9CEB8-8B4A-11D0-8D11-00A0C91BC942}") = "base", "..\..\base\base.vcxproj", "{E96A9715-5A63-9E01-16DD-E6FEEF86FDAD}"
	ProjectSection(ProjectDependencies) = postProject
		{C4F55527-812A-DA57-0C23-11314BA8EED2} = {C4F55527-812A-DA57-0C23-11314BA8EED2}
		{2915E026-0CF5-5E77-201C-6D6C4C28AA63} = {2915E026-0CF5-5E77-201C-6D6C4C28AA63}
		{618290FC-61AC-99C1-0085-B2D6D9294C08} = {618290FC-61AC-99C1-0085-B2D6D9294C08}
		{FDA49C7A-0D19-BC89-3238-75B3B4A0E6EE} = {FDA49C7A-0D19-BC89-3238-75B3B4A0E6EE}
		{26066164-8BCA-BB54-76A5-8B5333BB2C0C} = {26066164-8BCA-BB54-76A5-8B5333BB2C0C}
	EndProjectSection
EndProject
Project("{8BC9CEB8-8B4A-11D0-8D11-00A0C91BC942}") = "base_static", "..\..\base\base_static.vcxproj", "{C4F55527-812A-DA57-0C23-11314BA8EED2}"
EndProject
Project("{8BC9CEB8-8B4A-11D0-8D11-00A0C91BC942}") = "dynamic_annotations", "..\..\base\third_party\dynamic_annotations\dynamic_annotations.vcxproj", "{26066164-8BCA-BB54-76A5-8B5333BB2C0C}"
EndProject
Project("{8BC9CEB8-8B4A-11D0-8D11-00A0C91BC942}") = "gles2_utils", "gles2_utils.vcxproj", "{8BA629EB-E0C8-FBB8-1D0B-F08BCF76C7F0}"
	ProjectSection(ProjectDependencies) = postProject
		{E96A9715-5A63-9E01-16DD-E6FEEF86FDAD} = {E96A9715-5A63-9E01-16DD-E6FEEF86FDAD}
		{C0B9676C-F471-BBE0-FBFE-856913D2787C} = {C0B9676C-F471-BBE0-FBFE-856913D2787C}
	EndProjectSection
EndProject
Project("{8BC9CEB8-8B4A-11D0-8D11-00A0C91BC942}") = "gtest_prod", "..\..\testing\gtest_prod.vcxproj", "{618290FC-61AC-99C1-0085-B2D6D9294C08}"
EndProject
Project("{8BC9CEB8-8B4A-11D0-8D11-00A0C91BC942}") = "khronos_headers", "..\..\third_party\khronos\khronos_headers.vcxproj", "{C0B9676C-F471-BBE0-FBFE-856913D2787C}"
EndProject
Project("{8BC9CEB8-8B4A-11D0-8D11-00A0C91BC942}") = "modp_b64", "..\..\third_party\modp_b64\modp_b64.vcxproj", "{FDA49C7A-0D19-BC89-3238-75B3B4A0E6EE}"
EndProject
Global
	GlobalSection(SolutionConfigurationPlatforms) = preSolution
		Release|x64 = Release|x64
		Debug|Win32 = Debug|Win32
		Debug|x64 = Debug|x64
		Release|Win32 = Release|Win32
	EndGlobalSection
	GlobalSection(ProjectConfigurationPlatforms) = postSolution
		{26066164-8BCA-BB54-76A5-8B5333BB2C0C}.Release|x64.ActiveCfg = Release|x64
		{26066164-8BCA-BB54-76A5-8B5333BB2C0C}.Release|x64.Build.0 = Release|x64
		{26066164-8BCA-BB54-76A5-8B5333BB2C0C}.Debug|Win32.ActiveCfg = Debug|Win32
		{26066164-8BCA-BB54-76A5-8B5333BB2C0C}.Debug|Win32.Build.0 = Debug|Win32
		{26066164-8BCA-BB54-76A5-8B5333BB2C0C}.Debug|x64.ActiveCfg = Debug|x64
		{26066164-8BCA-BB54-76A5-8B5333BB2C0C}.Debug|x64.Build.0 = Debug|x64
		{26066164-8BCA-BB54-76A5-8B5333BB2C0C}.Release|Win32.ActiveCfg = Release|Win32
		{26066164-8BCA-BB54-76A5-8B5333BB2C0C}.Release|Win32.Build.0 = Release|Win32
		{2915E026-0CF5-5E77-201C-6D6C4C28AA63}.Release|x64.ActiveCfg = Release|x64
		{2915E026-0CF5-5E77-201C-6D6C4C28AA63}.Release|x64.Build.0 = Release|x64
		{2915E026-0CF5-5E77-201C-6D6C4C28AA63}.Debug|Win32.ActiveCfg = Debug|Win32
		{2915E026-0CF5-5E77-201C-6D6C4C28AA63}.Debug|Win32.Build.0 = Debug|Win32
		{2915E026-0CF5-5E77-201C-6D6C4C28AA63}.Debug|x64.ActiveCfg = Debug|x64
		{2915E026-0CF5-5E77-201C-6D6C4C28AA63}.Debug|x64.Build.0 = Debug|x64
		{2915E026-0CF5-5E77-201C-6D6C4C28AA63}.Release|Win32.ActiveCfg = Release|Win32
		{2915E026-0CF5-5E77-201C-6D6C4C28AA63}.Release|Win32.Build.0 = Release|Win32
		{618290FC-61AC-99C1-0085-B2D6D9294C08}.Release|x64.ActiveCfg = Release|x64
		{618290FC-61AC-99C1-0085-B2D6D9294C08}.Release|x64.Build.0 = Release|x64
		{618290FC-61AC-99C1-0085-B2D6D9294C08}.Debug|Win32.ActiveCfg = Debug|Win32
		{618290FC-61AC-99C1-0085-B2D6D9294C08}.Debug|Win32.Build.0 = Debug|Win32
		{618290FC-61AC-99C1-0085-B2D6D9294C08}.Debug|x64.ActiveCfg = Debug|x64
		{618290FC-61AC-99C1-0085-B2D6D9294C08}.Debug|x64.Build.0 = Debug|x64
		{618290FC-61AC-99C1-0085-B2D6D9294C08}.Release|Win32.ActiveCfg = Release|Win32
		{618290FC-61AC-99C1-0085-B2D6D9294C08}.Release|Win32.Build.0 = Release|Win32
		{8BA629EB-E0C8-FBB8-1D0B-F08BCF76C7F0}.Release|x64.ActiveCfg = Release|x64
		{8BA629EB-E0C8-FBB8-1D0B-F08BCF76C7F0}.Release|x64.Build.0 = Release|x64
		{8BA629EB-E0C8-FBB8-1D0B-F08BCF76C7F0}.Debug|Win32.ActiveCfg = Debug|Win32
		{8BA629EB-E0C8-FBB8-1D0B-F08BCF76C7F0}.Debug|Win32.Build.0 = Debug|Win32
		{8BA629EB-E0C8-FBB8-1D0B-F08BCF76C7F0}.Debug|x64.ActiveCfg = Debug|x64
		{8BA629EB-E0C8-FBB8-1D0B-F08BCF76C7F0}.Debug|x64.Build.0 = Debug|x64
		{8BA629EB-E0C8-FBB8-1D0B-F08BCF76C7F0}.Release|Win32.ActiveCfg = Release|Win32
		{8BA629EB-E0C8-FBB8-1D0B-F08BCF76C7F0}.Release|Win32.Build.0 = Release|Win32
		{C0B9676C-F471-BBE0-FBFE-856913D2787C}.Release|x64.ActiveCfg = Release|x64
		{C0B9676C-F471-BBE0-FBFE-856913D2787C}.Release|x64.Build.0 = Release|x64
		{C0B9676C-F471-BBE0-FBFE-856913D2787C}.Debug|Win32.ActiveCfg = Debug|Win32
		{C0B9676C-F471-BBE0-FBFE-856913D2787C}.Debug|Win32.Build.0 = Debug|Win32
		{C0B9676C-F471-BBE0-FBFE-856913D2787C}.Debug|x64.ActiveCfg = Debug|x64
		{C0B9676C-F471-BBE0-FBFE-856913D2787C}.Debug|x64.Build.0 = Debug|x64
		{C0B9676C-F471-BBE0-FBFE-856913D2787C}.Release|Win32.ActiveCfg = Release|Win32
		{C0B9676C-F471-BBE0-FBFE-856913D2787C}.Release|Win32.Build.0 = Release|Win32
		{C4F55527-812A-DA57-0C23-11314BA8EED2}.Release|x64.ActiveCfg = Release|x64
		{C4F55527-812A-DA57-0C23-11314BA8EED2}.Release|x64.Build.0 = Release|x64
		{C4F55527-812A-DA57-0C23-11314BA8EED2}.Debug|Win32.ActiveCfg = Debug|Win32
		{C4F55527-812A-DA57-0C23-11314BA8EED2}.Debug|Win32.Build.0 = Debug|Win32
		{C4F55527-812A-DA57-0C23-11314BA8EED2}.Debug|x64.ActiveCfg = Debug|x64
		{C4F55527-812A-DA57-0C23-11314BA8EED2}.Debug|x64.Build.0 = Debug|x64
		{C4F55527-812A-DA57-0C23-11314BA8EED2}.Release|Win32.ActiveCfg = Release|Win32
		{C4F55527-812A-DA57-0C23-11314BA8EED2}.Release|Win32.Build.0 = Release|Win32
		{E96A9715-5A63-9E01-16DD-E6FEEF86FDAD}.Release|x64.ActiveCfg = Release|x64
		{E96A9715-5A63-9E01-16DD-E6FEEF86FDAD}.Release|x64.Build.0 = Release|x64
		{E96A9715-5A63-9E01-16DD-E6FEEF86FDAD}.Debug|Win32.ActiveCfg = Debug|Win32
		{E96A9715-5A63-9E01-16DD-E6FEEF86FDAD}.Debug|Win32.Build.0 = Debug|Win32
		{E96A9715-5A63-9E01-16DD-E6FEEF86FDAD}.Debug|x64.ActiveCfg = Debug|x64
		{E96A9715-5A63-9E01-16DD-E6FEEF86FDAD}.Debug|x64.Build.0 = Debug|x64
		{E96A9715-5A63-9E01-16DD-E6FEEF86FDAD}.Release|Win32.ActiveCfg = Release|Win32
		{E96A9715-5A63-9E01-16DD-E6FEEF86FDAD}.Release|Win32.Build.0 = Release|Win32
		{FDA49C7A-0D19-BC89-3238-75B3B4A0E6EE}.Release|x64.ActiveCfg = Release|x64
		{FDA49C7A-0D19-BC89-3238-75B3B4A0E6EE}.Release|x64.Build.0 = Release|x64
		{FDA49C7A-0D19-BC89-3238-75B3B4A0E6EE}.Debug|Win32.ActiveCfg = Debug|Win32
		{FDA49C7A-0D19-BC89-3238-75B3B4A0E6EE}.Debug|Win32.Build.0 = Debug|Win32
		{FDA49C7A-0D19-BC89-3238-75B3B4A0E6EE}.Debug|x64.ActiveCfg = Debug|x64
		{FDA49C7A-0D19-BC89-3238-75B3B4A0E6EE}.Debug|x64.Build.0 = Debug|x64
		{FDA49C7A-0D19-BC89-3238-75B3B4A0E6EE}.Release|Win32.ActiveCfg = Release|Win32
		{FDA49C7A-0D19-BC89-3238-75B3B4A0E6EE}.Release|Win32.Build.0 = Release|Win32
	EndGlobalSection
	GlobalSection(SolutionProperties) = preSolution
		HideSolutionNode = FALSE
	EndGlobalSection
	GlobalSection(NestedProjects) = preSolution
		{2915E026-0CF5-5E77-201C-6D6C4C28AA63} = {6478B9F3-4858-63F4-35F4-98A303E305F3}
		{6478B9F3-4858-63F4-35F4-98A303E305F3} = {9785FB75-982A-5DE3-252D-3F288B9FEF5B}
		{3E7FA5AF-27B3-2DE0-883C-12F98E7F4E81} = {9785FB75-982A-5DE3-252D-3F288B9FEF5B}
		{E96A9715-5A63-9E01-16DD-E6FEEF86FDAD} = {9785FB75-982A-5DE3-252D-3F288B9FEF5B}
		{C4F55527-812A-DA57-0C23-11314BA8EED2} = {9785FB75-982A-5DE3-252D-3F288B9FEF5B}
		{8BA629EB-E0C8-FBB8-1D0B-F08BCF76C7F0} = {1670CB0B-8AB5-66D9-D715-D2DC1A1CB97F}
		{1670CB0B-8AB5-66D9-D715-D2DC1A1CB97F} = {C2E276B7-2737-A889-723C-CE2956B80FB7}
		{C0B9676C-F471-BBE0-FBFE-856913D2787C} = {7522960F-C97E-E7C9-38F2-1B74A395F476}
		{618290FC-61AC-99C1-0085-B2D6D9294C08} = {EAC80D00-01D2-3F49-A377-20B7154947F3}
		{26066164-8BCA-BB54-76A5-8B5333BB2C0C} = {3E7FA5AF-27B3-2DE0-883C-12F98E7F4E81}
		{7522960F-C97E-E7C9-38F2-1B74A395F476} = {89C816A7-DD31-D54C-C69C-5A80E0C49B77}
		{FDA49C7A-0D19-BC89-3238-75B3B4A0E6EE} = {89C816A7-DD31-D54C-C69C-5A80E0C49B77}
	EndGlobalSection
EndGlobal
