Microsoft Visual Studio Solution File, Format Version 11.00
# Visual Studio 2010
Project("{2150E333-8FDC-42A3-9474-1A3956D46DE8}") = "(allocator)", "..\..\base\allocator", "{6478B9F3-4858-63F4-35F4-98A303E305F3}"
EndProject
Project("{2150E333-8FDC-42A3-9474-1A3956D46DE8}") = "(base)", "..\..\base", "{9785FB75-982A-5DE3-252D-3F288B9FEF5B}"
EndProject
Project("{2150E333-8FDC-42A3-9474-1A3956D46DE8}") = "(dynamic_annotations)", "..\..\base\third_party\dynamic_annotations", "{EF1E4970-C119-B0D7-F5D6-321C6AE66EDC}"
EndProject
Project("{2150E333-8FDC-42A3-9474-1A3956D46DE8}") = "(sandbox)", "..\..\sandbox", "{E0C7F69D-CA31-CC8A-06D1-36373C7DA790}"
EndProject
Project("{2150E333-8FDC-42A3-9474-1A3956D46DE8}") = "(testing)", "..\..\testing", "{EAC80D00-01D2-3F49-A377-20B7154947F3}"
EndProject
Project("{2150E333-8FDC-42A3-9474-1A3956D46DE8}") = "(third_party)", "..\..\base\third_party", "{3E7FA5AF-27B3-2DE0-883C-12F98E7F4E81}"
EndProject
Project("{2150E333-8FDC-42A3-9474-1A3956D46DE8}") = "(third_party)", "..\..\third_party", "{89C816A7-DD31-D54C-C69C-5A80E0C49B77}"
EndProject
Project("{8BC9CEB8-8B4A-11D0-8D11-00A0C91BC942}") = "allocator_extension_thunks", "..\base\allocator\allocator_extension_thunks.vcxproj", "{2915E026-0CF5-5E77-201C-6D6C4C28AA63}"
EndProject
Project("{8BC9CEB8-8B4A-11D0-8D11-00A0C91BC942}") = "allocator_extension_thunks_win64", "..\base\allocator\allocator_extension_thunks_win64.vcxproj", "{6BFB82F6-03FA-2377-427A-AFE75F7FC4E7}"
EndProject
Project("{8BC9CEB8-8B4A-11D0-8D11-00A0C91BC942}") = "base", "..\base\base.vcxproj", "{E96A9715-5A63-9E01-16DD-E6FEEF86FDAD}"
	ProjectSection(ProjectDependencies) = postProject
		{C4F55527-812A-DA57-0C23-11314BA8EED2} = {C4F55527-812A-DA57-0C23-11314BA8EED2}
		{2915E026-0CF5-5E77-201C-6D6C4C28AA63} = {2915E026-0CF5-5E77-201C-6D6C4C28AA63}
		{618290FC-61AC-99C1-0085-B2D6D9294C08} = {618290FC-61AC-99C1-0085-B2D6D9294C08}
		{FDA49C7A-0D19-BC89-3238-75B3B4A0E6EE} = {FDA49C7A-0D19-BC89-3238-75B3B4A0E6EE}
		{26066164-8BCA-BB54-76A5-8B5333BB2C0C} = {26066164-8BCA-BB54-76A5-8B5333BB2C0C}
	EndProjectSection
EndProject
Project("{8BC9CEB8-8B4A-11D0-8D11-00A0C91BC942}") = "base_nacl_win64", "..\base\base_nacl_win64.vcxproj", "{9C98D904-B877-A576-B390-CBB614EAB846}"
	ProjectSection(ProjectDependencies) = postProject
		{7B80AD97-AD8C-F815-D0B6-166E4942FB80} = {7B80AD97-AD8C-F815-D0B6-166E4942FB80}
		{6BFB82F6-03FA-2377-427A-AFE75F7FC4E7} = {6BFB82F6-03FA-2377-427A-AFE75F7FC4E7}
		{19CBACC5-4676-1E3F-229A-B8708193AE32} = {19CBACC5-4676-1E3F-229A-B8708193AE32}
	EndProjectSection
EndProject
Project("{8BC9CEB8-8B4A-11D0-8D11-00A0C91BC942}") = "base_static", "..\base\base_static.vcxproj", "{C4F55527-812A-DA57-0C23-11314BA8EED2}"
EndProject
Project("{8BC9CEB8-8B4A-11D0-8D11-00A0C91BC942}") = "base_static_win64", "..\base\base_static_win64.vcxproj", "{7B80AD97-AD8C-F815-D0B6-166E4942FB80}"
EndProject
Project("{8BC9CEB8-8B4A-11D0-8D11-00A0C91BC942}") = "dynamic_annotations", "..\base\third_party\dynamic_annotations\dynamic_annotations.vcxproj", "{26066164-8BCA-BB54-76A5-8B5333BB2C0C}"
EndProject
Project("{8BC9CEB8-8B4A-11D0-8D11-00A0C91BC942}") = "dynamic_annotations_win64", "..\base\third_party\dynamic_annotations\dynamic_annotations_win64.vcxproj", "{19CBACC5-4676-1E3F-229A-B8708193AE32}"
EndProject
Project("{8BC9CEB8-8B4A-11D0-8D11-00A0C91BC942}") = "gtest", "..\testing\gtest.vcxproj", "{BFA947D1-25B3-9329-27AD-F7872A267B9C}"
	ProjectSection(ProjectDependencies) = postProject
		{618290FC-61AC-99C1-0085-B2D6D9294C08} = {618290FC-61AC-99C1-0085-B2D6D9294C08}
	EndProjectSection
EndProject
Project("{8BC9CEB8-8B4A-11D0-8D11-00A0C91BC942}") = "gtest_prod", "..\testing\gtest_prod.vcxproj", "{618290FC-61AC-99C1-0085-B2D6D9294C08}"
EndProject
Project("{8BC9CEB8-8B4A-11D0-8D11-00A0C91BC942}") = "modp_b64", "..\third_party\modp_b64\modp_b64.vcxproj", "{FDA49C7A-0D19-BC89-3238-75B3B4A0E6EE}"
EndProject
Project("{8BC9CEB8-8B4A-11D0-8D11-00A0C91BC942}") = "pocdll", "pocdll.vcxproj", "{2BECB3B4-A0B1-F212-C157-CCB2C3672D5D}"
EndProject
Project("{8BC9CEB8-8B4A-11D0-8D11-00A0C91BC942}") = "sandbox", "sandbox.vcxproj", "{A820BFF5-5A41-23EF-72CF-8DAEC48840A6}"
	ProjectSection(ProjectDependencies) = postProject
		{E96A9715-5A63-9E01-16DD-E6FEEF86FDAD} = {E96A9715-5A63-9E01-16DD-E6FEEF86FDAD}
	EndProjectSection
EndProject
Project("{8BC9CEB8-8B4A-11D0-8D11-00A0C91BC942}") = "sandbox_poc", "sandbox_poc.vcxproj", "{4503F09E-FC79-3025-B125-5858EE119FDA}"
	ProjectSection(ProjectDependencies) = postProject
		{A820BFF5-5A41-23EF-72CF-8DAEC48840A6} = {A820BFF5-5A41-23EF-72CF-8DAEC48840A6}
		{2BECB3B4-A0B1-F212-C157-CCB2C3672D5D} = {2BECB3B4-A0B1-F212-C157-CCB2C3672D5D}
		{BFA947D1-25B3-9329-27AD-F7872A267B9C} = {BFA947D1-25B3-9329-27AD-F7872A267B9C}
		{618290FC-61AC-99C1-0085-B2D6D9294C08} = {618290FC-61AC-99C1-0085-B2D6D9294C08}
		{E96A9715-5A63-9E01-16DD-E6FEEF86FDAD} = {E96A9715-5A63-9E01-16DD-E6FEEF86FDAD}
		{C4F55527-812A-DA57-0C23-11314BA8EED2} = {C4F55527-812A-DA57-0C23-11314BA8EED2}
	EndProjectSection
EndProject
Project("{8BC9CEB8-8B4A-11D0-8D11-00A0C91BC942}") = "sandbox_win64", "sandbox_win64.vcxproj", "{6EDCD907-54CB-917B-EEF8-1CF0D04B0502}"
	ProjectSection(ProjectDependencies) = postProject
		{9C98D904-B877-A576-B390-CBB614EAB846} = {9C98D904-B877-A576-B390-CBB614EAB846}
	EndProjectSection
EndProject
Project("{8BC9CEB8-8B4A-11D0-8D11-00A0C91BC942}") = "sbox_integration_tests", "sbox_integration_tests.vcxproj", "{3AC03449-09BC-BFA7-D62C-9776DA6A35CA}"
	ProjectSection(ProjectDependencies) = postProject
		{A820BFF5-5A41-23EF-72CF-8DAEC48840A6} = {A820BFF5-5A41-23EF-72CF-8DAEC48840A6}
		{BFA947D1-25B3-9329-27AD-F7872A267B9C} = {BFA947D1-25B3-9329-27AD-F7872A267B9C}
		{618290FC-61AC-99C1-0085-B2D6D9294C08} = {618290FC-61AC-99C1-0085-B2D6D9294C08}
		{E96A9715-5A63-9E01-16DD-E6FEEF86FDAD} = {E96A9715-5A63-9E01-16DD-E6FEEF86FDAD}
		{C4F55527-812A-DA57-0C23-11314BA8EED2} = {C4F55527-812A-DA57-0C23-11314BA8EED2}
	EndProjectSection
EndProject
Project("{8BC9CEB8-8B4A-11D0-8D11-00A0C91BC942}") = "sbox_unittests", "sbox_unittests.vcxproj", "{D0E72D47-A87E-EA3D-C249-C73BFFB4DA02}"
	ProjectSection(ProjectDependencies) = postProject
		{A820BFF5-5A41-23EF-72CF-8DAEC48840A6} = {A820BFF5-5A41-23EF-72CF-8DAEC48840A6}
		{BFA947D1-25B3-9329-27AD-F7872A267B9C} = {BFA947D1-25B3-9329-27AD-F7872A267B9C}
		{618290FC-61AC-99C1-0085-B2D6D9294C08} = {618290FC-61AC-99C1-0085-B2D6D9294C08}
		{E96A9715-5A63-9E01-16DD-E6FEEF86FDAD} = {E96A9715-5A63-9E01-16DD-E6FEEF86FDAD}
		{C4F55527-812A-DA57-0C23-11314BA8EED2} = {C4F55527-812A-DA57-0C23-11314BA8EED2}
	EndProjectSection
EndProject
Project("{8BC9CEB8-8B4A-11D0-8D11-00A0C91BC942}") = "sbox_validation_tests", "sbox_validation_tests.vcxproj", "{79F05096-FC23-C200-1F2B-6DFC5F8CFA28}"
	ProjectSection(ProjectDependencies) = postProject
		{A820BFF5-5A41-23EF-72CF-8DAEC48840A6} = {A820BFF5-5A41-23EF-72CF-8DAEC48840A6}
		{BFA947D1-25B3-9329-27AD-F7872A267B9C} = {BFA947D1-25B3-9329-27AD-F7872A267B9C}
		{618290FC-61AC-99C1-0085-B2D6D9294C08} = {618290FC-61AC-99C1-0085-B2D6D9294C08}
		{E96A9715-5A63-9E01-16DD-E6FEEF86FDAD} = {E96A9715-5A63-9E01-16DD-E6FEEF86FDAD}
		{C4F55527-812A-DA57-0C23-11314BA8EED2} = {C4F55527-812A-DA57-0C23-11314BA8EED2}
	EndProjectSection
EndProject
Global
	GlobalSection(SolutionConfigurationPlatforms) = preSolution
		Release|x64 = Release|x64
		Debug|Win32 = Debug|Win32
		Debug|x64 = Debug|x64
		Release|Win32 = Release|Win32
	EndGlobalSection
	GlobalSection(ProjectConfigurationPlatforms) = postSolution
		{19CBACC5-4676-1E3F-229A-B8708193AE32}.Release|x64.ActiveCfg = Release|x64
		{19CBACC5-4676-1E3F-229A-B8708193AE32}.Release|x64.Build.0 = Release|x64
		{19CBACC5-4676-1E3F-229A-B8708193AE32}.Debug|Win32.ActiveCfg = Debug|x64
		{19CBACC5-4676-1E3F-229A-B8708193AE32}.Debug|Win32.Build.0 = Debug|x64
		{19CBACC5-4676-1E3F-229A-B8708193AE32}.Debug|x64.ActiveCfg = Debug|x64
		{19CBACC5-4676-1E3F-229A-B8708193AE32}.Debug|x64.Build.0 = Debug|x64
		{19CBACC5-4676-1E3F-229A-B8708193AE32}.Release|Win32.ActiveCfg = Release|x64
		{19CBACC5-4676-1E3F-229A-B8708193AE32}.Release|Win32.Build.0 = Release|x64
		{26066164-8BCA-BB54-76A5-8B5333BB2C0C}.Release|x64.ActiveCfg = Release|x64
		{26066164-8BCA-BB54-76A5-8B5333BB2C0C}.Release|x64.Build.0 = Release|x64
		{26066164-8BCA-BB54-76A5-8B5333BB2C0C}.Debug|Win32.ActiveCfg = Debug|Win32
		{26066164-8BCA-BB54-76A5-8B5333BB2C0C}.Debug|Win32.Build.0 = Debug|Win32
		{26066164-8BCA-BB54-76A5-8B5333BB2C0C}.Debug|x64.ActiveCfg = Debug|x64
		{26066164-8BCA-BB54-76A5-8B5333BB2C0C}.Debug|x64.Build.0 = Debug|x64
		{26066164-8BCA-BB54-76A5-8B5333BB2C0C}.Release|Win32.ActiveCfg = Release|Win32
		{26066164-8BCA-BB54-76A5-8B5333BB2C0C}.Release|Win32.Build.0 = Release|Win32
		{2915E026-0CF5-5E77-201C-6D6C4C28AA63}.Release|x64.ActiveCfg = Release|x64
		{2915E026-0CF5-5E77-201C-6D6C4C28AA63}.Release|x64.Build.0 = Release|x64
		{2915E026-0CF5-5E77-201C-6D6C4C28AA63}.Debug|Win32.ActiveCfg = Debug|Win32
		{2915E026-0CF5-5E77-201C-6D6C4C28AA63}.Debug|Win32.Build.0 = Debug|Win32
		{2915E026-0CF5-5E77-201C-6D6C4C28AA63}.Debug|x64.ActiveCfg = Debug|x64
		{2915E026-0CF5-5E77-201C-6D6C4C28AA63}.Debug|x64.Build.0 = Debug|x64
		{2915E026-0CF5-5E77-201C-6D6C4C28AA63}.Release|Win32.ActiveCfg = Release|Win32
		{2915E026-0CF5-5E77-201C-6D6C4C28AA63}.Release|Win32.Build.0 = Release|Win32
		{2BECB3B4-A0B1-F212-C157-CCB2C3672D5D}.Release|x64.ActiveCfg = Release|x64
		{2BECB3B4-A0B1-F212-C157-CCB2C3672D5D}.Release|x64.Build.0 = Release|x64
		{2BECB3B4-A0B1-F212-C157-CCB2C3672D5D}.Debug|Win32.ActiveCfg = Debug|Win32
		{2BECB3B4-A0B1-F212-C157-CCB2C3672D5D}.Debug|Win32.Build.0 = Debug|Win32
		{2BECB3B4-A0B1-F212-C157-CCB2C3672D5D}.Debug|x64.ActiveCfg = Debug|x64
		{2BECB3B4-A0B1-F212-C157-CCB2C3672D5D}.Debug|x64.Build.0 = Debug|x64
		{2BECB3B4-A0B1-F212-C157-CCB2C3672D5D}.Release|Win32.ActiveCfg = Release|Win32
		{2BECB3B4-A0B1-F212-C157-CCB2C3672D5D}.Release|Win32.Build.0 = Release|Win32
		{3AC03449-09BC-BFA7-D62C-9776DA6A35CA}.Release|x64.ActiveCfg = Release|x64
		{3AC03449-09BC-BFA7-D62C-9776DA6A35CA}.Release|x64.Build.0 = Release|x64
		{3AC03449-09BC-BFA7-D62C-9776DA6A35CA}.Debug|Win32.ActiveCfg = Debug|Win32
		{3AC03449-09BC-BFA7-D62C-9776DA6A35CA}.Debug|Win32.Build.0 = Debug|Win32
		{3AC03449-09BC-BFA7-D62C-9776DA6A35CA}.Debug|x64.ActiveCfg = Debug|x64
		{3AC03449-09BC-BFA7-D62C-9776DA6A35CA}.Debug|x64.Build.0 = Debug|x64
		{3AC03449-09BC-BFA7-D62C-9776DA6A35CA}.Release|Win32.ActiveCfg = Release|Win32
		{3AC03449-09BC-BFA7-D62C-9776DA6A35CA}.Release|Win32.Build.0 = Release|Win32
		{4503F09E-FC79-3025-B125-5858EE119FDA}.Release|x64.ActiveCfg = Release|x64
		{4503F09E-FC79-3025-B125-5858EE119FDA}.Release|x64.Build.0 = Release|x64
		{4503F09E-FC79-3025-B125-5858EE119FDA}.Debug|Win32.ActiveCfg = Debug|Win32
		{4503F09E-FC79-3025-B125-5858EE119FDA}.Debug|Win32.Build.0 = Debug|Win32
		{4503F09E-FC79-3025-B125-5858EE119FDA}.Debug|x64.ActiveCfg = Debug|x64
		{4503F09E-FC79-3025-B125-5858EE119FDA}.Debug|x64.Build.0 = Debug|x64
		{4503F09E-FC79-3025-B125-5858EE119FDA}.Release|Win32.ActiveCfg = Release|Win32
		{4503F09E-FC79-3025-B125-5858EE119FDA}.Release|Win32.Build.0 = Release|Win32
		{618290FC-61AC-99C1-0085-B2D6D9294C08}.Release|x64.ActiveCfg = Release|x64
		{618290FC-61AC-99C1-0085-B2D6D9294C08}.Release|x64.Build.0 = Release|x64
		{618290FC-61AC-99C1-0085-B2D6D9294C08}.Debug|Win32.ActiveCfg = Debug|Win32
		{618290FC-61AC-99C1-0085-B2D6D9294C08}.Debug|Win32.Build.0 = Debug|Win32
		{618290FC-61AC-99C1-0085-B2D6D9294C08}.Debug|x64.ActiveCfg = Debug|x64
		{618290FC-61AC-99C1-0085-B2D6D9294C08}.Debug|x64.Build.0 = Debug|x64
		{618290FC-61AC-99C1-0085-B2D6D9294C08}.Release|Win32.ActiveCfg = Release|Win32
		{618290FC-61AC-99C1-0085-B2D6D9294C08}.Release|Win32.Build.0 = Release|Win32
		{6BFB82F6-03FA-2377-427A-AFE75F7FC4E7}.Release|x64.ActiveCfg = Release|x64
		{6BFB82F6-03FA-2377-427A-AFE75F7FC4E7}.Release|x64.Build.0 = Release|x64
		{6BFB82F6-03FA-2377-427A-AFE75F7FC4E7}.Debug|Win32.ActiveCfg = Debug|x64
		{6BFB82F6-03FA-2377-427A-AFE75F7FC4E7}.Debug|Win32.Build.0 = Debug|x64
		{6BFB82F6-03FA-2377-427A-AFE75F7FC4E7}.Debug|x64.ActiveCfg = Debug|x64
		{6BFB82F6-03FA-2377-427A-AFE75F7FC4E7}.Debug|x64.Build.0 = Debug|x64
		{6BFB82F6-03FA-2377-427A-AFE75F7FC4E7}.Release|Win32.ActiveCfg = Release|x64
		{6BFB82F6-03FA-2377-427A-AFE75F7FC4E7}.Release|Win32.Build.0 = Release|x64
		{6EDCD907-54CB-917B-EEF8-1CF0D04B0502}.Release|x64.ActiveCfg = Release|x64
		{6EDCD907-54CB-917B-EEF8-1CF0D04B0502}.Release|x64.Build.0 = Release|x64
		{6EDCD907-54CB-917B-EEF8-1CF0D04B0502}.Debug|Win32.ActiveCfg = Debug|x64
		{6EDCD907-54CB-917B-EEF8-1CF0D04B0502}.Debug|Win32.Build.0 = Debug|x64
		{6EDCD907-54CB-917B-EEF8-1CF0D04B0502}.Debug|x64.ActiveCfg = Debug|x64
		{6EDCD907-54CB-917B-EEF8-1CF0D04B0502}.Debug|x64.Build.0 = Debug|x64
		{6EDCD907-54CB-917B-EEF8-1CF0D04B0502}.Release|Win32.ActiveCfg = Release|x64
		{6EDCD907-54CB-917B-EEF8-1CF0D04B0502}.Release|Win32.Build.0 = Release|x64
		{79F05096-FC23-C200-1F2B-6DFC5F8CFA28}.Release|x64.ActiveCfg = Release|x64
		{79F05096-FC23-C200-1F2B-6DFC5F8CFA28}.Release|x64.Build.0 = Release|x64
		{79F05096-FC23-C200-1F2B-6DFC5F8CFA28}.Debug|Win32.ActiveCfg = Debug|Win32
		{79F05096-FC23-C200-1F2B-6DFC5F8CFA28}.Debug|Win32.Build.0 = Debug|Win32
		{79F05096-FC23-C200-1F2B-6DFC5F8CFA28}.Debug|x64.ActiveCfg = Debug|x64
		{79F05096-FC23-C200-1F2B-6DFC5F8CFA28}.Debug|x64.Build.0 = Debug|x64
		{79F05096-FC23-C200-1F2B-6DFC5F8CFA28}.Release|Win32.ActiveCfg = Release|Win32
		{79F05096-FC23-C200-1F2B-6DFC5F8CFA28}.Release|Win32.Build.0 = Release|Win32
		{7B80AD97-AD8C-F815-D0B6-166E4942FB80}.Release|x64.ActiveCfg = Release|x64
		{7B80AD97-AD8C-F815-D0B6-166E4942FB80}.Release|x64.Build.0 = Release|x64
		{7B80AD97-AD8C-F815-D0B6-166E4942FB80}.Debug|Win32.ActiveCfg = Debug|x64
		{7B80AD97-AD8C-F815-D0B6-166E4942FB80}.Debug|Win32.Build.0 = Debug|x64
		{7B80AD97-AD8C-F815-D0B6-166E4942FB80}.Debug|x64.ActiveCfg = Debug|x64
		{7B80AD97-AD8C-F815-D0B6-166E4942FB80}.Debug|x64.Build.0 = Debug|x64
		{7B80AD97-AD8C-F815-D0B6-166E4942FB80}.Release|Win32.ActiveCfg = Release|x64
		{7B80AD97-AD8C-F815-D0B6-166E4942FB80}.Release|Win32.Build.0 = Release|x64
		{9C98D904-B877-A576-B390-CBB614EAB846}.Release|x64.ActiveCfg = Release|x64
		{9C98D904-B877-A576-B390-CBB614EAB846}.Release|x64.Build.0 = Release|x64
		{9C98D904-B877-A576-B390-CBB614EAB846}.Debug|Win32.ActiveCfg = Debug|x64
		{9C98D904-B877-A576-B390-CBB614EAB846}.Debug|Win32.Build.0 = Debug|x64
		{9C98D904-B877-A576-B390-CBB614EAB846}.Debug|x64.ActiveCfg = Debug|x64
		{9C98D904-B877-A576-B390-CBB614EAB846}.Debug|x64.Build.0 = Debug|x64
		{9C98D904-B877-A576-B390-CBB614EAB846}.Release|Win32.ActiveCfg = Release|x64
		{9C98D904-B877-A576-B390-CBB614EAB846}.Release|Win32.Build.0 = Release|x64
		{A820BFF5-5A41-23EF-72CF-8DAEC48840A6}.Release|x64.ActiveCfg = Release|x64
		{A820BFF5-5A41-23EF-72CF-8DAEC48840A6}.Release|x64.Build.0 = Release|x64
		{A820BFF5-5A41-23EF-72CF-8DAEC48840A6}.Debug|Win32.ActiveCfg = Debug|Win32
		{A820BFF5-5A41-23EF-72CF-8DAEC48840A6}.Debug|Win32.Build.0 = Debug|Win32
		{A820BFF5-5A41-23EF-72CF-8DAEC48840A6}.Debug|x64.ActiveCfg = Debug|x64
		{A820BFF5-5A41-23EF-72CF-8DAEC48840A6}.Debug|x64.Build.0 = Debug|x64
		{A820BFF5-5A41-23EF-72CF-8DAEC48840A6}.Release|Win32.ActiveCfg = Release|Win32
		{A820BFF5-5A41-23EF-72CF-8DAEC48840A6}.Release|Win32.Build.0 = Release|Win32
		{BFA947D1-25B3-9329-27AD-F7872A267B9C}.Release|x64.ActiveCfg = Release|x64
		{BFA947D1-25B3-9329-27AD-F7872A267B9C}.Release|x64.Build.0 = Release|x64
		{BFA947D1-25B3-9329-27AD-F7872A267B9C}.Debug|Win32.ActiveCfg = Debug|Win32
		{BFA947D1-25B3-9329-27AD-F7872A267B9C}.Debug|Win32.Build.0 = Debug|Win32
		{BFA947D1-25B3-9329-27AD-F7872A267B9C}.Debug|x64.ActiveCfg = Debug|x64
		{BFA947D1-25B3-9329-27AD-F7872A267B9C}.Debug|x64.Build.0 = Debug|x64
		{BFA947D1-25B3-9329-27AD-F7872A267B9C}.Release|Win32.ActiveCfg = Release|Win32
		{BFA947D1-25B3-9329-27AD-F7872A267B9C}.Release|Win32.Build.0 = Release|Win32
		{C4F55527-812A-DA57-0C23-11314BA8EED2}.Release|x64.ActiveCfg = Release|x64
		{C4F55527-812A-DA57-0C23-11314BA8EED2}.Release|x64.Build.0 = Release|x64
		{C4F55527-812A-DA57-0C23-11314BA8EED2}.Debug|Win32.ActiveCfg = Debug|Win32
		{C4F55527-812A-DA57-0C23-11314BA8EED2}.Debug|Win32.Build.0 = Debug|Win32
		{C4F55527-812A-DA57-0C23-11314BA8EED2}.Debug|x64.ActiveCfg = Debug|x64
		{C4F55527-812A-DA57-0C23-11314BA8EED2}.Debug|x64.Build.0 = Debug|x64
		{C4F55527-812A-DA57-0C23-11314BA8EED2}.Release|Win32.ActiveCfg = Release|Win32
		{C4F55527-812A-DA57-0C23-11314BA8EED2}.Release|Win32.Build.0 = Release|Win32
		{D0E72D47-A87E-EA3D-C249-C73BFFB4DA02}.Release|x64.ActiveCfg = Release|x64
		{D0E72D47-A87E-EA3D-C249-C73BFFB4DA02}.Release|x64.Build.0 = Release|x64
		{D0E72D47-A87E-EA3D-C249-C73BFFB4DA02}.Debug|Win32.ActiveCfg = Debug|Win32
		{D0E72D47-A87E-EA3D-C249-C73BFFB4DA02}.Debug|Win32.Build.0 = Debug|Win32
		{D0E72D47-A87E-EA3D-C249-C73BFFB4DA02}.Debug|x64.ActiveCfg = Debug|x64
		{D0E72D47-A87E-EA3D-C249-C73BFFB4DA02}.Debug|x64.Build.0 = Debug|x64
		{D0E72D47-A87E-EA3D-C249-C73BFFB4DA02}.Release|Win32.ActiveCfg = Release|Win32
		{D0E72D47-A87E-EA3D-C249-C73BFFB4DA02}.Release|Win32.Build.0 = Release|Win32
		{E96A9715-5A63-9E01-16DD-E6FEEF86FDAD}.Release|x64.ActiveCfg = Release|x64
		{E96A9715-5A63-9E01-16DD-E6FEEF86FDAD}.Release|x64.Build.0 = Release|x64
		{E96A9715-5A63-9E01-16DD-E6FEEF86FDAD}.Debug|Win32.ActiveCfg = Debug|Win32
		{E96A9715-5A63-9E01-16DD-E6FEEF86FDAD}.Debug|Win32.Build.0 = Debug|Win32
		{E96A9715-5A63-9E01-16DD-E6FEEF86FDAD}.Debug|x64.ActiveCfg = Debug|x64
		{E96A9715-5A63-9E01-16DD-E6FEEF86FDAD}.Debug|x64.Build.0 = Debug|x64
		{E96A9715-5A63-9E01-16DD-E6FEEF86FDAD}.Release|Win32.ActiveCfg = Release|Win32
		{E96A9715-5A63-9E01-16DD-E6FEEF86FDAD}.Release|Win32.Build.0 = Release|Win32
		{FDA49C7A-0D19-BC89-3238-75B3B4A0E6EE}.Release|x64.ActiveCfg = Release|x64
		{FDA49C7A-0D19-BC89-3238-75B3B4A0E6EE}.Release|x64.Build.0 = Release|x64
		{FDA49C7A-0D19-BC89-3238-75B3B4A0E6EE}.Debug|Win32.ActiveCfg = Debug|Win32
		{FDA49C7A-0D19-BC89-3238-75B3B4A0E6EE}.Debug|Win32.Build.0 = Debug|Win32
		{FDA49C7A-0D19-BC89-3238-75B3B4A0E6EE}.Debug|x64.ActiveCfg = Debug|x64
		{FDA49C7A-0D19-BC89-3238-75B3B4A0E6EE}.Debug|x64.Build.0 = Debug|x64
		{FDA49C7A-0D19-BC89-3238-75B3B4A0E6EE}.Release|Win32.ActiveCfg = Release|Win32
		{FDA49C7A-0D19-BC89-3238-75B3B4A0E6EE}.Release|Win32.Build.0 = Release|Win32
	EndGlobalSection
	GlobalSection(SolutionProperties) = preSolution
		HideSolutionNode = FALSE
	EndGlobalSection
	GlobalSection(NestedProjects) = preSolution
		{2915E026-0CF5-5E77-201C-6D6C4C28AA63} = {6478B9F3-4858-63F4-35F4-98A303E305F3}
		{6BFB82F6-03FA-2377-427A-AFE75F7FC4E7} = {6478B9F3-4858-63F4-35F4-98A303E305F3}
		{6478B9F3-4858-63F4-35F4-98A303E305F3} = {9785FB75-982A-5DE3-252D-3F288B9FEF5B}
		{3E7FA5AF-27B3-2DE0-883C-12F98E7F4E81} = {9785FB75-982A-5DE3-252D-3F288B9FEF5B}
		{E96A9715-5A63-9E01-16DD-E6FEEF86FDAD} = {9785FB75-982A-5DE3-252D-3F288B9FEF5B}
		{9C98D904-B877-A576-B390-CBB614EAB846} = {9785FB75-982A-5DE3-252D-3F288B9FEF5B}
		{C4F55527-812A-DA57-0C23-11314BA8EED2} = {9785FB75-982A-5DE3-252D-3F288B9FEF5B}
		{7B80AD97-AD8C-F815-D0B6-166E4942FB80} = {9785FB75-982A-5DE3-252D-3F288B9FEF5B}
		{26066164-8BCA-BB54-76A5-8B5333BB2C0C} = {EF1E4970-C119-B0D7-F5D6-321C6AE66EDC}
		{19CBACC5-4676-1E3F-229A-B8708193AE32} = {EF1E4970-C119-B0D7-F5D6-321C6AE66EDC}
		{2BECB3B4-A0B1-F212-C157-CCB2C3672D5D} = {E0C7F69D-CA31-CC8A-06D1-36373C7DA790}
		{A820BFF5-5A41-23EF-72CF-8DAEC48840A6} = {E0C7F69D-CA31-CC8A-06D1-36373C7DA790}
		{4503F09E-FC79-3025-B125-5858EE119FDA} = {E0C7F69D-CA31-CC8A-06D1-36373C7DA790}
		{6EDCD907-54CB-917B-EEF8-1CF0D04B0502} = {E0C7F69D-CA31-CC8A-06D1-36373C7DA790}
		{3AC03449-09BC-BFA7-D62C-9776DA6A35CA} = {E0C7F69D-CA31-CC8A-06D1-36373C7DA790}
		{D0E72D47-A87E-EA3D-C249-C73BFFB4DA02} = {E0C7F69D-CA31-CC8A-06D1-36373C7DA790}
		{79F05096-FC23-C200-1F2B-6DFC5F8CFA28} = {E0C7F69D-CA31-CC8A-06D1-36373C7DA790}
		{BFA947D1-25B3-9329-27AD-F7872A267B9C} = {EAC80D00-01D2-3F49-A377-20B7154947F3}
		{618290FC-61AC-99C1-0085-B2D6D9294C08} = {EAC80D00-01D2-3F49-A377-20B7154947F3}
		{EF1E4970-C119-B0D7-F5D6-321C6AE66EDC} = {3E7FA5AF-27B3-2DE0-883C-12F98E7F4E81}
		{FDA49C7A-0D19-BC89-3238-75B3B4A0E6EE} = {89C816A7-DD31-D54C-C69C-5A80E0C49B77}
	EndGlobalSection
EndGlobal
