<?xml version="1.0" encoding="utf-8"?>
<Project ToolsVersion="4.0" xmlns="http://schemas.microsoft.com/developer/msbuild/2003">
  <ItemGroup>
    <Filter Include="host">
      <UniqueIdentifier>{D877ED5D-5BA8-20DA-F98B-FABAACD9EF89}</UniqueIdentifier>
    </Filter>
    <Filter Include="host\win">
      <UniqueIdentifier>{47FC5EC4-15EB-E92F-89D7-AFE51CF838A9}</UniqueIdentifier>
    </Filter>
    <Filter Include="host\win\_excluded_files">
      <UniqueIdentifier>{158E591E-B6EA-0C85-8F5A-18EAFA09B4CE}</UniqueIdentifier>
    </Filter>
    <Filter Include="$(OutDir)">
      <UniqueIdentifier>{ECA95933-7FA6-5798-4EC4-C0CAC6DD34DE}</UniqueIdentifier>
    </Filter>
    <Filter Include="$(OutDir)\_excluded_files">
      <UniqueIdentifier>{158E591E-B6EA-0C85-8F5A-18EAFA09B4CE}</UniqueIdentifier>
    </Filter>
  </ItemGroup>
  <ItemGroup>
    <None Include="remoting.gyp"/>
    <None Include="host\win\comctl32_v6.manifest">
      <Filter>host\win\_excluded_files</Filter>
    </None>
    <None Include="$(OutDir)\remoting_core.dll">
      <Filter>$(OutDir)\_excluded_files</Filter>
    </None>
  </ItemGroup>
</Project>
