Microsoft Visual Studio Solution File, Format Version 11.00
# Visual Studio 2010
Project("{2150E333-8FDC-42A3-9474-1A3956D46DE8}") = "(Source)", "..\..\..\third_party\WebKit\Source", "{D5536B1B-0215-0B8D-2C6B-01AF474C999D}"
EndProject
Project("{2150E333-8FDC-42A3-9474-1A3956D46DE8}") = "(WebKit)", "..\..\..\third_party\WebKit", "{7C6CDB29-38D7-8364-748C-AEAAD8CCFB36}"
EndProject
Project("{2150E333-8FDC-42A3-9474-1A3956D46DE8}") = "(WebKit)", "..\..\..\third_party\WebKit\Source\WebKit", "{8E538E10-0288-F934-C0B4-A2C5684885A8}"
EndProject
Project("{2150E333-8FDC-42A3-9474-1A3956D46DE8}") = "(allocator)", "..\..\..\base\allocator", "{6478B9F3-4858-63F4-35F4-98A303E305F3}"
EndProject
Project("{2150E333-8FDC-42A3-9474-1A3956D46DE8}") = "(angle)", "..\..\..\third_party\angle", "{E84BD6B4-44F2-6E18-7DE5-1E60AEB78443}"
EndProject
Project("{2150E333-8FDC-42A3-9474-1A3956D46DE8}") = "(base)", "..\..\..\ui\base", "{4D091BEB-A76B-E8AB-36FD-0A80BA9DE97D}"
EndProject
Project("{2150E333-8FDC-42A3-9474-1A3956D46DE8}") = "(base)", "..\..\..\base", "{9785FB75-982A-5DE3-252D-3F288B9FEF5B}"
EndProject
Project("{2150E333-8FDC-42A3-9474-1A3956D46DE8}") = "(build)", "..\..\..\build", "{BC1FC5DA-9C54-7D77-0BFF-DEDDFD7A8F6C}"
EndProject
Project("{2150E333-8FDC-42A3-9474-1A3956D46DE8}") = "(chromium)", "..\..\..\third_party\WebKit\Source\WebKit\chromium", "{C2681D28-B474-0578-6C77-C21B094B9DEB}"
EndProject
Project("{2150E333-8FDC-42A3-9474-1A3956D46DE8}") = "(command_buffer)", "..\..\..\gpu\command_buffer", "{1670CB0B-8AB5-66D9-D715-D2DC1A1CB97F}"
EndProject
Project("{2150E333-8FDC-42A3-9474-1A3956D46DE8}") = "(ffmpeg)", "..\..\..\third_party\ffmpeg", "{F8FCF6CD-4DE1-16F6-65CB-5E6194E8495C}"
EndProject
Project("{2150E333-8FDC-42A3-9474-1A3956D46DE8}") = "(gles2_conform_support)", "..\..\..\gpu\gles2_conform_support", "{3B777519-EA92-6BAC-718D-8F078D7E186A}"
EndProject
Project("{2150E333-8FDC-42A3-9474-1A3956D46DE8}") = "(gpu)", "..\..\..\gpu", "{C2E276B7-2737-A889-723C-CE2956B80FB7}"
EndProject
Project("{2150E333-8FDC-42A3-9474-1A3956D46DE8}") = "(icu)", "..\..\..\third_party\icu", "{2DE59335-96CE-10CA-CDE5-FEC35E3549BB}"
EndProject
Project("{2150E333-8FDC-42A3-9474-1A3956D46DE8}") = "(khronos)", "..\..\..\third_party\khronos", "{7522960F-C97E-E7C9-38F2-1B74A395F476}"
EndProject
Project("{2150E333-8FDC-42A3-9474-1A3956D46DE8}") = "(libjpeg_turbo)", "..\..\..\third_party\libjpeg_turbo", "{A9EB8559-7015-13E0-0462-D9901FC693FD}"
EndProject
Project("{2150E333-8FDC-42A3-9474-1A3956D46DE8}") = "(libvpx)", "..\..\..\third_party\libvpx", "{B881B030-1C2B-0D06-F74A-9A16B0B8657E}"
EndProject
Project("{2150E333-8FDC-42A3-9474-1A3956D46DE8}") = "(media)", "..\..\..\media", "{019E1937-61F3-F9EC-47C4-8EB017B64518}"
EndProject
Project("{2150E333-8FDC-42A3-9474-1A3956D46DE8}") = "(mesa)", "..\..\..\third_party\mesa", "{B192C3BB-2B62-1D75-41F4-8F64C08A00D1}"
EndProject
Project("{2150E333-8FDC-42A3-9474-1A3956D46DE8}") = "(net)", "..\..\..\net", "{96A8EC63-88DB-B85C-EEBC-43667C60DEB3}"
EndProject
Project("{2150E333-8FDC-42A3-9474-1A3956D46DE8}") = "(nss)", "..\..\..\net\third_party\nss", "{91989827-5B0C-52D9-1FE9-9553D672A5E7}"
EndProject
Project("{2150E333-8FDC-42A3-9474-1A3956D46DE8}") = "(nss)", "..\..\..\third_party\nss", "{CD014008-1CDB-809B-D770-C67A261539F7}"
EndProject
Project("{2150E333-8FDC-42A3-9474-1A3956D46DE8}") = "(protobuf)", "..\..\..\third_party\protobuf", "{FF6C6E0D-F605-D848-8A79-B0ED90BBDB2F}"
EndProject
Project("{2150E333-8FDC-42A3-9474-1A3956D46DE8}") = "(skia)", "..\..\..\skia", "{5B17195B-58DF-4533-4FE7-D2747913694E}"
EndProject
Project("{2150E333-8FDC-42A3-9474-1A3956D46DE8}") = "(smhasher)", "..\..\..\third_party\smhasher", "{3BDF6A4C-39A3-91ED-A6AC-3B583F8A2FD8}"
EndProject
Project("{2150E333-8FDC-42A3-9474-1A3956D46DE8}") = "(src)", "..\..\..\third_party\angle\src", "{1AF8C68F-B8D1-BD7D-27E7-9BA001DECAFD}"
EndProject
Project("{2150E333-8FDC-42A3-9474-1A3956D46DE8}") = "(strings)", "..\..\..\ui\base\strings", "{C7F83F05-8335-05BC-FABC-52BB99106795}"
EndProject
Project("{2150E333-8FDC-42A3-9474-1A3956D46DE8}") = "(temp_gyp)", "..\..\..\build\temp_gyp", "{299D9456-929B-5224-943D-BFC2576C69EA}"
EndProject
Project("{2150E333-8FDC-42A3-9474-1A3956D46DE8}") = "(testing)", "..\..\..\testing", "{EAC80D00-01D2-3F49-A377-20B7154947F3}"
EndProject
Project("{2150E333-8FDC-42A3-9474-1A3956D46DE8}") = "(third_party)", "..\..\..\base\third_party", "{3E7FA5AF-27B3-2DE0-883C-12F98E7F4E81}"
EndProject
Project("{2150E333-8FDC-42A3-9474-1A3956D46DE8}") = "(third_party)", "..\..\..\net\third_party", "{5A566D8E-9FAB-ED62-0C7C-BD22FF9AF8A2}"
EndProject
Project("{2150E333-8FDC-42A3-9474-1A3956D46DE8}") = "(third_party)", "..\..\..\third_party", "{89C816A7-DD31-D54C-C69C-5A80E0C49B77}"
EndProject
Project("{2150E333-8FDC-42A3-9474-1A3956D46DE8}") = "(ui)", "..\..\..\ui", "{644B7826-0417-C19E-B1ED-C0BF73289DEE}"
EndProject
Project("{2150E333-8FDC-42A3-9474-1A3956D46DE8}") = "(yasm)", "..\..\..\third_party\yasm", "{AC6A79C6-25A5-8535-37D4-DCE797519D55}"
EndProject
Project("{8BC9CEB8-8B4A-11D0-8D11-00A0C91BC942}") = "allocator_extension_thunks", "..\..\base\allocator\allocator_extension_thunks.vcxproj", "{2915E026-0CF5-5E77-201C-6D6C4C28AA63}"
EndProject
Project("{8BC9CEB8-8B4A-11D0-8D11-00A0C91BC942}") = "base", "..\..\base\base.vcxproj", "{E96A9715-5A63-9E01-16DD-E6FEEF86FDAD}"
	ProjectSection(ProjectDependencies) = postProject
		{C4F55527-812A-DA57-0C23-11314BA8EED2} = {C4F55527-812A-DA57-0C23-11314BA8EED2}
		{2915E026-0CF5-5E77-201C-6D6C4C28AA63} = {2915E026-0CF5-5E77-201C-6D6C4C28AA63}
		{618290FC-61AC-99C1-0085-B2D6D9294C08} = {618290FC-61AC-99C1-0085-B2D6D9294C08}
		{FDA49C7A-0D19-BC89-3238-75B3B4A0E6EE} = {FDA49C7A-0D19-BC89-3238-75B3B4A0E6EE}
		{26066164-8BCA-BB54-76A5-8B5333BB2C0C} = {26066164-8BCA-BB54-76A5-8B5333BB2C0C}
	EndProjectSection
EndProject
Project("{8BC9CEB8-8B4A-11D0-8D11-00A0C91BC942}") = "base_i18n", "..\..\base\base_i18n.vcxproj", "{75E9E561-1EF1-B6FA-B63D-27E068147661}"
	ProjectSection(ProjectDependencies) = postProject
		{E96A9715-5A63-9E01-16DD-E6FEEF86FDAD} = {E96A9715-5A63-9E01-16DD-E6FEEF86FDAD}
		{26066164-8BCA-BB54-76A5-8B5333BB2C0C} = {26066164-8BCA-BB54-76A5-8B5333BB2C0C}
		{392EBFE1-8133-8432-AB93-4EA520C83304} = {392EBFE1-8133-8432-AB93-4EA520C83304}
		{AEAF5727-7306-AF60-3BAE-6BD073DE3312} = {AEAF5727-7306-AF60-3BAE-6BD073DE3312}
	EndProjectSection
EndProject
Project("{8BC9CEB8-8B4A-11D0-8D11-00A0C91BC942}") = "base_static", "..\..\base\base_static.vcxproj", "{C4F55527-812A-DA57-0C23-11314BA8EED2}"
EndProject
Project("{8BC9CEB8-8B4A-11D0-8D11-00A0C91BC942}") = "cityhash", "..\..\third_party\smhasher\cityhash.vcxproj", "{D20DD024-207F-29AC-CD49-B2C14FB51F03}"
EndProject
Project("{8BC9CEB8-8B4A-11D0-8D11-00A0C91BC942}") = "command_buffer_client", "..\command_buffer_client.vcxproj", "{93BF112F-17F3-985D-2767-06F292B9EC8F}"
	ProjectSection(ProjectDependencies) = postProject
		{0B30483F-B433-7B5E-195A-61AA6C7F8B88} = {0B30483F-B433-7B5E-195A-61AA6C7F8B88}
	EndProjectSection
EndProject
Project("{8BC9CEB8-8B4A-11D0-8D11-00A0C91BC942}") = "command_buffer_service", "..\command_buffer_service.vcxproj", "{385351BF-E3AA-D071-EFE8-914E9D7237D8}"
	ProjectSection(ProjectDependencies) = postProject
		{0B30483F-B433-7B5E-195A-61AA6C7F8B88} = {0B30483F-B433-7B5E-195A-61AA6C7F8B88}
	EndProjectSection
EndProject
Project("{8BC9CEB8-8B4A-11D0-8D11-00A0C91BC942}") = "config_sources", "..\..\third_party\yasm\config_sources.vcxproj", "{D764C052-F295-A995-AFC7-836490CB74AF}"
EndProject
Project("{8BC9CEB8-8B4A-11D0-8D11-00A0C91BC942}") = "convert_ffmpeg_sources", "..\..\third_party\ffmpeg\convert_ffmpeg_sources.vcxproj", "{D9C68118-2B16-DD14-8A27-64EA1AB26B50}"
EndProject
Project("{8BC9CEB8-8B4A-11D0-8D11-00A0C91BC942}") = "crypto", "..\..\crypto\crypto.vcxproj", "{32862CA2-D7B6-160A-69BA-3D4BF55C789C}"
	ProjectSection(ProjectDependencies) = postProject
		{E96A9715-5A63-9E01-16DD-E6FEEF86FDAD} = {E96A9715-5A63-9E01-16DD-E6FEEF86FDAD}
		{26066164-8BCA-BB54-76A5-8B5333BB2C0C} = {26066164-8BCA-BB54-76A5-8B5333BB2C0C}
		{923A97BF-3083-A935-9598-0B3EF58F42B6} = {923A97BF-3083-A935-9598-0B3EF58F42B6}
		{14C54601-1B00-B8D9-5C1C-A2C505E54C25} = {14C54601-1B00-B8D9-5C1C-A2C505E54C25}
	EndProjectSection
EndProject
Project("{8BC9CEB8-8B4A-11D0-8D11-00A0C91BC942}") = "differ_block_sse2", "..\..\media\differ_block_sse2.vcxproj", "{CEBF830B-582B-7D62-50E9-3A8C4A43CACD}"
EndProject
Project("{8BC9CEB8-8B4A-11D0-8D11-00A0C91BC942}") = "disk_cache_proto", "..\disk_cache_proto.vcxproj", "{4CF32848-161F-3969-452D-C2AF539DCCCF}"
	ProjectSection(ProjectDependencies) = postProject
		{C71969EF-5072-58C8-89EF-3975EB24B0B0} = {C71969EF-5072-58C8-89EF-3975EB24B0B0}
		{A06BA5BD-6C77-77F8-0FD1-2E95C527D615} = {A06BA5BD-6C77-77F8-0FD1-2E95C527D615}
	EndProjectSection
EndProject
Project("{8BC9CEB8-8B4A-11D0-8D11-00A0C91BC942}") = "dynamic_annotations", "..\..\base\third_party\dynamic_annotations\dynamic_annotations.vcxproj", "{26066164-8BCA-BB54-76A5-8B5333BB2C0C}"
EndProject
Project("{8BC9CEB8-8B4A-11D0-8D11-00A0C91BC942}") = "egl_main_native", "egl_main_native.vcxproj", "{22B8C160-E760-E217-305D-B484C2087E03}"
	ProjectSection(ProjectDependencies) = postProject
		{C0B9676C-F471-BBE0-FBFE-856913D2787C} = {C0B9676C-F471-BBE0-FBFE-856913D2787C}
	EndProjectSection
EndProject
Project("{8BC9CEB8-8B4A-11D0-8D11-00A0C91BC942}") = "egl_main_windowless", "egl_main_windowless.vcxproj", "{BDC77797-62E6-212C-61FE-D712A2570905}"
	ProjectSection(ProjectDependencies) = postProject
		{C0B9676C-F471-BBE0-FBFE-856913D2787C} = {C0B9676C-F471-BBE0-FBFE-856913D2787C}
	EndProjectSection
EndProject
Project("{8BC9CEB8-8B4A-11D0-8D11-00A0C91BC942}") = "egl_native", "egl_native.vcxproj", "{B744C710-82E9-FAF1-7FDF-2DC400FC3604}"
	ProjectSection(ProjectDependencies) = postProject
		{E96A9715-5A63-9E01-16DD-E6FEEF86FDAD} = {E96A9715-5A63-9E01-16DD-E6FEEF86FDAD}
		{0B30483F-B433-7B5E-195A-61AA6C7F8B88} = {0B30483F-B433-7B5E-195A-61AA6C7F8B88}
		{4D5ABE23-B01B-9467-6D36-F9AEDC0DB92C} = {4D5ABE23-B01B-9467-6D36-F9AEDC0DB92C}
		{385351BF-E3AA-D071-EFE8-914E9D7237D8} = {385351BF-E3AA-D071-EFE8-914E9D7237D8}
		{C0B9676C-F471-BBE0-FBFE-856913D2787C} = {C0B9676C-F471-BBE0-FBFE-856913D2787C}
		{5508407C-5A27-F27C-2632-CC6AA2C4EC75} = {5508407C-5A27-F27C-2632-CC6AA2C4EC75}
		{AF7BED4A-0DC8-F0E5-D9F4-CB02C16E665F} = {AF7BED4A-0DC8-F0E5-D9F4-CB02C16E665F}
	EndProjectSection
EndProject
Project("{8BC9CEB8-8B4A-11D0-8D11-00A0C91BC942}") = "expat", "..\..\third_party\expat\expat.vcxproj", "{CD2AD607-339B-7E27-7940-850E1DF9BB2D}"
EndProject
Project("{8BC9CEB8-8B4A-11D0-8D11-00A0C91BC942}") = "ffmpeg", "..\..\third_party\ffmpeg\ffmpeg.vcxproj", "{D7A94F58-576A-45D9-A45F-EB87C63ABBB0}"
	ProjectSection(ProjectDependencies) = postProject
		{13B10F96-1F67-A959-373A-A7F4FBB3DB89} = {13B10F96-1F67-A959-373A-A7F4FBB3DB89}
	EndProjectSection
EndProject
Project("{8BC9CEB8-8B4A-11D0-8D11-00A0C91BC942}") = "ffmpeg_yasm", "..\..\third_party\ffmpeg\ffmpeg_yasm.vcxproj", "{EE40D47B-939E-BFBC-0FC2-9B7426E551BD}"
	ProjectSection(ProjectDependencies) = postProject
		{C2A68F04-4B1C-F804-0379-6D713CBE3EB2} = {C2A68F04-4B1C-F804-0379-6D713CBE3EB2}
	EndProjectSection
EndProject
Project("{8BC9CEB8-8B4A-11D0-8D11-00A0C91BC942}") = "ffmpegsumo", "..\..\third_party\ffmpeg\ffmpegsumo.vcxproj", "{13B10F96-1F67-A959-373A-A7F4FBB3DB89}"
	ProjectSection(ProjectDependencies) = postProject
		{D9C68118-2B16-DD14-8A27-64EA1AB26B50} = {D9C68118-2B16-DD14-8A27-64EA1AB26B50}
		{EE40D47B-939E-BFBC-0FC2-9B7426E551BD} = {EE40D47B-939E-BFBC-0FC2-9B7426E551BD}
	EndProjectSection
EndProject
Project("{8BC9CEB8-8B4A-11D0-8D11-00A0C91BC942}") = "gen_asm_offsets_vp8", "..\..\third_party\libvpx\gen_asm_offsets_vp8.vcxproj", "{D38691C1-B729-3C3C-D6C1-E6C0D247F770}"
	ProjectSection(ProjectDependencies) = postProject
		{D2E7BC04-C7CB-4D56-2BD2-DC2B7105275D} = {D2E7BC04-C7CB-4D56-2BD2-DC2B7105275D}
		{CF02661C-07C7-7478-24CD-63584FFD45E9} = {CF02661C-07C7-7478-24CD-63584FFD45E9}
	EndProjectSection
EndProject
Project("{8BC9CEB8-8B4A-11D0-8D11-00A0C91BC942}") = "generate_files", "..\..\third_party\yasm\generate_files.vcxproj", "{EC2BB39E-FFCF-7610-3D98-E572F57495BC}"
	ProjectSection(ProjectDependencies) = postProject
		{858F8B84-11ED-1A8D-3D6D-5E7921CB1C6C} = {858F8B84-11ED-1A8D-3D6D-5E7921CB1C6C}
		{BE4F6042-5151-FB35-2F06-80E1B83297EF} = {BE4F6042-5151-FB35-2F06-80E1B83297EF}
	EndProjectSection
EndProject
Project("{8BC9CEB8-8B4A-11D0-8D11-00A0C91BC942}") = "genmacro", "..\..\third_party\yasm\genmacro.vcxproj", "{44802D63-D384-2D8A-BEAF-9BB92F74B359}"
	ProjectSection(ProjectDependencies) = postProject
		{D764C052-F295-A995-AFC7-836490CB74AF} = {D764C052-F295-A995-AFC7-836490CB74AF}
	EndProjectSection
EndProject
Project("{8BC9CEB8-8B4A-11D0-8D11-00A0C91BC942}") = "genmodule", "..\..\third_party\yasm\genmodule.vcxproj", "{CB5AC1C9-C7DF-D950-C5FA-859FC76C33E2}"
	ProjectSection(ProjectDependencies) = postProject
		{D764C052-F295-A995-AFC7-836490CB74AF} = {D764C052-F295-A995-AFC7-836490CB74AF}
	EndProjectSection
EndProject
Project("{8BC9CEB8-8B4A-11D0-8D11-00A0C91BC942}") = "genperf", "..\..\third_party\yasm\genperf.vcxproj", "{858F8B84-11ED-1A8D-3D6D-5E7921CB1C6C}"
	ProjectSection(ProjectDependencies) = postProject
		{6F304E6C-636C-88F5-42CB-B7DE6D218134} = {6F304E6C-636C-88F5-42CB-B7DE6D218134}
		{D764C052-F295-A995-AFC7-836490CB74AF} = {D764C052-F295-A995-AFC7-836490CB74AF}
	EndProjectSection
EndProject
Project("{8BC9CEB8-8B4A-11D0-8D11-00A0C91BC942}") = "genperf_libs", "..\..\third_party\yasm\genperf_libs.vcxproj", "{6F304E6C-636C-88F5-42CB-B7DE6D218134}"
	ProjectSection(ProjectDependencies) = postProject
		{D764C052-F295-A995-AFC7-836490CB74AF} = {D764C052-F295-A995-AFC7-836490CB74AF}
	EndProjectSection
EndProject
Project("{8BC9CEB8-8B4A-11D0-8D11-00A0C91BC942}") = "genstring", "..\..\third_party\yasm\genstring.vcxproj", "{C93D0D08-4BEF-55EE-35A2-AA70422872A9}"
	ProjectSection(ProjectDependencies) = postProject
		{D764C052-F295-A995-AFC7-836490CB74AF} = {D764C052-F295-A995-AFC7-836490CB74AF}
	EndProjectSection
EndProject
Project("{8BC9CEB8-8B4A-11D0-8D11-00A0C91BC942}") = "genversion", "..\..\third_party\yasm\genversion.vcxproj", "{BE4F6042-5151-FB35-2F06-80E1B83297EF}"
	ProjectSection(ProjectDependencies) = postProject
		{D764C052-F295-A995-AFC7-836490CB74AF} = {D764C052-F295-A995-AFC7-836490CB74AF}
	EndProjectSection
EndProject
Project("{8BC9CEB8-8B4A-11D0-8D11-00A0C91BC942}") = "gl", "..\..\ui\gl\gl.vcxproj", "{5508407C-5A27-F27C-2632-CC6AA2C4EC75}"
	ProjectSection(ProjectDependencies) = postProject
		{E96A9715-5A63-9E01-16DD-E6FEEF86FDAD} = {E96A9715-5A63-9E01-16DD-E6FEEF86FDAD}
		{26066164-8BCA-BB54-76A5-8B5333BB2C0C} = {26066164-8BCA-BB54-76A5-8B5333BB2C0C}
		{8BA629EB-E0C8-FBB8-1D0B-F08BCF76C7F0} = {8BA629EB-E0C8-FBB8-1D0B-F08BCF76C7F0}
		{87D11349-528A-31ED-FD5C-3E499F5B7607} = {87D11349-528A-31ED-FD5C-3E499F5B7607}
		{B7F38AFF-0CFF-507F-CA50-07962B52C5A7} = {B7F38AFF-0CFF-507F-CA50-07962B52C5A7}
		{AF7BED4A-0DC8-F0E5-D9F4-CB02C16E665F} = {AF7BED4A-0DC8-F0E5-D9F4-CB02C16E665F}
	EndProjectSection
EndProject
Project("{8BC9CEB8-8B4A-11D0-8D11-00A0C91BC942}") = "gles2_c_lib_nocheck", "..\gles2_c_lib_nocheck.vcxproj", "{52BED60A-6BB4-A338-589D-A03F25193195}"
	ProjectSection(ProjectDependencies) = postProject
		{E96A9715-5A63-9E01-16DD-E6FEEF86FDAD} = {E96A9715-5A63-9E01-16DD-E6FEEF86FDAD}
		{26066164-8BCA-BB54-76A5-8B5333BB2C0C} = {26066164-8BCA-BB54-76A5-8B5333BB2C0C}
		{8BA629EB-E0C8-FBB8-1D0B-F08BCF76C7F0} = {8BA629EB-E0C8-FBB8-1D0B-F08BCF76C7F0}
		{93BF112F-17F3-985D-2767-06F292B9EC8F} = {93BF112F-17F3-985D-2767-06F292B9EC8F}
		{4D5ABE23-B01B-9467-6D36-F9AEDC0DB92C} = {4D5ABE23-B01B-9467-6D36-F9AEDC0DB92C}
		{0B30483F-B433-7B5E-195A-61AA6C7F8B88} = {0B30483F-B433-7B5E-195A-61AA6C7F8B88}
	EndProjectSection
EndProject
Project("{8BC9CEB8-8B4A-11D0-8D11-00A0C91BC942}") = "gles2_cmd_helper", "..\gles2_cmd_helper.vcxproj", "{9D29DB8E-E47B-4496-06B0-5F846183A692}"
	ProjectSection(ProjectDependencies) = postProject
		{0B30483F-B433-7B5E-195A-61AA6C7F8B88} = {0B30483F-B433-7B5E-195A-61AA6C7F8B88}
	EndProjectSection
EndProject
Project("{8BC9CEB8-8B4A-11D0-8D11-00A0C91BC942}") = "gles2_conform_support", "gles2_conform_support.vcxproj", "{38428389-A7D9-1310-3422-F196BECFF849}"
	ProjectSection(ProjectDependencies) = postProject
		{B744C710-82E9-FAF1-7FDF-2DC400FC3604} = {B744C710-82E9-FAF1-7FDF-2DC400FC3604}
		{26066164-8BCA-BB54-76A5-8B5333BB2C0C} = {26066164-8BCA-BB54-76A5-8B5333BB2C0C}
		{52BED60A-6BB4-A338-589D-A03F25193195} = {52BED60A-6BB4-A338-589D-A03F25193195}
		{CD2AD607-339B-7E27-7940-850E1DF9BB2D} = {CD2AD607-339B-7E27-7940-850E1DF9BB2D}
		{E96A9715-5A63-9E01-16DD-E6FEEF86FDAD} = {E96A9715-5A63-9E01-16DD-E6FEEF86FDAD}
		{0B30483F-B433-7B5E-195A-61AA6C7F8B88} = {0B30483F-B433-7B5E-195A-61AA6C7F8B88}
		{4D5ABE23-B01B-9467-6D36-F9AEDC0DB92C} = {4D5ABE23-B01B-9467-6D36-F9AEDC0DB92C}
		{385351BF-E3AA-D071-EFE8-914E9D7237D8} = {385351BF-E3AA-D071-EFE8-914E9D7237D8}
		{C0B9676C-F471-BBE0-FBFE-856913D2787C} = {C0B9676C-F471-BBE0-FBFE-856913D2787C}
		{5508407C-5A27-F27C-2632-CC6AA2C4EC75} = {5508407C-5A27-F27C-2632-CC6AA2C4EC75}
		{AF7BED4A-0DC8-F0E5-D9F4-CB02C16E665F} = {AF7BED4A-0DC8-F0E5-D9F4-CB02C16E665F}
	EndProjectSection
EndProject
Project("{8BC9CEB8-8B4A-11D0-8D11-00A0C91BC942}") = "gles2_implementation_client_side_arrays_no_check", "..\gles2_implementation_client_side_arrays_no_check.vcxproj", "{4D5ABE23-B01B-9467-6D36-F9AEDC0DB92C}"
	ProjectSection(ProjectDependencies) = postProject
		{E96A9715-5A63-9E01-16DD-E6FEEF86FDAD} = {E96A9715-5A63-9E01-16DD-E6FEEF86FDAD}
		{C0B9676C-F471-BBE0-FBFE-856913D2787C} = {C0B9676C-F471-BBE0-FBFE-856913D2787C}
		{8BA629EB-E0C8-FBB8-1D0B-F08BCF76C7F0} = {8BA629EB-E0C8-FBB8-1D0B-F08BCF76C7F0}
		{9D29DB8E-E47B-4496-06B0-5F846183A692} = {9D29DB8E-E47B-4496-06B0-5F846183A692}
		{0B30483F-B433-7B5E-195A-61AA6C7F8B88} = {0B30483F-B433-7B5E-195A-61AA6C7F8B88}
	EndProjectSection
EndProject
Project("{8BC9CEB8-8B4A-11D0-8D11-00A0C91BC942}") = "gles2_utils", "..\command_buffer\gles2_utils.vcxproj", "{8BA629EB-E0C8-FBB8-1D0B-F08BCF76C7F0}"
	ProjectSection(ProjectDependencies) = postProject
		{E96A9715-5A63-9E01-16DD-E6FEEF86FDAD} = {E96A9715-5A63-9E01-16DD-E6FEEF86FDAD}
		{C0B9676C-F471-BBE0-FBFE-856913D2787C} = {C0B9676C-F471-BBE0-FBFE-856913D2787C}
	EndProjectSection
EndProject
Project("{8BC9CEB8-8B4A-11D0-8D11-00A0C91BC942}") = "googleurl", "..\..\build\temp_gyp\googleurl.vcxproj", "{6F1E5164-E8F4-FF13-9200-1E0E7485C4A4}"
	ProjectSection(ProjectDependencies) = postProject
		{E96A9715-5A63-9E01-16DD-E6FEEF86FDAD} = {E96A9715-5A63-9E01-16DD-E6FEEF86FDAD}
		{CD502501-04E9-6FCF-F831-88E11DCD8908} = {CD502501-04E9-6FCF-F831-88E11DCD8908}
		{392EBFE1-8133-8432-AB93-4EA520C83304} = {392EBFE1-8133-8432-AB93-4EA520C83304}
		{AEAF5727-7306-AF60-3BAE-6BD073DE3312} = {AEAF5727-7306-AF60-3BAE-6BD073DE3312}
	EndProjectSection
EndProject
Project("{8BC9CEB8-8B4A-11D0-8D11-00A0C91BC942}") = "gpu", "..\gpu.vcxproj", "{0B30483F-B433-7B5E-195A-61AA6C7F8B88}"
	ProjectSection(ProjectDependencies) = postProject
		{E96A9715-5A63-9E01-16DD-E6FEEF86FDAD} = {E96A9715-5A63-9E01-16DD-E6FEEF86FDAD}
		{8BA629EB-E0C8-FBB8-1D0B-F08BCF76C7F0} = {8BA629EB-E0C8-FBB8-1D0B-F08BCF76C7F0}
		{4CF32848-161F-3969-452D-C2AF539DCCCF} = {4CF32848-161F-3969-452D-C2AF539DCCCF}
		{C0B9676C-F471-BBE0-FBFE-856913D2787C} = {C0B9676C-F471-BBE0-FBFE-856913D2787C}
		{26066164-8BCA-BB54-76A5-8B5333BB2C0C} = {26066164-8BCA-BB54-76A5-8B5333BB2C0C}
		{32862CA2-D7B6-160A-69BA-3D4BF55C789C} = {32862CA2-D7B6-160A-69BA-3D4BF55C789C}
		{5508407C-5A27-F27C-2632-CC6AA2C4EC75} = {5508407C-5A27-F27C-2632-CC6AA2C4EC75}
		{5A2600C6-C52F-5F3A-8CCF-E094D9788347} = {5A2600C6-C52F-5F3A-8CCF-E094D9788347}
		{AF7BED4A-0DC8-F0E5-D9F4-CB02C16E665F} = {AF7BED4A-0DC8-F0E5-D9F4-CB02C16E665F}
		{EA74A0F8-3070-BDD0-3F52-0E75B7B81683} = {EA74A0F8-3070-BDD0-3F52-0E75B7B81683}
		{A06BA5BD-6C77-77F8-0FD1-2E95C527D615} = {A06BA5BD-6C77-77F8-0FD1-2E95C527D615}
		{D20DD024-207F-29AC-CD49-B2C14FB51F03} = {D20DD024-207F-29AC-CD49-B2C14FB51F03}
		{24C2F0CC-CD5B-FDE6-5458-984B63E10E60} = {24C2F0CC-CD5B-FDE6-5458-984B63E10E60}
		{A38ACEF9-373A-5B5D-887F-88AA973F7CE9} = {A38ACEF9-373A-5B5D-887F-88AA973F7CE9}
	EndProjectSection
EndProject
Project("{8BC9CEB8-8B4A-11D0-8D11-00A0C91BC942}") = "gtest_prod", "..\..\testing\gtest_prod.vcxproj", "{618290FC-61AC-99C1-0085-B2D6D9294C08}"
EndProject
Project("{8BC9CEB8-8B4A-11D0-8D11-00A0C91BC942}") = "icudata", "..\..\third_party\icu\icudata.vcxproj", "{CD502501-04E9-6FCF-F831-88E11DCD8908}"
EndProject
Project("{8BC9CEB8-8B4A-11D0-8D11-00A0C91BC942}") = "icui18n", "..\..\third_party\icu\icui18n.vcxproj", "{392EBFE1-8133-8432-AB93-4EA520C83304}"
	ProjectSection(ProjectDependencies) = postProject
		{AEAF5727-7306-AF60-3BAE-6BD073DE3312} = {AEAF5727-7306-AF60-3BAE-6BD073DE3312}
	EndProjectSection
EndProject
Project("{8BC9CEB8-8B4A-11D0-8D11-00A0C91BC942}") = "icuuc", "..\..\third_party\icu\icuuc.vcxproj", "{AEAF5727-7306-AF60-3BAE-6BD073DE3312}"
	ProjectSection(ProjectDependencies) = postProject
		{CD502501-04E9-6FCF-F831-88E11DCD8908} = {CD502501-04E9-6FCF-F831-88E11DCD8908}
	EndProjectSection
EndProject
Project("{8BC9CEB8-8B4A-11D0-8D11-00A0C91BC942}") = "ipc", "..\..\ipc\ipc.vcxproj", "{A38ACEF9-373A-5B5D-887F-88AA973F7CE9}"
	ProjectSection(ProjectDependencies) = postProject
		{E96A9715-5A63-9E01-16DD-E6FEEF86FDAD} = {E96A9715-5A63-9E01-16DD-E6FEEF86FDAD}
		{26066164-8BCA-BB54-76A5-8B5333BB2C0C} = {26066164-8BCA-BB54-76A5-8B5333BB2C0C}
	EndProjectSection
EndProject
Project("{8BC9CEB8-8B4A-11D0-8D11-00A0C91BC942}") = "khronos_headers", "..\..\third_party\khronos\khronos_headers.vcxproj", "{C0B9676C-F471-BBE0-FBFE-856913D2787C}"
EndProject
Project("{8BC9CEB8-8B4A-11D0-8D11-00A0C91BC942}") = "libjpeg", "..\..\third_party\libjpeg_turbo\libjpeg.vcxproj", "{E79AC421-CA61-6A6B-C628-2CF53F820FA6}"
EndProject
Project("{8BC9CEB8-8B4A-11D0-8D11-00A0C91BC942}") = "libpng", "..\..\third_party\libpng\libpng.vcxproj", "{E7EE3189-BAEE-6D04-2D0E-380D9BC2A3AB}"
	ProjectSection(ProjectDependencies) = postProject
		{DE966467-44B8-5F38-8788-F1C6E631391D} = {DE966467-44B8-5F38-8788-F1C6E631391D}
	EndProjectSection
EndProject
Project("{8BC9CEB8-8B4A-11D0-8D11-00A0C91BC942}") = "libssl", "..\..\net\third_party\nss\libssl.vcxproj", "{45A07898-154D-0007-B733-EC3D4BAF3D2F}"
	ProjectSection(ProjectDependencies) = postProject
		{923A97BF-3083-A935-9598-0B3EF58F42B6} = {923A97BF-3083-A935-9598-0B3EF58F42B6}
		{14C54601-1B00-B8D9-5C1C-A2C505E54C25} = {14C54601-1B00-B8D9-5C1C-A2C505E54C25}
	EndProjectSection
EndProject
Project("{8BC9CEB8-8B4A-11D0-8D11-00A0C91BC942}") = "libvpx", "..\..\third_party\libvpx\libvpx.vcxproj", "{0795BE9B-038D-7086-63F9-3AD258DBF309}"
	ProjectSection(ProjectDependencies) = postProject
		{D38691C1-B729-3C3C-D6C1-E6C0D247F770} = {D38691C1-B729-3C3C-D6C1-E6C0D247F770}
		{C2A68F04-4B1C-F804-0379-6D713CBE3EB2} = {C2A68F04-4B1C-F804-0379-6D713CBE3EB2}
	EndProjectSection
EndProject
Project("{8BC9CEB8-8B4A-11D0-8D11-00A0C91BC942}") = "libvpx_asm_offsets_vp8", "..\..\third_party\libvpx\libvpx_asm_offsets_vp8.vcxproj", "{D2E7BC04-C7CB-4D56-2BD2-DC2B7105275D}"
EndProject
Project("{8BC9CEB8-8B4A-11D0-8D11-00A0C91BC942}") = "libvpx_intrinsics_mmx", "..\..\third_party\libvpx\libvpx_intrinsics_mmx.vcxproj", "{55ABD21F-7843-1D63-F9F4-FB256F82F883}"
EndProject
Project("{8BC9CEB8-8B4A-11D0-8D11-00A0C91BC942}") = "libvpx_intrinsics_sse2", "..\..\third_party\libvpx\libvpx_intrinsics_sse2.vcxproj", "{7FBE38CC-D214-2C50-AF2A-E71994789922}"
EndProject
Project("{8BC9CEB8-8B4A-11D0-8D11-00A0C91BC942}") = "libvpx_intrinsics_ssse3", "..\..\third_party\libvpx\libvpx_intrinsics_ssse3.vcxproj", "{7B22833A-2C2E-0FA2-2C7C-5A2362DA920F}"
EndProject
Project("{8BC9CEB8-8B4A-11D0-8D11-00A0C91BC942}") = "libvpx_obj_int_extract", "..\..\third_party\libvpx\libvpx_obj_int_extract.vcxproj", "{CF02661C-07C7-7478-24CD-63584FFD45E9}"
EndProject
Project("{8BC9CEB8-8B4A-11D0-8D11-00A0C91BC942}") = "media", "..\..\media\media.vcxproj", "{E646A84A-8EBE-BAFD-C035-1BCE3A886B07}"
	ProjectSection(ProjectDependencies) = postProject
		{E96A9715-5A63-9E01-16DD-E6FEEF86FDAD} = {E96A9715-5A63-9E01-16DD-E6FEEF86FDAD}
		{6F1E5164-E8F4-FF13-9200-1E0E7485C4A4} = {6F1E5164-E8F4-FF13-9200-1E0E7485C4A4}
		{32862CA2-D7B6-160A-69BA-3D4BF55C789C} = {32862CA2-D7B6-160A-69BA-3D4BF55C789C}
		{87D11349-528A-31ED-FD5C-3E499F5B7607} = {87D11349-528A-31ED-FD5C-3E499F5B7607}
		{F52280E1-B0BE-5236-AE21-0B9C36D9D338} = {F52280E1-B0BE-5236-AE21-0B9C36D9D338}
		{AF7BED4A-0DC8-F0E5-D9F4-CB02C16E665F} = {AF7BED4A-0DC8-F0E5-D9F4-CB02C16E665F}
		{26066164-8BCA-BB54-76A5-8B5333BB2C0C} = {26066164-8BCA-BB54-76A5-8B5333BB2C0C}
		{FEF5CD4D-2018-A449-DD84-9448BF6B70CA} = {FEF5CD4D-2018-A449-DD84-9448BF6B70CA}
		{28334949-814B-7103-B79C-0AA6E4C8B0B7} = {28334949-814B-7103-B79C-0AA6E4C8B0B7}
		{D7A94F58-576A-45D9-A45F-EB87C63ABBB0} = {D7A94F58-576A-45D9-A45F-EB87C63ABBB0}
		{0795BE9B-038D-7086-63F9-3AD258DBF309} = {0795BE9B-038D-7086-63F9-3AD258DBF309}
		{CEBF830B-582B-7D62-50E9-3A8C4A43CACD} = {CEBF830B-582B-7D62-50E9-3A8C4A43CACD}
		{08907701-C8F0-8F0F-839F-B6D9C2AEC235} = {08907701-C8F0-8F0F-839F-B6D9C2AEC235}
		{706EA099-A1BB-DB64-6B2E-16996952FB2E} = {706EA099-A1BB-DB64-6B2E-16996952FB2E}
		{D38691C1-B729-3C3C-D6C1-E6C0D247F770} = {D38691C1-B729-3C3C-D6C1-E6C0D247F770}
		{D2E7BC04-C7CB-4D56-2BD2-DC2B7105275D} = {D2E7BC04-C7CB-4D56-2BD2-DC2B7105275D}
		{55ABD21F-7843-1D63-F9F4-FB256F82F883} = {55ABD21F-7843-1D63-F9F4-FB256F82F883}
		{7FBE38CC-D214-2C50-AF2A-E71994789922} = {7FBE38CC-D214-2C50-AF2A-E71994789922}
		{7B22833A-2C2E-0FA2-2C7C-5A2362DA920F} = {7B22833A-2C2E-0FA2-2C7C-5A2362DA920F}
	EndProjectSection
EndProject
Project("{8BC9CEB8-8B4A-11D0-8D11-00A0C91BC942}") = "media_sse", "..\..\media\media_sse.vcxproj", "{08907701-C8F0-8F0F-839F-B6D9C2AEC235}"
EndProject
Project("{8BC9CEB8-8B4A-11D0-8D11-00A0C91BC942}") = "mesa_headers", "..\..\third_party\mesa\mesa_headers.vcxproj", "{B7F38AFF-0CFF-507F-CA50-07962B52C5A7}"
EndProject
Project("{8BC9CEB8-8B4A-11D0-8D11-00A0C91BC942}") = "modp_b64", "..\..\third_party\modp_b64\modp_b64.vcxproj", "{FDA49C7A-0D19-BC89-3238-75B3B4A0E6EE}"
EndProject
Project("{8BC9CEB8-8B4A-11D0-8D11-00A0C91BC942}") = "net", "..\..\net\net.vcxproj", "{E554D1AF-0A1A-82C6-339E-0B2754FB6297}"
	ProjectSection(ProjectDependencies) = postProject
		{E96A9715-5A63-9E01-16DD-E6FEEF86FDAD} = {E96A9715-5A63-9E01-16DD-E6FEEF86FDAD}
		{75E9E561-1EF1-B6FA-B63D-27E068147661} = {75E9E561-1EF1-B6FA-B63D-27E068147661}
		{26066164-8BCA-BB54-76A5-8B5333BB2C0C} = {26066164-8BCA-BB54-76A5-8B5333BB2C0C}
		{6F1E5164-E8F4-FF13-9200-1E0E7485C4A4} = {6F1E5164-E8F4-FF13-9200-1E0E7485C4A4}
		{32862CA2-D7B6-160A-69BA-3D4BF55C789C} = {32862CA2-D7B6-160A-69BA-3D4BF55C789C}
		{F8536DFB-87B7-4B55-CBEC-11869343A7EC} = {F8536DFB-87B7-4B55-CBEC-11869343A7EC}
		{392EBFE1-8133-8432-AB93-4EA520C83304} = {392EBFE1-8133-8432-AB93-4EA520C83304}
		{AEAF5727-7306-AF60-3BAE-6BD073DE3312} = {AEAF5727-7306-AF60-3BAE-6BD073DE3312}
		{DE966467-44B8-5F38-8788-F1C6E631391D} = {DE966467-44B8-5F38-8788-F1C6E631391D}
		{90CB5362-28C3-3F2B-5493-6096CAAFFFE1} = {90CB5362-28C3-3F2B-5493-6096CAAFFFE1}
		{923A97BF-3083-A935-9598-0B3EF58F42B6} = {923A97BF-3083-A935-9598-0B3EF58F42B6}
		{14C54601-1B00-B8D9-5C1C-A2C505E54C25} = {14C54601-1B00-B8D9-5C1C-A2C505E54C25}
		{45A07898-154D-0007-B733-EC3D4BAF3D2F} = {45A07898-154D-0007-B733-EC3D4BAF3D2F}
		{27942361-7513-499D-BAD2-4CA2B97EB79D} = {27942361-7513-499D-BAD2-4CA2B97EB79D}
	EndProjectSection
EndProject
Project("{8BC9CEB8-8B4A-11D0-8D11-00A0C91BC942}") = "net_resources", "..\..\net\net_resources.vcxproj", "{90CB5362-28C3-3F2B-5493-6096CAAFFFE1}"
EndProject
Project("{8BC9CEB8-8B4A-11D0-8D11-00A0C91BC942}") = "nspr", "..\..\third_party\nss\nspr.vcxproj", "{923A97BF-3083-A935-9598-0B3EF58F42B6}"
EndProject
Project("{8BC9CEB8-8B4A-11D0-8D11-00A0C91BC942}") = "nss", "..\..\third_party\nss\nss.vcxproj", "{14C54601-1B00-B8D9-5C1C-A2C505E54C25}"
	ProjectSection(ProjectDependencies) = postProject
		{6409DA3F-5F76-36CC-EF57-E2333F19041E} = {6409DA3F-5F76-36CC-EF57-E2333F19041E}
		{923A97BF-3083-A935-9598-0B3EF58F42B6} = {923A97BF-3083-A935-9598-0B3EF58F42B6}
		{11F7725F-D3EE-73EE-E9A6-C4CD83C70120} = {11F7725F-D3EE-73EE-E9A6-C4CD83C70120}
		{392EBFE1-8133-8432-AB93-4EA520C83304} = {392EBFE1-8133-8432-AB93-4EA520C83304}
		{AEAF5727-7306-AF60-3BAE-6BD073DE3312} = {AEAF5727-7306-AF60-3BAE-6BD073DE3312}
	EndProjectSection
EndProject
Project("{8BC9CEB8-8B4A-11D0-8D11-00A0C91BC942}") = "nss_static", "..\..\third_party\nss\nss_static.vcxproj", "{6409DA3F-5F76-36CC-EF57-E2333F19041E}"
	ProjectSection(ProjectDependencies) = postProject
		{923A97BF-3083-A935-9598-0B3EF58F42B6} = {923A97BF-3083-A935-9598-0B3EF58F42B6}
	EndProjectSection
EndProject
Project("{8BC9CEB8-8B4A-11D0-8D11-00A0C91BC942}") = "opus", "..\..\third_party\opus\opus.vcxproj", "{F52280E1-B0BE-5236-AE21-0B9C36D9D338}"
EndProject
Project("{8BC9CEB8-8B4A-11D0-8D11-00A0C91BC942}") = "preprocessor", "..\..\third_party\angle\src\preprocessor.vcxproj", "{BC410A1F-AFF7-D475-BD5B-7D7E6659B376}"
EndProject
Project("{8BC9CEB8-8B4A-11D0-8D11-00A0C91BC942}") = "protobuf_full_do_not_use", "..\..\third_party\protobuf\protobuf_full_do_not_use.vcxproj", "{BB2B80CF-837E-3720-02F2-44B4F8C93C87}"
EndProject
Project("{8BC9CEB8-8B4A-11D0-8D11-00A0C91BC942}") = "protobuf_lite", "..\..\third_party\protobuf\protobuf_lite.vcxproj", "{A06BA5BD-6C77-77F8-0FD1-2E95C527D615}"
EndProject
Project("{8BC9CEB8-8B4A-11D0-8D11-00A0C91BC942}") = "protoc", "..\..\third_party\protobuf\protoc.vcxproj", "{C71969EF-5072-58C8-89EF-3975EB24B0B0}"
	ProjectSection(ProjectDependencies) = postProject
		{BB2B80CF-837E-3720-02F2-44B4F8C93C87} = {BB2B80CF-837E-3720-02F2-44B4F8C93C87}
	EndProjectSection
EndProject
Project("{8BC9CEB8-8B4A-11D0-8D11-00A0C91BC942}") = "re2", "..\..\third_party\re2\re2.vcxproj", "{24C2F0CC-CD5B-FDE6-5458-984B63E10E60}"
EndProject
Project("{8BC9CEB8-8B4A-11D0-8D11-00A0C91BC942}") = "re2c", "..\..\third_party\yasm\re2c.vcxproj", "{D1783451-3EF2-2EE4-ADE7-F18B14D06D78}"
	ProjectSection(ProjectDependencies) = postProject
		{D764C052-F295-A995-AFC7-836490CB74AF} = {D764C052-F295-A995-AFC7-836490CB74AF}
	EndProjectSection
EndProject
Project("{8BC9CEB8-8B4A-11D0-8D11-00A0C91BC942}") = "sdch", "..\..\sdch\sdch.vcxproj", "{F8536DFB-87B7-4B55-CBEC-11869343A7EC}"
EndProject
Project("{8BC9CEB8-8B4A-11D0-8D11-00A0C91BC942}") = "sfntly", "..\..\third_party\sfntly\sfntly.vcxproj", "{77E7EFF8-0B91-81DC-6284-A5FD15E68527}"
	ProjectSection(ProjectDependencies) = postProject
		{AEAF5727-7306-AF60-3BAE-6BD073DE3312} = {AEAF5727-7306-AF60-3BAE-6BD073DE3312}
	EndProjectSection
EndProject
Project("{8BC9CEB8-8B4A-11D0-8D11-00A0C91BC942}") = "shared_memory_support", "..\..\media\shared_memory_support.vcxproj", "{FEF5CD4D-2018-A449-DD84-9448BF6B70CA}"
	ProjectSection(ProjectDependencies) = postProject
		{E96A9715-5A63-9E01-16DD-E6FEEF86FDAD} = {E96A9715-5A63-9E01-16DD-E6FEEF86FDAD}
		{08907701-C8F0-8F0F-839F-B6D9C2AEC235} = {08907701-C8F0-8F0F-839F-B6D9C2AEC235}
	EndProjectSection
EndProject
Project("{8BC9CEB8-8B4A-11D0-8D11-00A0C91BC942}") = "skia", "..\..\skia\skia.vcxproj", "{87D11349-528A-31ED-FD5C-3E499F5B7607}"
	ProjectSection(ProjectDependencies) = postProject
		{EDF433B6-974F-637E-9667-2EEEC4BCF4E1} = {EDF433B6-974F-637E-9667-2EEEC4BCF4E1}
		{26066164-8BCA-BB54-76A5-8B5333BB2C0C} = {26066164-8BCA-BB54-76A5-8B5333BB2C0C}
		{77E7EFF8-0B91-81DC-6284-A5FD15E68527} = {77E7EFF8-0B91-81DC-6284-A5FD15E68527}
		{DE966467-44B8-5F38-8788-F1C6E631391D} = {DE966467-44B8-5F38-8788-F1C6E631391D}
		{B4DAB62B-A2A4-4CA5-67CD-2D41F22B755F} = {B4DAB62B-A2A4-4CA5-67CD-2D41F22B755F}
		{E96A9715-5A63-9E01-16DD-E6FEEF86FDAD} = {E96A9715-5A63-9E01-16DD-E6FEEF86FDAD}
		{0F382CCE-C978-66AE-9295-05832326ECBA} = {0F382CCE-C978-66AE-9295-05832326ECBA}
		{AEAF5727-7306-AF60-3BAE-6BD073DE3312} = {AEAF5727-7306-AF60-3BAE-6BD073DE3312}
	EndProjectSection
EndProject
Project("{8BC9CEB8-8B4A-11D0-8D11-00A0C91BC942}") = "skia_opts", "..\..\skia\skia_opts.vcxproj", "{EDF433B6-974F-637E-9667-2EEEC4BCF4E1}"
EndProject
Project("{8BC9CEB8-8B4A-11D0-8D11-00A0C91BC942}") = "skia_opts_ssse3", "..\..\skia\skia_opts_ssse3.vcxproj", "{0F382CCE-C978-66AE-9295-05832326ECBA}"
EndProject
Project("{8BC9CEB8-8B4A-11D0-8D11-00A0C91BC942}") = "skia_webkit", "..\..\third_party\WebKit\Source\WebKit\chromium\skia_webkit.vcxproj", "{B4DAB62B-A2A4-4CA5-67CD-2D41F22B755F}"
EndProject
Project("{8BC9CEB8-8B4A-11D0-8D11-00A0C91BC942}") = "sqlite", "..\..\third_party\sqlite\sqlite.vcxproj", "{11F7725F-D3EE-73EE-E9A6-C4CD83C70120}"
	ProjectSection(ProjectDependencies) = postProject
		{392EBFE1-8133-8432-AB93-4EA520C83304} = {392EBFE1-8133-8432-AB93-4EA520C83304}
		{AEAF5727-7306-AF60-3BAE-6BD073DE3312} = {AEAF5727-7306-AF60-3BAE-6BD073DE3312}
	EndProjectSection
EndProject
Project("{8BC9CEB8-8B4A-11D0-8D11-00A0C91BC942}") = "surface", "..\..\ui\surface\surface.vcxproj", "{5A2600C6-C52F-5F3A-8CCF-E094D9788347}"
	ProjectSection(ProjectDependencies) = postProject
		{E96A9715-5A63-9E01-16DD-E6FEEF86FDAD} = {E96A9715-5A63-9E01-16DD-E6FEEF86FDAD}
		{26066164-8BCA-BB54-76A5-8B5333BB2C0C} = {26066164-8BCA-BB54-76A5-8B5333BB2C0C}
		{E646A84A-8EBE-BAFD-C035-1BCE3A886B07} = {E646A84A-8EBE-BAFD-C035-1BCE3A886B07}
		{87D11349-528A-31ED-FD5C-3E499F5B7607} = {87D11349-528A-31ED-FD5C-3E499F5B7607}
		{5508407C-5A27-F27C-2632-CC6AA2C4EC75} = {5508407C-5A27-F27C-2632-CC6AA2C4EC75}
		{AF7BED4A-0DC8-F0E5-D9F4-CB02C16E665F} = {AF7BED4A-0DC8-F0E5-D9F4-CB02C16E665F}
	EndProjectSection
EndProject
Project("{8BC9CEB8-8B4A-11D0-8D11-00A0C91BC942}") = "tld_cleanup", "..\..\net\tld_cleanup.vcxproj", "{27942361-7513-499D-BAD2-4CA2B97EB79D}"
	ProjectSection(ProjectDependencies) = postProject
		{E96A9715-5A63-9E01-16DD-E6FEEF86FDAD} = {E96A9715-5A63-9E01-16DD-E6FEEF86FDAD}
		{75E9E561-1EF1-B6FA-B63D-27E068147661} = {75E9E561-1EF1-B6FA-B63D-27E068147661}
		{6F1E5164-E8F4-FF13-9200-1E0E7485C4A4} = {6F1E5164-E8F4-FF13-9200-1E0E7485C4A4}
	EndProjectSection
EndProject
Project("{8BC9CEB8-8B4A-11D0-8D11-00A0C91BC942}") = "translator_common", "..\..\third_party\angle\src\translator_common.vcxproj", "{086369A2-9FD3-710C-A9D1-56AFA00FCA31}"
EndProject
Project("{8BC9CEB8-8B4A-11D0-8D11-00A0C91BC942}") = "translator_glsl", "..\..\third_party\angle\src\translator_glsl.vcxproj", "{EA74A0F8-3070-BDD0-3F52-0E75B7B81683}"
	ProjectSection(ProjectDependencies) = postProject
		{086369A2-9FD3-710C-A9D1-56AFA00FCA31} = {086369A2-9FD3-710C-A9D1-56AFA00FCA31}
		{BC410A1F-AFF7-D475-BD5B-7D7E6659B376} = {BC410A1F-AFF7-D475-BD5B-7D7E6659B376}
	EndProjectSection
EndProject
Project("{8BC9CEB8-8B4A-11D0-8D11-00A0C91BC942}") = "ui", "..\..\ui\ui.vcxproj", "{AF7BED4A-0DC8-F0E5-D9F4-CB02C16E665F}"
	ProjectSection(ProjectDependencies) = postProject
		{E96A9715-5A63-9E01-16DD-E6FEEF86FDAD} = {E96A9715-5A63-9E01-16DD-E6FEEF86FDAD}
		{75E9E561-1EF1-B6FA-B63D-27E068147661} = {75E9E561-1EF1-B6FA-B63D-27E068147661}
		{C4F55527-812A-DA57-0C23-11314BA8EED2} = {C4F55527-812A-DA57-0C23-11314BA8EED2}
		{26066164-8BCA-BB54-76A5-8B5333BB2C0C} = {26066164-8BCA-BB54-76A5-8B5333BB2C0C}
		{6F1E5164-E8F4-FF13-9200-1E0E7485C4A4} = {6F1E5164-E8F4-FF13-9200-1E0E7485C4A4}
		{E554D1AF-0A1A-82C6-339E-0B2754FB6297} = {E554D1AF-0A1A-82C6-339E-0B2754FB6297}
		{87D11349-528A-31ED-FD5C-3E499F5B7607} = {87D11349-528A-31ED-FD5C-3E499F5B7607}
		{392EBFE1-8133-8432-AB93-4EA520C83304} = {392EBFE1-8133-8432-AB93-4EA520C83304}
		{AEAF5727-7306-AF60-3BAE-6BD073DE3312} = {AEAF5727-7306-AF60-3BAE-6BD073DE3312}
		{E7EE3189-BAEE-6D04-2D0E-380D9BC2A3AB} = {E7EE3189-BAEE-6D04-2D0E-380D9BC2A3AB}
		{DE966467-44B8-5F38-8788-F1C6E631391D} = {DE966467-44B8-5F38-8788-F1C6E631391D}
		{E5C63BEC-5A6F-3C72-897D-28D02094245E} = {E5C63BEC-5A6F-3C72-897D-28D02094245E}
		{0E6F8133-51EF-D6AF-7F33-023E5CADFEE9} = {0E6F8133-51EF-D6AF-7F33-023E5CADFEE9}
		{E79AC421-CA61-6A6B-C628-2CF53F820FA6} = {E79AC421-CA61-6A6B-C628-2CF53F820FA6}
	EndProjectSection
EndProject
Project("{8BC9CEB8-8B4A-11D0-8D11-00A0C91BC942}") = "ui_resources", "..\..\ui\ui_resources.vcxproj", "{0E6F8133-51EF-D6AF-7F33-023E5CADFEE9}"
EndProject
Project("{8BC9CEB8-8B4A-11D0-8D11-00A0C91BC942}") = "ui_strings", "..\..\ui\base\strings\ui_strings.vcxproj", "{E5C63BEC-5A6F-3C72-897D-28D02094245E}"
EndProject
Project("{8BC9CEB8-8B4A-11D0-8D11-00A0C91BC942}") = "yasm", "..\..\third_party\yasm\yasm.vcxproj", "{C2A68F04-4B1C-F804-0379-6D713CBE3EB2}"
	ProjectSection(ProjectDependencies) = postProject
		{D764C052-F295-A995-AFC7-836490CB74AF} = {D764C052-F295-A995-AFC7-836490CB74AF}
		{44802D63-D384-2D8A-BEAF-9BB92F74B359} = {44802D63-D384-2D8A-BEAF-9BB92F74B359}
		{CB5AC1C9-C7DF-D950-C5FA-859FC76C33E2} = {CB5AC1C9-C7DF-D950-C5FA-859FC76C33E2}
		{858F8B84-11ED-1A8D-3D6D-5E7921CB1C6C} = {858F8B84-11ED-1A8D-3D6D-5E7921CB1C6C}
		{6F304E6C-636C-88F5-42CB-B7DE6D218134} = {6F304E6C-636C-88F5-42CB-B7DE6D218134}
		{EC2BB39E-FFCF-7610-3D98-E572F57495BC} = {EC2BB39E-FFCF-7610-3D98-E572F57495BC}
		{C93D0D08-4BEF-55EE-35A2-AA70422872A9} = {C93D0D08-4BEF-55EE-35A2-AA70422872A9}
		{D1783451-3EF2-2EE4-ADE7-F18B14D06D78} = {D1783451-3EF2-2EE4-ADE7-F18B14D06D78}
	EndProjectSection
EndProject
Project("{8BC9CEB8-8B4A-11D0-8D11-00A0C91BC942}") = "yuv_convert", "..\..\media\yuv_convert.vcxproj", "{28334949-814B-7103-B79C-0AA6E4C8B0B7}"
EndProject
Project("{8BC9CEB8-8B4A-11D0-8D11-00A0C91BC942}") = "yuv_convert_simd_x86", "..\..\media\yuv_convert_simd_x86.vcxproj", "{706EA099-A1BB-DB64-6B2E-16996952FB2E}"
	ProjectSection(ProjectDependencies) = postProject
		{C2A68F04-4B1C-F804-0379-6D713CBE3EB2} = {C2A68F04-4B1C-F804-0379-6D713CBE3EB2}
	EndProjectSection
EndProject
Project("{8BC9CEB8-8B4A-11D0-8D11-00A0C91BC942}") = "zlib", "..\..\third_party\zlib\zlib.vcxproj", "{DE966467-44B8-5F38-8788-F1C6E631391D}"
EndProject
Global
	GlobalSection(SolutionConfigurationPlatforms) = preSolution
		Release|x64 = Release|x64
		Debug|Win32 = Debug|Win32
		Debug|x64 = Debug|x64
		Release|Win32 = Release|Win32
	EndGlobalSection
	GlobalSection(ProjectConfigurationPlatforms) = postSolution
		{0795BE9B-038D-7086-63F9-3AD258DBF309}.Release|x64.ActiveCfg = Release|x64
		{0795BE9B-038D-7086-63F9-3AD258DBF309}.Release|x64.Build.0 = Release|x64
		{0795BE9B-038D-7086-63F9-3AD258DBF309}.Debug|Win32.ActiveCfg = Debug|Win32
		{0795BE9B-038D-7086-63F9-3AD258DBF309}.Debug|Win32.Build.0 = Debug|Win32
		{0795BE9B-038D-7086-63F9-3AD258DBF309}.Debug|x64.ActiveCfg = Debug|x64
		{0795BE9B-038D-7086-63F9-3AD258DBF309}.Debug|x64.Build.0 = Debug|x64
		{0795BE9B-038D-7086-63F9-3AD258DBF309}.Release|Win32.ActiveCfg = Release|Win32
		{0795BE9B-038D-7086-63F9-3AD258DBF309}.Release|Win32.Build.0 = Release|Win32
		{086369A2-9FD3-710C-A9D1-56AFA00FCA31}.Release|x64.ActiveCfg = Release|x64
		{086369A2-9FD3-710C-A9D1-56AFA00FCA31}.Release|x64.Build.0 = Release|x64
		{086369A2-9FD3-710C-A9D1-56AFA00FCA31}.Debug|Win32.ActiveCfg = Debug|Win32
		{086369A2-9FD3-710C-A9D1-56AFA00FCA31}.Debug|Win32.Build.0 = Debug|Win32
		{086369A2-9FD3-710C-A9D1-56AFA00FCA31}.Debug|x64.ActiveCfg = Debug|x64
		{086369A2-9FD3-710C-A9D1-56AFA00FCA31}.Debug|x64.Build.0 = Debug|x64
		{086369A2-9FD3-710C-A9D1-56AFA00FCA31}.Release|Win32.ActiveCfg = Release|Win32
		{086369A2-9FD3-710C-A9D1-56AFA00FCA31}.Release|Win32.Build.0 = Release|Win32
		{08907701-C8F0-8F0F-839F-B6D9C2AEC235}.Release|x64.ActiveCfg = Release|x64
		{08907701-C8F0-8F0F-839F-B6D9C2AEC235}.Release|x64.Build.0 = Release|x64
		{08907701-C8F0-8F0F-839F-B6D9C2AEC235}.Debug|Win32.ActiveCfg = Debug|Win32
		{08907701-C8F0-8F0F-839F-B6D9C2AEC235}.Debug|Win32.Build.0 = Debug|Win32
		{08907701-C8F0-8F0F-839F-B6D9C2AEC235}.Debug|x64.ActiveCfg = Debug|x64
		{08907701-C8F0-8F0F-839F-B6D9C2AEC235}.Debug|x64.Build.0 = Debug|x64
		{08907701-C8F0-8F0F-839F-B6D9C2AEC235}.Release|Win32.ActiveCfg = Release|Win32
		{08907701-C8F0-8F0F-839F-B6D9C2AEC235}.Release|Win32.Build.0 = Release|Win32
		{0B30483F-B433-7B5E-195A-61AA6C7F8B88}.Release|x64.ActiveCfg = Release|x64
		{0B30483F-B433-7B5E-195A-61AA6C7F8B88}.Release|x64.Build.0 = Release|x64
		{0B30483F-B433-7B5E-195A-61AA6C7F8B88}.Debug|Win32.ActiveCfg = Debug|Win32
		{0B30483F-B433-7B5E-195A-61AA6C7F8B88}.Debug|Win32.Build.0 = Debug|Win32
		{0B30483F-B433-7B5E-195A-61AA6C7F8B88}.Debug|x64.ActiveCfg = Debug|x64
		{0B30483F-B433-7B5E-195A-61AA6C7F8B88}.Debug|x64.Build.0 = Debug|x64
		{0B30483F-B433-7B5E-195A-61AA6C7F8B88}.Release|Win32.ActiveCfg = Release|Win32
		{0B30483F-B433-7B5E-195A-61AA6C7F8B88}.Release|Win32.Build.0 = Release|Win32
		{0E6F8133-51EF-D6AF-7F33-023E5CADFEE9}.Release|x64.ActiveCfg = Release|x64
		{0E6F8133-51EF-D6AF-7F33-023E5CADFEE9}.Release|x64.Build.0 = Release|x64
		{0E6F8133-51EF-D6AF-7F33-023E5CADFEE9}.Debug|Win32.ActiveCfg = Debug|Win32
		{0E6F8133-51EF-D6AF-7F33-023E5CADFEE9}.Debug|Win32.Build.0 = Debug|Win32
		{0E6F8133-51EF-D6AF-7F33-023E5CADFEE9}.Debug|x64.ActiveCfg = Debug|x64
		{0E6F8133-51EF-D6AF-7F33-023E5CADFEE9}.Debug|x64.Build.0 = Debug|x64
		{0E6F8133-51EF-D6AF-7F33-023E5CADFEE9}.Release|Win32.ActiveCfg = Release|Win32
		{0E6F8133-51EF-D6AF-7F33-023E5CADFEE9}.Release|Win32.Build.0 = Release|Win32
		{0F382CCE-C978-66AE-9295-05832326ECBA}.Release|x64.ActiveCfg = Release|x64
		{0F382CCE-C978-66AE-9295-05832326ECBA}.Release|x64.Build.0 = Release|x64
		{0F382CCE-C978-66AE-9295-05832326ECBA}.Debug|Win32.ActiveCfg = Debug|Win32
		{0F382CCE-C978-66AE-9295-05832326ECBA}.Debug|Win32.Build.0 = Debug|Win32
		{0F382CCE-C978-66AE-9295-05832326ECBA}.Debug|x64.ActiveCfg = Debug|x64
		{0F382CCE-C978-66AE-9295-05832326ECBA}.Debug|x64.Build.0 = Debug|x64
		{0F382CCE-C978-66AE-9295-05832326ECBA}.Release|Win32.ActiveCfg = Release|Win32
		{0F382CCE-C978-66AE-9295-05832326ECBA}.Release|Win32.Build.0 = Release|Win32
		{11F7725F-D3EE-73EE-E9A6-C4CD83C70120}.Release|x64.ActiveCfg = Release|x64
		{11F7725F-D3EE-73EE-E9A6-C4CD83C70120}.Release|x64.Build.0 = Release|x64
		{11F7725F-D3EE-73EE-E9A6-C4CD83C70120}.Debug|Win32.ActiveCfg = Debug|Win32
		{11F7725F-D3EE-73EE-E9A6-C4CD83C70120}.Debug|Win32.Build.0 = Debug|Win32
		{11F7725F-D3EE-73EE-E9A6-C4CD83C70120}.Debug|x64.ActiveCfg = Debug|x64
		{11F7725F-D3EE-73EE-E9A6-C4CD83C70120}.Debug|x64.Build.0 = Debug|x64
		{11F7725F-D3EE-73EE-E9A6-C4CD83C70120}.Release|Win32.ActiveCfg = Release|Win32
		{11F7725F-D3EE-73EE-E9A6-C4CD83C70120}.Release|Win32.Build.0 = Release|Win32
		{13B10F96-1F67-A959-373A-A7F4FBB3DB89}.Release|x64.ActiveCfg = Release|x64
		{13B10F96-1F67-A959-373A-A7F4FBB3DB89}.Release|x64.Build.0 = Release|x64
		{13B10F96-1F67-A959-373A-A7F4FBB3DB89}.Debug|Win32.ActiveCfg = Debug|Win32
		{13B10F96-1F67-A959-373A-A7F4FBB3DB89}.Debug|Win32.Build.0 = Debug|Win32
		{13B10F96-1F67-A959-373A-A7F4FBB3DB89}.Debug|x64.ActiveCfg = Debug|x64
		{13B10F96-1F67-A959-373A-A7F4FBB3DB89}.Debug|x64.Build.0 = Debug|x64
		{13B10F96-1F67-A959-373A-A7F4FBB3DB89}.Release|Win32.ActiveCfg = Release|Win32
		{13B10F96-1F67-A959-373A-A7F4FBB3DB89}.Release|Win32.Build.0 = Release|Win32
		{14C54601-1B00-B8D9-5C1C-A2C505E54C25}.Release|x64.ActiveCfg = Release|x64
		{14C54601-1B00-B8D9-5C1C-A2C505E54C25}.Release|x64.Build.0 = Release|x64
		{14C54601-1B00-B8D9-5C1C-A2C505E54C25}.Debug|Win32.ActiveCfg = Debug|Win32
		{14C54601-1B00-B8D9-5C1C-A2C505E54C25}.Debug|Win32.Build.0 = Debug|Win32
		{14C54601-1B00-B8D9-5C1C-A2C505E54C25}.Debug|x64.ActiveCfg = Debug|x64
		{14C54601-1B00-B8D9-5C1C-A2C505E54C25}.Debug|x64.Build.0 = Debug|x64
		{14C54601-1B00-B8D9-5C1C-A2C505E54C25}.Release|Win32.ActiveCfg = Release|Win32
		{14C54601-1B00-B8D9-5C1C-A2C505E54C25}.Release|Win32.Build.0 = Release|Win32
		{22B8C160-E760-E217-305D-B484C2087E03}.Release|x64.ActiveCfg = Release|x64
		{22B8C160-E760-E217-305D-B484C2087E03}.Release|x64.Build.0 = Release|x64
		{22B8C160-E760-E217-305D-B484C2087E03}.Debug|Win32.ActiveCfg = Debug|Win32
		{22B8C160-E760-E217-305D-B484C2087E03}.Debug|Win32.Build.0 = Debug|Win32
		{22B8C160-E760-E217-305D-B484C2087E03}.Debug|x64.ActiveCfg = Debug|x64
		{22B8C160-E760-E217-305D-B484C2087E03}.Debug|x64.Build.0 = Debug|x64
		{22B8C160-E760-E217-305D-B484C2087E03}.Release|Win32.ActiveCfg = Release|Win32
		{22B8C160-E760-E217-305D-B484C2087E03}.Release|Win32.Build.0 = Release|Win32
		{24C2F0CC-CD5B-FDE6-5458-984B63E10E60}.Release|x64.ActiveCfg = Release|x64
		{24C2F0CC-CD5B-FDE6-5458-984B63E10E60}.Release|x64.Build.0 = Release|x64
		{24C2F0CC-CD5B-FDE6-5458-984B63E10E60}.Debug|Win32.ActiveCfg = Debug|Win32
		{24C2F0CC-CD5B-FDE6-5458-984B63E10E60}.Debug|Win32.Build.0 = Debug|Win32
		{24C2F0CC-CD5B-FDE6-5458-984B63E10E60}.Debug|x64.ActiveCfg = Debug|x64
		{24C2F0CC-CD5B-FDE6-5458-984B63E10E60}.Debug|x64.Build.0 = Debug|x64
		{24C2F0CC-CD5B-FDE6-5458-984B63E10E60}.Release|Win32.ActiveCfg = Release|Win32
		{24C2F0CC-CD5B-FDE6-5458-984B63E10E60}.Release|Win32.Build.0 = Release|Win32
		{26066164-8BCA-BB54-76A5-8B5333BB2C0C}.Release|x64.ActiveCfg = Release|x64
		{26066164-8BCA-BB54-76A5-8B5333BB2C0C}.Release|x64.Build.0 = Release|x64
		{26066164-8BCA-BB54-76A5-8B5333BB2C0C}.Debug|Win32.ActiveCfg = Debug|Win32
		{26066164-8BCA-BB54-76A5-8B5333BB2C0C}.Debug|Win32.Build.0 = Debug|Win32
		{26066164-8BCA-BB54-76A5-8B5333BB2C0C}.Debug|x64.ActiveCfg = Debug|x64
		{26066164-8BCA-BB54-76A5-8B5333BB2C0C}.Debug|x64.Build.0 = Debug|x64
		{26066164-8BCA-BB54-76A5-8B5333BB2C0C}.Release|Win32.ActiveCfg = Release|Win32
		{26066164-8BCA-BB54-76A5-8B5333BB2C0C}.Release|Win32.Build.0 = Release|Win32
		{27942361-7513-499D-BAD2-4CA2B97EB79D}.Release|x64.ActiveCfg = Release|x64
		{27942361-7513-499D-BAD2-4CA2B97EB79D}.Release|x64.Build.0 = Release|x64
		{27942361-7513-499D-BAD2-4CA2B97EB79D}.Debug|Win32.ActiveCfg = Debug|Win32
		{27942361-7513-499D-BAD2-4CA2B97EB79D}.Debug|Win32.Build.0 = Debug|Win32
		{27942361-7513-499D-BAD2-4CA2B97EB79D}.Debug|x64.ActiveCfg = Debug|x64
		{27942361-7513-499D-BAD2-4CA2B97EB79D}.Debug|x64.Build.0 = Debug|x64
		{27942361-7513-499D-BAD2-4CA2B97EB79D}.Release|Win32.ActiveCfg = Release|Win32
		{27942361-7513-499D-BAD2-4CA2B97EB79D}.Release|Win32.Build.0 = Release|Win32
		{28334949-814B-7103-B79C-0AA6E4C8B0B7}.Release|x64.ActiveCfg = Release|x64
		{28334949-814B-7103-B79C-0AA6E4C8B0B7}.Release|x64.Build.0 = Release|x64
		{28334949-814B-7103-B79C-0AA6E4C8B0B7}.Debug|Win32.ActiveCfg = Debug|Win32
		{28334949-814B-7103-B79C-0AA6E4C8B0B7}.Debug|Win32.Build.0 = Debug|Win32
		{28334949-814B-7103-B79C-0AA6E4C8B0B7}.Debug|x64.ActiveCfg = Debug|x64
		{28334949-814B-7103-B79C-0AA6E4C8B0B7}.Debug|x64.Build.0 = Debug|x64
		{28334949-814B-7103-B79C-0AA6E4C8B0B7}.Release|Win32.ActiveCfg = Release|Win32
		{28334949-814B-7103-B79C-0AA6E4C8B0B7}.Release|Win32.Build.0 = Release|Win32
		{2915E026-0CF5-5E77-201C-6D6C4C28AA63}.Release|x64.ActiveCfg = Release|x64
		{2915E026-0CF5-5E77-201C-6D6C4C28AA63}.Release|x64.Build.0 = Release|x64
		{2915E026-0CF5-5E77-201C-6D6C4C28AA63}.Debug|Win32.ActiveCfg = Debug|Win32
		{2915E026-0CF5-5E77-201C-6D6C4C28AA63}.Debug|Win32.Build.0 = Debug|Win32
		{2915E026-0CF5-5E77-201C-6D6C4C28AA63}.Debug|x64.ActiveCfg = Debug|x64
		{2915E026-0CF5-5E77-201C-6D6C4C28AA63}.Debug|x64.Build.0 = Debug|x64
		{2915E026-0CF5-5E77-201C-6D6C4C28AA63}.Release|Win32.ActiveCfg = Release|Win32
		{2915E026-0CF5-5E77-201C-6D6C4C28AA63}.Release|Win32.Build.0 = Release|Win32
		{32862CA2-D7B6-160A-69BA-3D4BF55C789C}.Release|x64.ActiveCfg = Release|x64
		{32862CA2-D7B6-160A-69BA-3D4BF55C789C}.Release|x64.Build.0 = Release|x64
		{32862CA2-D7B6-160A-69BA-3D4BF55C789C}.Debug|Win32.ActiveCfg = Debug|Win32
		{32862CA2-D7B6-160A-69BA-3D4BF55C789C}.Debug|Win32.Build.0 = Debug|Win32
		{32862CA2-D7B6-160A-69BA-3D4BF55C789C}.Debug|x64.ActiveCfg = Debug|x64
		{32862CA2-D7B6-160A-69BA-3D4BF55C789C}.Debug|x64.Build.0 = Debug|x64
		{32862CA2-D7B6-160A-69BA-3D4BF55C789C}.Release|Win32.ActiveCfg = Release|Win32
		{32862CA2-D7B6-160A-69BA-3D4BF55C789C}.Release|Win32.Build.0 = Release|Win32
		{38428389-A7D9-1310-3422-F196BECFF849}.Release|x64.ActiveCfg = Release|x64
		{38428389-A7D9-1310-3422-F196BECFF849}.Release|x64.Build.0 = Release|x64
		{38428389-A7D9-1310-3422-F196BECFF849}.Debug|Win32.ActiveCfg = Debug|Win32
		{38428389-A7D9-1310-3422-F196BECFF849}.Debug|Win32.Build.0 = Debug|Win32
		{38428389-A7D9-1310-3422-F196BECFF849}.Debug|x64.ActiveCfg = Debug|x64
		{38428389-A7D9-1310-3422-F196BECFF849}.Debug|x64.Build.0 = Debug|x64
		{38428389-A7D9-1310-3422-F196BECFF849}.Release|Win32.ActiveCfg = Release|Win32
		{38428389-A7D9-1310-3422-F196BECFF849}.Release|Win32.Build.0 = Release|Win32
		{385351BF-E3AA-D071-EFE8-914E9D7237D8}.Release|x64.ActiveCfg = Release|x64
		{385351BF-E3AA-D071-EFE8-914E9D7237D8}.Release|x64.Build.0 = Release|x64
		{385351BF-E3AA-D071-EFE8-914E9D7237D8}.Debug|Win32.ActiveCfg = Debug|Win32
		{385351BF-E3AA-D071-EFE8-914E9D7237D8}.Debug|Win32.Build.0 = Debug|Win32
		{385351BF-E3AA-D071-EFE8-914E9D7237D8}.Debug|x64.ActiveCfg = Debug|x64
		{385351BF-E3AA-D071-EFE8-914E9D7237D8}.Debug|x64.Build.0 = Debug|x64
		{385351BF-E3AA-D071-EFE8-914E9D7237D8}.Release|Win32.ActiveCfg = Release|Win32
		{385351BF-E3AA-D071-EFE8-914E9D7237D8}.Release|Win32.Build.0 = Release|Win32
		{392EBFE1-8133-8432-AB93-4EA520C83304}.Release|x64.ActiveCfg = Release|x64
		{392EBFE1-8133-8432-AB93-4EA520C83304}.Release|x64.Build.0 = Release|x64
		{392EBFE1-8133-8432-AB93-4EA520C83304}.Debug|Win32.ActiveCfg = Debug|Win32
		{392EBFE1-8133-8432-AB93-4EA520C83304}.Debug|Win32.Build.0 = Debug|Win32
		{392EBFE1-8133-8432-AB93-4EA520C83304}.Debug|x64.ActiveCfg = Debug|x64
		{392EBFE1-8133-8432-AB93-4EA520C83304}.Debug|x64.Build.0 = Debug|x64
		{392EBFE1-8133-8432-AB93-4EA520C83304}.Release|Win32.ActiveCfg = Release|Win32
		{392EBFE1-8133-8432-AB93-4EA520C83304}.Release|Win32.Build.0 = Release|Win32
		{44802D63-D384-2D8A-BEAF-9BB92F74B359}.Release|x64.ActiveCfg = Release|x64
		{44802D63-D384-2D8A-BEAF-9BB92F74B359}.Release|x64.Build.0 = Release|x64
		{44802D63-D384-2D8A-BEAF-9BB92F74B359}.Debug|Win32.ActiveCfg = Debug|Win32
		{44802D63-D384-2D8A-BEAF-9BB92F74B359}.Debug|Win32.Build.0 = Debug|Win32
		{44802D63-D384-2D8A-BEAF-9BB92F74B359}.Debug|x64.ActiveCfg = Debug|x64
		{44802D63-D384-2D8A-BEAF-9BB92F74B359}.Debug|x64.Build.0 = Debug|x64
		{44802D63-D384-2D8A-BEAF-9BB92F74B359}.Release|Win32.ActiveCfg = Release|Win32
		{44802D63-D384-2D8A-BEAF-9BB92F74B359}.Release|Win32.Build.0 = Release|Win32
		{45A07898-154D-0007-B733-EC3D4BAF3D2F}.Release|x64.ActiveCfg = Release|x64
		{45A07898-154D-0007-B733-EC3D4BAF3D2F}.Release|x64.Build.0 = Release|x64
		{45A07898-154D-0007-B733-EC3D4BAF3D2F}.Debug|Win32.ActiveCfg = Debug|Win32
		{45A07898-154D-0007-B733-EC3D4BAF3D2F}.Debug|Win32.Build.0 = Debug|Win32
		{45A07898-154D-0007-B733-EC3D4BAF3D2F}.Debug|x64.ActiveCfg = Debug|x64
		{45A07898-154D-0007-B733-EC3D4BAF3D2F}.Debug|x64.Build.0 = Debug|x64
		{45A07898-154D-0007-B733-EC3D4BAF3D2F}.Release|Win32.ActiveCfg = Release|Win32
		{45A07898-154D-0007-B733-EC3D4BAF3D2F}.Release|Win32.Build.0 = Release|Win32
		{4CF32848-161F-3969-452D-C2AF539DCCCF}.Release|x64.ActiveCfg = Release|x64
		{4CF32848-161F-3969-452D-C2AF539DCCCF}.Release|x64.Build.0 = Release|x64
		{4CF32848-161F-3969-452D-C2AF539DCCCF}.Debug|Win32.ActiveCfg = Debug|Win32
		{4CF32848-161F-3969-452D-C2AF539DCCCF}.Debug|Win32.Build.0 = Debug|Win32
		{4CF32848-161F-3969-452D-C2AF539DCCCF}.Debug|x64.ActiveCfg = Debug|x64
		{4CF32848-161F-3969-452D-C2AF539DCCCF}.Debug|x64.Build.0 = Debug|x64
		{4CF32848-161F-3969-452D-C2AF539DCCCF}.Release|Win32.ActiveCfg = Release|Win32
		{4CF32848-161F-3969-452D-C2AF539DCCCF}.Release|Win32.Build.0 = Release|Win32
		{4D5ABE23-B01B-9467-6D36-F9AEDC0DB92C}.Release|x64.ActiveCfg = Release|x64
		{4D5ABE23-B01B-9467-6D36-F9AEDC0DB92C}.Release|x64.Build.0 = Release|x64
		{4D5ABE23-B01B-9467-6D36-F9AEDC0DB92C}.Debug|Win32.ActiveCfg = Debug|Win32
		{4D5ABE23-B01B-9467-6D36-F9AEDC0DB92C}.Debug|Win32.Build.0 = Debug|Win32
		{4D5ABE23-B01B-9467-6D36-F9AEDC0DB92C}.Debug|x64.ActiveCfg = Debug|x64
		{4D5ABE23-B01B-9467-6D36-F9AEDC0DB92C}.Debug|x64.Build.0 = Debug|x64
		{4D5ABE23-B01B-9467-6D36-F9AEDC0DB92C}.Release|Win32.ActiveCfg = Release|Win32
		{4D5ABE23-B01B-9467-6D36-F9AEDC0DB92C}.Release|Win32.Build.0 = Release|Win32
		{52BED60A-6BB4-A338-589D-A03F25193195}.Release|x64.ActiveCfg = Release|x64
		{52BED60A-6BB4-A338-589D-A03F25193195}.Release|x64.Build.0 = Release|x64
		{52BED60A-6BB4-A338-589D-A03F25193195}.Debug|Win32.ActiveCfg = Debug|Win32
		{52BED60A-6BB4-A338-589D-A03F25193195}.Debug|Win32.Build.0 = Debug|Win32
		{52BED60A-6BB4-A338-589D-A03F25193195}.Debug|x64.ActiveCfg = Debug|x64
		{52BED60A-6BB4-A338-589D-A03F25193195}.Debug|x64.Build.0 = Debug|x64
		{52BED60A-6BB4-A338-589D-A03F25193195}.Release|Win32.ActiveCfg = Release|Win32
		{52BED60A-6BB4-A338-589D-A03F25193195}.Release|Win32.Build.0 = Release|Win32
		{5508407C-5A27-F27C-2632-CC6AA2C4EC75}.Release|x64.ActiveCfg = Release|x64
		{5508407C-5A27-F27C-2632-CC6AA2C4EC75}.Release|x64.Build.0 = Release|x64
		{5508407C-5A27-F27C-2632-CC6AA2C4EC75}.Debug|Win32.ActiveCfg = Debug|Win32
		{5508407C-5A27-F27C-2632-CC6AA2C4EC75}.Debug|Win32.Build.0 = Debug|Win32
		{5508407C-5A27-F27C-2632-CC6AA2C4EC75}.Debug|x64.ActiveCfg = Debug|x64
		{5508407C-5A27-F27C-2632-CC6AA2C4EC75}.Debug|x64.Build.0 = Debug|x64
		{5508407C-5A27-F27C-2632-CC6AA2C4EC75}.Release|Win32.ActiveCfg = Release|Win32
		{5508407C-5A27-F27C-2632-CC6AA2C4EC75}.Release|Win32.Build.0 = Release|Win32
		{55ABD21F-7843-1D63-F9F4-FB256F82F883}.Release|x64.ActiveCfg = Release|x64
		{55ABD21F-7843-1D63-F9F4-FB256F82F883}.Release|x64.Build.0 = Release|x64
		{55ABD21F-7843-1D63-F9F4-FB256F82F883}.Debug|Win32.ActiveCfg = Debug|Win32
		{55ABD21F-7843-1D63-F9F4-FB256F82F883}.Debug|Win32.Build.0 = Debug|Win32
		{55ABD21F-7843-1D63-F9F4-FB256F82F883}.Debug|x64.ActiveCfg = Debug|x64
		{55ABD21F-7843-1D63-F9F4-FB256F82F883}.Debug|x64.Build.0 = Debug|x64
		{55ABD21F-7843-1D63-F9F4-FB256F82F883}.Release|Win32.ActiveCfg = Release|Win32
		{55ABD21F-7843-1D63-F9F4-FB256F82F883}.Release|Win32.Build.0 = Release|Win32
		{5A2600C6-C52F-5F3A-8CCF-E094D9788347}.Release|x64.ActiveCfg = Release|x64
		{5A2600C6-C52F-5F3A-8CCF-E094D9788347}.Release|x64.Build.0 = Release|x64
		{5A2600C6-C52F-5F3A-8CCF-E094D9788347}.Debug|Win32.ActiveCfg = Debug|Win32
		{5A2600C6-C52F-5F3A-8CCF-E094D9788347}.Debug|Win32.Build.0 = Debug|Win32
		{5A2600C6-C52F-5F3A-8CCF-E094D9788347}.Debug|x64.ActiveCfg = Debug|x64
		{5A2600C6-C52F-5F3A-8CCF-E094D9788347}.Debug|x64.Build.0 = Debug|x64
		{5A2600C6-C52F-5F3A-8CCF-E094D9788347}.Release|Win32.ActiveCfg = Release|Win32
		{5A2600C6-C52F-5F3A-8CCF-E094D9788347}.Release|Win32.Build.0 = Release|Win32
		{618290FC-61AC-99C1-0085-B2D6D9294C08}.Release|x64.ActiveCfg = Release|x64
		{618290FC-61AC-99C1-0085-B2D6D9294C08}.Release|x64.Build.0 = Release|x64
		{618290FC-61AC-99C1-0085-B2D6D9294C08}.Debug|Win32.ActiveCfg = Debug|Win32
		{618290FC-61AC-99C1-0085-B2D6D9294C08}.Debug|Win32.Build.0 = Debug|Win32
		{618290FC-61AC-99C1-0085-B2D6D9294C08}.Debug|x64.ActiveCfg = Debug|x64
		{618290FC-61AC-99C1-0085-B2D6D9294C08}.Debug|x64.Build.0 = Debug|x64
		{618290FC-61AC-99C1-0085-B2D6D9294C08}.Release|Win32.ActiveCfg = Release|Win32
		{618290FC-61AC-99C1-0085-B2D6D9294C08}.Release|Win32.Build.0 = Release|Win32
		{6409DA3F-5F76-36CC-EF57-E2333F19041E}.Release|x64.ActiveCfg = Release|x64
		{6409DA3F-5F76-36CC-EF57-E2333F19041E}.Release|x64.Build.0 = Release|x64
		{6409DA3F-5F76-36CC-EF57-E2333F19041E}.Debug|Win32.ActiveCfg = Debug|Win32
		{6409DA3F-5F76-36CC-EF57-E2333F19041E}.Debug|Win32.Build.0 = Debug|Win32
		{6409DA3F-5F76-36CC-EF57-E2333F19041E}.Debug|x64.ActiveCfg = Debug|x64
		{6409DA3F-5F76-36CC-EF57-E2333F19041E}.Debug|x64.Build.0 = Debug|x64
		{6409DA3F-5F76-36CC-EF57-E2333F19041E}.Release|Win32.ActiveCfg = Release|Win32
		{6409DA3F-5F76-36CC-EF57-E2333F19041E}.Release|Win32.Build.0 = Release|Win32
		{6F1E5164-E8F4-FF13-9200-1E0E7485C4A4}.Release|x64.ActiveCfg = Release|x64
		{6F1E5164-E8F4-FF13-9200-1E0E7485C4A4}.Release|x64.Build.0 = Release|x64
		{6F1E5164-E8F4-FF13-9200-1E0E7485C4A4}.Debug|Win32.ActiveCfg = Debug|Win32
		{6F1E5164-E8F4-FF13-9200-1E0E7485C4A4}.Debug|Win32.Build.0 = Debug|Win32
		{6F1E5164-E8F4-FF13-9200-1E0E7485C4A4}.Debug|x64.ActiveCfg = Debug|x64
		{6F1E5164-E8F4-FF13-9200-1E0E7485C4A4}.Debug|x64.Build.0 = Debug|x64
		{6F1E5164-E8F4-FF13-9200-1E0E7485C4A4}.Release|Win32.ActiveCfg = Release|Win32
		{6F1E5164-E8F4-FF13-9200-1E0E7485C4A4}.Release|Win32.Build.0 = Release|Win32
		{6F304E6C-636C-88F5-42CB-B7DE6D218134}.Release|x64.ActiveCfg = Release|x64
		{6F304E6C-636C-88F5-42CB-B7DE6D218134}.Release|x64.Build.0 = Release|x64
		{6F304E6C-636C-88F5-42CB-B7DE6D218134}.Debug|Win32.ActiveCfg = Debug|Win32
		{6F304E6C-636C-88F5-42CB-B7DE6D218134}.Debug|Win32.Build.0 = Debug|Win32
		{6F304E6C-636C-88F5-42CB-B7DE6D218134}.Debug|x64.ActiveCfg = Debug|x64
		{6F304E6C-636C-88F5-42CB-B7DE6D218134}.Debug|x64.Build.0 = Debug|x64
		{6F304E6C-636C-88F5-42CB-B7DE6D218134}.Release|Win32.ActiveCfg = Release|Win32
		{6F304E6C-636C-88F5-42CB-B7DE6D218134}.Release|Win32.Build.0 = Release|Win32
		{706EA099-A1BB-DB64-6B2E-16996952FB2E}.Release|x64.ActiveCfg = Release|x64
		{706EA099-A1BB-DB64-6B2E-16996952FB2E}.Release|x64.Build.0 = Release|x64
		{706EA099-A1BB-DB64-6B2E-16996952FB2E}.Debug|Win32.ActiveCfg = Debug|Win32
		{706EA099-A1BB-DB64-6B2E-16996952FB2E}.Debug|Win32.Build.0 = Debug|Win32
		{706EA099-A1BB-DB64-6B2E-16996952FB2E}.Debug|x64.ActiveCfg = Debug|x64
		{706EA099-A1BB-DB64-6B2E-16996952FB2E}.Debug|x64.Build.0 = Debug|x64
		{706EA099-A1BB-DB64-6B2E-16996952FB2E}.Release|Win32.ActiveCfg = Release|Win32
		{706EA099-A1BB-DB64-6B2E-16996952FB2E}.Release|Win32.Build.0 = Release|Win32
		{75E9E561-1EF1-B6FA-B63D-27E068147661}.Release|x64.ActiveCfg = Release|x64
		{75E9E561-1EF1-B6FA-B63D-27E068147661}.Release|x64.Build.0 = Release|x64
		{75E9E561-1EF1-B6FA-B63D-27E068147661}.Debug|Win32.ActiveCfg = Debug|Win32
		{75E9E561-1EF1-B6FA-B63D-27E068147661}.Debug|Win32.Build.0 = Debug|Win32
		{75E9E561-1EF1-B6FA-B63D-27E068147661}.Debug|x64.ActiveCfg = Debug|x64
		{75E9E561-1EF1-B6FA-B63D-27E068147661}.Debug|x64.Build.0 = Debug|x64
		{75E9E561-1EF1-B6FA-B63D-27E068147661}.Release|Win32.ActiveCfg = Release|Win32
		{75E9E561-1EF1-B6FA-B63D-27E068147661}.Release|Win32.Build.0 = Release|Win32
		{77E7EFF8-0B91-81DC-6284-A5FD15E68527}.Release|x64.ActiveCfg = Release|x64
		{77E7EFF8-0B91-81DC-6284-A5FD15E68527}.Release|x64.Build.0 = Release|x64
		{77E7EFF8-0B91-81DC-6284-A5FD15E68527}.Debug|Win32.ActiveCfg = Debug|Win32
		{77E7EFF8-0B91-81DC-6284-A5FD15E68527}.Debug|Win32.Build.0 = Debug|Win32
		{77E7EFF8-0B91-81DC-6284-A5FD15E68527}.Debug|x64.ActiveCfg = Debug|x64
		{77E7EFF8-0B91-81DC-6284-A5FD15E68527}.Debug|x64.Build.0 = Debug|x64
		{77E7EFF8-0B91-81DC-6284-A5FD15E68527}.Release|Win32.ActiveCfg = Release|Win32
		{77E7EFF8-0B91-81DC-6284-A5FD15E68527}.Release|Win32.Build.0 = Release|Win32
		{7B22833A-2C2E-0FA2-2C7C-5A2362DA920F}.Release|x64.ActiveCfg = Release|x64
		{7B22833A-2C2E-0FA2-2C7C-5A2362DA920F}.Release|x64.Build.0 = Release|x64
		{7B22833A-2C2E-0FA2-2C7C-5A2362DA920F}.Debug|Win32.ActiveCfg = Debug|Win32
		{7B22833A-2C2E-0FA2-2C7C-5A2362DA920F}.Debug|Win32.Build.0 = Debug|Win32
		{7B22833A-2C2E-0FA2-2C7C-5A2362DA920F}.Debug|x64.ActiveCfg = Debug|x64
		{7B22833A-2C2E-0FA2-2C7C-5A2362DA920F}.Debug|x64.Build.0 = Debug|x64
		{7B22833A-2C2E-0FA2-2C7C-5A2362DA920F}.Release|Win32.ActiveCfg = Release|Win32
		{7B22833A-2C2E-0FA2-2C7C-5A2362DA920F}.Release|Win32.Build.0 = Release|Win32
		{7FBE38CC-D214-2C50-AF2A-E71994789922}.Release|x64.ActiveCfg = Release|x64
		{7FBE38CC-D214-2C50-AF2A-E71994789922}.Release|x64.Build.0 = Release|x64
		{7FBE38CC-D214-2C50-AF2A-E71994789922}.Debug|Win32.ActiveCfg = Debug|Win32
		{7FBE38CC-D214-2C50-AF2A-E71994789922}.Debug|Win32.Build.0 = Debug|Win32
		{7FBE38CC-D214-2C50-AF2A-E71994789922}.Debug|x64.ActiveCfg = Debug|x64
		{7FBE38CC-D214-2C50-AF2A-E71994789922}.Debug|x64.Build.0 = Debug|x64
		{7FBE38CC-D214-2C50-AF2A-E71994789922}.Release|Win32.ActiveCfg = Release|Win32
		{7FBE38CC-D214-2C50-AF2A-E71994789922}.Release|Win32.Build.0 = Release|Win32
		{858F8B84-11ED-1A8D-3D6D-5E7921CB1C6C}.Release|x64.ActiveCfg = Release|x64
		{858F8B84-11ED-1A8D-3D6D-5E7921CB1C6C}.Release|x64.Build.0 = Release|x64
		{858F8B84-11ED-1A8D-3D6D-5E7921CB1C6C}.Debug|Win32.ActiveCfg = Debug|Win32
		{858F8B84-11ED-1A8D-3D6D-5E7921CB1C6C}.Debug|Win32.Build.0 = Debug|Win32
		{858F8B84-11ED-1A8D-3D6D-5E7921CB1C6C}.Debug|x64.ActiveCfg = Debug|x64
		{858F8B84-11ED-1A8D-3D6D-5E7921CB1C6C}.Debug|x64.Build.0 = Debug|x64
		{858F8B84-11ED-1A8D-3D6D-5E7921CB1C6C}.Release|Win32.ActiveCfg = Release|Win32
		{858F8B84-11ED-1A8D-3D6D-5E7921CB1C6C}.Release|Win32.Build.0 = Release|Win32
		{87D11349-528A-31ED-FD5C-3E499F5B7607}.Release|x64.ActiveCfg = Release|x64
		{87D11349-528A-31ED-FD5C-3E499F5B7607}.Release|x64.Build.0 = Release|x64
		{87D11349-528A-31ED-FD5C-3E499F5B7607}.Debug|Win32.ActiveCfg = Debug|Win32
		{87D11349-528A-31ED-FD5C-3E499F5B7607}.Debug|Win32.Build.0 = Debug|Win32
		{87D11349-528A-31ED-FD5C-3E499F5B7607}.Debug|x64.ActiveCfg = Debug|x64
		{87D11349-528A-31ED-FD5C-3E499F5B7607}.Debug|x64.Build.0 = Debug|x64
		{87D11349-528A-31ED-FD5C-3E499F5B7607}.Release|Win32.ActiveCfg = Release|Win32
		{87D11349-528A-31ED-FD5C-3E499F5B7607}.Release|Win32.Build.0 = Release|Win32
		{8BA629EB-E0C8-FBB8-1D0B-F08BCF76C7F0}.Release|x64.ActiveCfg = Release|x64
		{8BA629EB-E0C8-FBB8-1D0B-F08BCF76C7F0}.Release|x64.Build.0 = Release|x64
		{8BA629EB-E0C8-FBB8-1D0B-F08BCF76C7F0}.Debug|Win32.ActiveCfg = Debug|Win32
		{8BA629EB-E0C8-FBB8-1D0B-F08BCF76C7F0}.Debug|Win32.Build.0 = Debug|Win32
		{8BA629EB-E0C8-FBB8-1D0B-F08BCF76C7F0}.Debug|x64.ActiveCfg = Debug|x64
		{8BA629EB-E0C8-FBB8-1D0B-F08BCF76C7F0}.Debug|x64.Build.0 = Debug|x64
		{8BA629EB-E0C8-FBB8-1D0B-F08BCF76C7F0}.Release|Win32.ActiveCfg = Release|Win32
		{8BA629EB-E0C8-FBB8-1D0B-F08BCF76C7F0}.Release|Win32.Build.0 = Release|Win32
		{90CB5362-28C3-3F2B-5493-6096CAAFFFE1}.Release|x64.ActiveCfg = Release|x64
		{90CB5362-28C3-3F2B-5493-6096CAAFFFE1}.Release|x64.Build.0 = Release|x64
		{90CB5362-28C3-3F2B-5493-6096CAAFFFE1}.Debug|Win32.ActiveCfg = Debug|Win32
		{90CB5362-28C3-3F2B-5493-6096CAAFFFE1}.Debug|Win32.Build.0 = Debug|Win32
		{90CB5362-28C3-3F2B-5493-6096CAAFFFE1}.Debug|x64.ActiveCfg = Debug|x64
		{90CB5362-28C3-3F2B-5493-6096CAAFFFE1}.Debug|x64.Build.0 = Debug|x64
		{90CB5362-28C3-3F2B-5493-6096CAAFFFE1}.Release|Win32.ActiveCfg = Release|Win32
		{90CB5362-28C3-3F2B-5493-6096CAAFFFE1}.Release|Win32.Build.0 = Release|Win32
		{923A97BF-3083-A935-9598-0B3EF58F42B6}.Release|x64.ActiveCfg = Release|x64
		{923A97BF-3083-A935-9598-0B3EF58F42B6}.Release|x64.Build.0 = Release|x64
		{923A97BF-3083-A935-9598-0B3EF58F42B6}.Debug|Win32.ActiveCfg = Debug|Win32
		{923A97BF-3083-A935-9598-0B3EF58F42B6}.Debug|Win32.Build.0 = Debug|Win32
		{923A97BF-3083-A935-9598-0B3EF58F42B6}.Debug|x64.ActiveCfg = Debug|x64
		{923A97BF-3083-A935-9598-0B3EF58F42B6}.Debug|x64.Build.0 = Debug|x64
		{923A97BF-3083-A935-9598-0B3EF58F42B6}.Release|Win32.ActiveCfg = Release|Win32
		{923A97BF-3083-A935-9598-0B3EF58F42B6}.Release|Win32.Build.0 = Release|Win32
		{93BF112F-17F3-985D-2767-06F292B9EC8F}.Release|x64.ActiveCfg = Release|x64
		{93BF112F-17F3-985D-2767-06F292B9EC8F}.Release|x64.Build.0 = Release|x64
		{93BF112F-17F3-985D-2767-06F292B9EC8F}.Debug|Win32.ActiveCfg = Debug|Win32
		{93BF112F-17F3-985D-2767-06F292B9EC8F}.Debug|Win32.Build.0 = Debug|Win32
		{93BF112F-17F3-985D-2767-06F292B9EC8F}.Debug|x64.ActiveCfg = Debug|x64
		{93BF112F-17F3-985D-2767-06F292B9EC8F}.Debug|x64.Build.0 = Debug|x64
		{93BF112F-17F3-985D-2767-06F292B9EC8F}.Release|Win32.ActiveCfg = Release|Win32
		{93BF112F-17F3-985D-2767-06F292B9EC8F}.Release|Win32.Build.0 = Release|Win32
		{9D29DB8E-E47B-4496-06B0-5F846183A692}.Release|x64.ActiveCfg = Release|x64
		{9D29DB8E-E47B-4496-06B0-5F846183A692}.Release|x64.Build.0 = Release|x64
		{9D29DB8E-E47B-4496-06B0-5F846183A692}.Debug|Win32.ActiveCfg = Debug|Win32
		{9D29DB8E-E47B-4496-06B0-5F846183A692}.Debug|Win32.Build.0 = Debug|Win32
		{9D29DB8E-E47B-4496-06B0-5F846183A692}.Debug|x64.ActiveCfg = Debug|x64
		{9D29DB8E-E47B-4496-06B0-5F846183A692}.Debug|x64.Build.0 = Debug|x64
		{9D29DB8E-E47B-4496-06B0-5F846183A692}.Release|Win32.ActiveCfg = Release|Win32
		{9D29DB8E-E47B-4496-06B0-5F846183A692}.Release|Win32.Build.0 = Release|Win32
		{A06BA5BD-6C77-77F8-0FD1-2E95C527D615}.Release|x64.ActiveCfg = Release|x64
		{A06BA5BD-6C77-77F8-0FD1-2E95C527D615}.Release|x64.Build.0 = Release|x64
		{A06BA5BD-6C77-77F8-0FD1-2E95C527D615}.Debug|Win32.ActiveCfg = Debug|Win32
		{A06BA5BD-6C77-77F8-0FD1-2E95C527D615}.Debug|Win32.Build.0 = Debug|Win32
		{A06BA5BD-6C77-77F8-0FD1-2E95C527D615}.Debug|x64.ActiveCfg = Debug|x64
		{A06BA5BD-6C77-77F8-0FD1-2E95C527D615}.Debug|x64.Build.0 = Debug|x64
		{A06BA5BD-6C77-77F8-0FD1-2E95C527D615}.Release|Win32.ActiveCfg = Release|Win32
		{A06BA5BD-6C77-77F8-0FD1-2E95C527D615}.Release|Win32.Build.0 = Release|Win32
		{A38ACEF9-373A-5B5D-887F-88AA973F7CE9}.Release|x64.ActiveCfg = Release|x64
		{A38ACEF9-373A-5B5D-887F-88AA973F7CE9}.Release|x64.Build.0 = Release|x64
		{A38ACEF9-373A-5B5D-887F-88AA973F7CE9}.Debug|Win32.ActiveCfg = Debug|Win32
		{A38ACEF9-373A-5B5D-887F-88AA973F7CE9}.Debug|Win32.Build.0 = Debug|Win32
		{A38ACEF9-373A-5B5D-887F-88AA973F7CE9}.Debug|x64.ActiveCfg = Debug|x64
		{A38ACEF9-373A-5B5D-887F-88AA973F7CE9}.Debug|x64.Build.0 = Debug|x64
		{A38ACEF9-373A-5B5D-887F-88AA973F7CE9}.Release|Win32.ActiveCfg = Release|Win32
		{A38ACEF9-373A-5B5D-887F-88AA973F7CE9}.Release|Win32.Build.0 = Release|Win32
		{AEAF5727-7306-AF60-3BAE-6BD073DE3312}.Release|x64.ActiveCfg = Release|x64
		{AEAF5727-7306-AF60-3BAE-6BD073DE3312}.Release|x64.Build.0 = Release|x64
		{AEAF5727-7306-AF60-3BAE-6BD073DE3312}.Debug|Win32.ActiveCfg = Debug|Win32
		{AEAF5727-7306-AF60-3BAE-6BD073DE3312}.Debug|Win32.Build.0 = Debug|Win32
		{AEAF5727-7306-AF60-3BAE-6BD073DE3312}.Debug|x64.ActiveCfg = Debug|x64
		{AEAF5727-7306-AF60-3BAE-6BD073DE3312}.Debug|x64.Build.0 = Debug|x64
		{AEAF5727-7306-AF60-3BAE-6BD073DE3312}.Release|Win32.ActiveCfg = Release|Win32
		{AEAF5727-7306-AF60-3BAE-6BD073DE3312}.Release|Win32.Build.0 = Release|Win32
		{AF7BED4A-0DC8-F0E5-D9F4-CB02C16E665F}.Release|x64.ActiveCfg = Release|x64
		{AF7BED4A-0DC8-F0E5-D9F4-CB02C16E665F}.Release|x64.Build.0 = Release|x64
		{AF7BED4A-0DC8-F0E5-D9F4-CB02C16E665F}.Debug|Win32.ActiveCfg = Debug|Win32
		{AF7BED4A-0DC8-F0E5-D9F4-CB02C16E665F}.Debug|Win32.Build.0 = Debug|Win32
		{AF7BED4A-0DC8-F0E5-D9F4-CB02C16E665F}.Debug|x64.ActiveCfg = Debug|x64
		{AF7BED4A-0DC8-F0E5-D9F4-CB02C16E665F}.Debug|x64.Build.0 = Debug|x64
		{AF7BED4A-0DC8-F0E5-D9F4-CB02C16E665F}.Release|Win32.ActiveCfg = Release|Win32
		{AF7BED4A-0DC8-F0E5-D9F4-CB02C16E665F}.Release|Win32.Build.0 = Release|Win32
		{B4DAB62B-A2A4-4CA5-67CD-2D41F22B755F}.Release|x64.ActiveCfg = Release|x64
		{B4DAB62B-A2A4-4CA5-67CD-2D41F22B755F}.Release|x64.Build.0 = Release|x64
		{B4DAB62B-A2A4-4CA5-67CD-2D41F22B755F}.Debug|Win32.ActiveCfg = Debug|Win32
		{B4DAB62B-A2A4-4CA5-67CD-2D41F22B755F}.Debug|Win32.Build.0 = Debug|Win32
		{B4DAB62B-A2A4-4CA5-67CD-2D41F22B755F}.Debug|x64.ActiveCfg = Debug|x64
		{B4DAB62B-A2A4-4CA5-67CD-2D41F22B755F}.Debug|x64.Build.0 = Debug|x64
		{B4DAB62B-A2A4-4CA5-67CD-2D41F22B755F}.Release|Win32.ActiveCfg = Release|Win32
		{B4DAB62B-A2A4-4CA5-67CD-2D41F22B755F}.Release|Win32.Build.0 = Release|Win32
		{B744C710-82E9-FAF1-7FDF-2DC400FC3604}.Release|x64.ActiveCfg = Release|x64
		{B744C710-82E9-FAF1-7FDF-2DC400FC3604}.Release|x64.Build.0 = Release|x64
		{B744C710-82E9-FAF1-7FDF-2DC400FC3604}.Debug|Win32.ActiveCfg = Debug|Win32
		{B744C710-82E9-FAF1-7FDF-2DC400FC3604}.Debug|Win32.Build.0 = Debug|Win32
		{B744C710-82E9-FAF1-7FDF-2DC400FC3604}.Debug|x64.ActiveCfg = Debug|x64
		{B744C710-82E9-FAF1-7FDF-2DC400FC3604}.Debug|x64.Build.0 = Debug|x64
		{B744C710-82E9-FAF1-7FDF-2DC400FC3604}.Release|Win32.ActiveCfg = Release|Win32
		{B744C710-82E9-FAF1-7FDF-2DC400FC3604}.Release|Win32.Build.0 = Release|Win32
		{B7F38AFF-0CFF-507F-CA50-07962B52C5A7}.Release|x64.ActiveCfg = Release|x64
		{B7F38AFF-0CFF-507F-CA50-07962B52C5A7}.Release|x64.Build.0 = Release|x64
		{B7F38AFF-0CFF-507F-CA50-07962B52C5A7}.Debug|Win32.ActiveCfg = Debug|Win32
		{B7F38AFF-0CFF-507F-CA50-07962B52C5A7}.Debug|Win32.Build.0 = Debug|Win32
		{B7F38AFF-0CFF-507F-CA50-07962B52C5A7}.Debug|x64.ActiveCfg = Debug|x64
		{B7F38AFF-0CFF-507F-CA50-07962B52C5A7}.Debug|x64.Build.0 = Debug|x64
		{B7F38AFF-0CFF-507F-CA50-07962B52C5A7}.Release|Win32.ActiveCfg = Release|Win32
		{B7F38AFF-0CFF-507F-CA50-07962B52C5A7}.Release|Win32.Build.0 = Release|Win32
		{BB2B80CF-837E-3720-02F2-44B4F8C93C87}.Release|x64.ActiveCfg = Release|x64
		{BB2B80CF-837E-3720-02F2-44B4F8C93C87}.Release|x64.Build.0 = Release|x64
		{BB2B80CF-837E-3720-02F2-44B4F8C93C87}.Debug|Win32.ActiveCfg = Debug|Win32
		{BB2B80CF-837E-3720-02F2-44B4F8C93C87}.Debug|Win32.Build.0 = Debug|Win32
		{BB2B80CF-837E-3720-02F2-44B4F8C93C87}.Debug|x64.ActiveCfg = Debug|x64
		{BB2B80CF-837E-3720-02F2-44B4F8C93C87}.Debug|x64.Build.0 = Debug|x64
		{BB2B80CF-837E-3720-02F2-44B4F8C93C87}.Release|Win32.ActiveCfg = Release|Win32
		{BB2B80CF-837E-3720-02F2-44B4F8C93C87}.Release|Win32.Build.0 = Release|Win32
		{BC410A1F-AFF7-D475-BD5B-7D7E6659B376}.Release|x64.ActiveCfg = Release|x64
		{BC410A1F-AFF7-D475-BD5B-7D7E6659B376}.Release|x64.Build.0 = Release|x64
		{BC410A1F-AFF7-D475-BD5B-7D7E6659B376}.Debug|Win32.ActiveCfg = Debug|Win32
		{BC410A1F-AFF7-D475-BD5B-7D7E6659B376}.Debug|Win32.Build.0 = Debug|Win32
		{BC410A1F-AFF7-D475-BD5B-7D7E6659B376}.Debug|x64.ActiveCfg = Debug|x64
		{BC410A1F-AFF7-D475-BD5B-7D7E6659B376}.Debug|x64.Build.0 = Debug|x64
		{BC410A1F-AFF7-D475-BD5B-7D7E6659B376}.Release|Win32.ActiveCfg = Release|Win32
		{BC410A1F-AFF7-D475-BD5B-7D7E6659B376}.Release|Win32.Build.0 = Release|Win32
		{BDC77797-62E6-212C-61FE-D712A2570905}.Release|x64.ActiveCfg = Release|x64
		{BDC77797-62E6-212C-61FE-D712A2570905}.Release|x64.Build.0 = Release|x64
		{BDC77797-62E6-212C-61FE-D712A2570905}.Debug|Win32.ActiveCfg = Debug|Win32
		{BDC77797-62E6-212C-61FE-D712A2570905}.Debug|Win32.Build.0 = Debug|Win32
		{BDC77797-62E6-212C-61FE-D712A2570905}.Debug|x64.ActiveCfg = Debug|x64
		{BDC77797-62E6-212C-61FE-D712A2570905}.Debug|x64.Build.0 = Debug|x64
		{BDC77797-62E6-212C-61FE-D712A2570905}.Release|Win32.ActiveCfg = Release|Win32
		{BDC77797-62E6-212C-61FE-D712A2570905}.Release|Win32.Build.0 = Release|Win32
		{BE4F6042-5151-FB35-2F06-80E1B83297EF}.Release|x64.ActiveCfg = Release|x64
		{BE4F6042-5151-FB35-2F06-80E1B83297EF}.Release|x64.Build.0 = Release|x64
		{BE4F6042-5151-FB35-2F06-80E1B83297EF}.Debug|Win32.ActiveCfg = Debug|Win32
		{BE4F6042-5151-FB35-2F06-80E1B83297EF}.Debug|Win32.Build.0 = Debug|Win32
		{BE4F6042-5151-FB35-2F06-80E1B83297EF}.Debug|x64.ActiveCfg = Debug|x64
		{BE4F6042-5151-FB35-2F06-80E1B83297EF}.Debug|x64.Build.0 = Debug|x64
		{BE4F6042-5151-FB35-2F06-80E1B83297EF}.Release|Win32.ActiveCfg = Release|Win32
		{BE4F6042-5151-FB35-2F06-80E1B83297EF}.Release|Win32.Build.0 = Release|Win32
		{C0B9676C-F471-BBE0-FBFE-856913D2787C}.Release|x64.ActiveCfg = Release|x64
		{C0B9676C-F471-BBE0-FBFE-856913D2787C}.Release|x64.Build.0 = Release|x64
		{C0B9676C-F471-BBE0-FBFE-856913D2787C}.Debug|Win32.ActiveCfg = Debug|Win32
		{C0B9676C-F471-BBE0-FBFE-856913D2787C}.Debug|Win32.Build.0 = Debug|Win32
		{C0B9676C-F471-BBE0-FBFE-856913D2787C}.Debug|x64.ActiveCfg = Debug|x64
		{C0B9676C-F471-BBE0-FBFE-856913D2787C}.Debug|x64.Build.0 = Debug|x64
		{C0B9676C-F471-BBE0-FBFE-856913D2787C}.Release|Win32.ActiveCfg = Release|Win32
		{C0B9676C-F471-BBE0-FBFE-856913D2787C}.Release|Win32.Build.0 = Release|Win32
		{C2A68F04-4B1C-F804-0379-6D713CBE3EB2}.Release|x64.ActiveCfg = Release|x64
		{C2A68F04-4B1C-F804-0379-6D713CBE3EB2}.Release|x64.Build.0 = Release|x64
		{C2A68F04-4B1C-F804-0379-6D713CBE3EB2}.Debug|Win32.ActiveCfg = Debug|Win32
		{C2A68F04-4B1C-F804-0379-6D713CBE3EB2}.Debug|Win32.Build.0 = Debug|Win32
		{C2A68F04-4B1C-F804-0379-6D713CBE3EB2}.Debug|x64.ActiveCfg = Debug|x64
		{C2A68F04-4B1C-F804-0379-6D713CBE3EB2}.Debug|x64.Build.0 = Debug|x64
		{C2A68F04-4B1C-F804-0379-6D713CBE3EB2}.Release|Win32.ActiveCfg = Release|Win32
		{C2A68F04-4B1C-F804-0379-6D713CBE3EB2}.Release|Win32.Build.0 = Release|Win32
		{C4F55527-812A-DA57-0C23-11314BA8EED2}.Release|x64.ActiveCfg = Release|x64
		{C4F55527-812A-DA57-0C23-11314BA8EED2}.Release|x64.Build.0 = Release|x64
		{C4F55527-812A-DA57-0C23-11314BA8EED2}.Debug|Win32.ActiveCfg = Debug|Win32
		{C4F55527-812A-DA57-0C23-11314BA8EED2}.Debug|Win32.Build.0 = Debug|Win32
		{C4F55527-812A-DA57-0C23-11314BA8EED2}.Debug|x64.ActiveCfg = Debug|x64
		{C4F55527-812A-DA57-0C23-11314BA8EED2}.Debug|x64.Build.0 = Debug|x64
		{C4F55527-812A-DA57-0C23-11314BA8EED2}.Release|Win32.ActiveCfg = Release|Win32
		{C4F55527-812A-DA57-0C23-11314BA8EED2}.Release|Win32.Build.0 = Release|Win32
		{C71969EF-5072-58C8-89EF-3975EB24B0B0}.Release|x64.ActiveCfg = Release|x64
		{C71969EF-5072-58C8-89EF-3975EB24B0B0}.Release|x64.Build.0 = Release|x64
		{C71969EF-5072-58C8-89EF-3975EB24B0B0}.Debug|Win32.ActiveCfg = Debug|Win32
		{C71969EF-5072-58C8-89EF-3975EB24B0B0}.Debug|Win32.Build.0 = Debug|Win32
		{C71969EF-5072-58C8-89EF-3975EB24B0B0}.Debug|x64.ActiveCfg = Debug|x64
		{C71969EF-5072-58C8-89EF-3975EB24B0B0}.Debug|x64.Build.0 = Debug|x64
		{C71969EF-5072-58C8-89EF-3975EB24B0B0}.Release|Win32.ActiveCfg = Release|Win32
		{C71969EF-5072-58C8-89EF-3975EB24B0B0}.Release|Win32.Build.0 = Release|Win32
		{C93D0D08-4BEF-55EE-35A2-AA70422872A9}.Release|x64.ActiveCfg = Release|x64
		{C93D0D08-4BEF-55EE-35A2-AA70422872A9}.Release|x64.Build.0 = Release|x64
		{C93D0D08-4BEF-55EE-35A2-AA70422872A9}.Debug|Win32.ActiveCfg = Debug|Win32
		{C93D0D08-4BEF-55EE-35A2-AA70422872A9}.Debug|Win32.Build.0 = Debug|Win32
		{C93D0D08-4BEF-55EE-35A2-AA70422872A9}.Debug|x64.ActiveCfg = Debug|x64
		{C93D0D08-4BEF-55EE-35A2-AA70422872A9}.Debug|x64.Build.0 = Debug|x64
		{C93D0D08-4BEF-55EE-35A2-AA70422872A9}.Release|Win32.ActiveCfg = Release|Win32
		{C93D0D08-4BEF-55EE-35A2-AA70422872A9}.Release|Win32.Build.0 = Release|Win32
		{CB5AC1C9-C7DF-D950-C5FA-859FC76C33E2}.Release|x64.ActiveCfg = Release|x64
		{CB5AC1C9-C7DF-D950-C5FA-859FC76C33E2}.Release|x64.Build.0 = Release|x64
		{CB5AC1C9-C7DF-D950-C5FA-859FC76C33E2}.Debug|Win32.ActiveCfg = Debug|Win32
		{CB5AC1C9-C7DF-D950-C5FA-859FC76C33E2}.Debug|Win32.Build.0 = Debug|Win32
		{CB5AC1C9-C7DF-D950-C5FA-859FC76C33E2}.Debug|x64.ActiveCfg = Debug|x64
		{CB5AC1C9-C7DF-D950-C5FA-859FC76C33E2}.Debug|x64.Build.0 = Debug|x64
		{CB5AC1C9-C7DF-D950-C5FA-859FC76C33E2}.Release|Win32.ActiveCfg = Release|Win32
		{CB5AC1C9-C7DF-D950-C5FA-859FC76C33E2}.Release|Win32.Build.0 = Release|Win32
		{CD2AD607-339B-7E27-7940-850E1DF9BB2D}.Release|x64.ActiveCfg = Release|x64
		{CD2AD607-339B-7E27-7940-850E1DF9BB2D}.Release|x64.Build.0 = Release|x64
		{CD2AD607-339B-7E27-7940-850E1DF9BB2D}.Debug|Win32.ActiveCfg = Debug|Win32
		{CD2AD607-339B-7E27-7940-850E1DF9BB2D}.Debug|Win32.Build.0 = Debug|Win32
		{CD2AD607-339B-7E27-7940-850E1DF9BB2D}.Debug|x64.ActiveCfg = Debug|x64
		{CD2AD607-339B-7E27-7940-850E1DF9BB2D}.Debug|x64.Build.0 = Debug|x64
		{CD2AD607-339B-7E27-7940-850E1DF9BB2D}.Release|Win32.ActiveCfg = Release|Win32
		{CD2AD607-339B-7E27-7940-850E1DF9BB2D}.Release|Win32.Build.0 = Release|Win32
		{CD502501-04E9-6FCF-F831-88E11DCD8908}.Release|x64.ActiveCfg = Release|x64
		{CD502501-04E9-6FCF-F831-88E11DCD8908}.Release|x64.Build.0 = Release|x64
		{CD502501-04E9-6FCF-F831-88E11DCD8908}.Debug|Win32.ActiveCfg = Debug|Win32
		{CD502501-04E9-6FCF-F831-88E11DCD8908}.Debug|Win32.Build.0 = Debug|Win32
		{CD502501-04E9-6FCF-F831-88E11DCD8908}.Debug|x64.ActiveCfg = Debug|x64
		{CD502501-04E9-6FCF-F831-88E11DCD8908}.Debug|x64.Build.0 = Debug|x64
		{CD502501-04E9-6FCF-F831-88E11DCD8908}.Release|Win32.ActiveCfg = Release|Win32
		{CD502501-04E9-6FCF-F831-88E11DCD8908}.Release|Win32.Build.0 = Release|Win32
		{CEBF830B-582B-7D62-50E9-3A8C4A43CACD}.Release|x64.ActiveCfg = Release|x64
		{CEBF830B-582B-7D62-50E9-3A8C4A43CACD}.Release|x64.Build.0 = Release|x64
		{CEBF830B-582B-7D62-50E9-3A8C4A43CACD}.Debug|Win32.ActiveCfg = Debug|Win32
		{CEBF830B-582B-7D62-50E9-3A8C4A43CACD}.Debug|Win32.Build.0 = Debug|Win32
		{CEBF830B-582B-7D62-50E9-3A8C4A43CACD}.Debug|x64.ActiveCfg = Debug|x64
		{CEBF830B-582B-7D62-50E9-3A8C4A43CACD}.Debug|x64.Build.0 = Debug|x64
		{CEBF830B-582B-7D62-50E9-3A8C4A43CACD}.Release|Win32.ActiveCfg = Release|Win32
		{CEBF830B-582B-7D62-50E9-3A8C4A43CACD}.Release|Win32.Build.0 = Release|Win32
		{CF02661C-07C7-7478-24CD-63584FFD45E9}.Release|x64.ActiveCfg = Release|x64
		{CF02661C-07C7-7478-24CD-63584FFD45E9}.Release|x64.Build.0 = Release|x64
		{CF02661C-07C7-7478-24CD-63584FFD45E9}.Debug|Win32.ActiveCfg = Debug|Win32
		{CF02661C-07C7-7478-24CD-63584FFD45E9}.Debug|Win32.Build.0 = Debug|Win32
		{CF02661C-07C7-7478-24CD-63584FFD45E9}.Debug|x64.ActiveCfg = Debug|x64
		{CF02661C-07C7-7478-24CD-63584FFD45E9}.Debug|x64.Build.0 = Debug|x64
		{CF02661C-07C7-7478-24CD-63584FFD45E9}.Release|Win32.ActiveCfg = Release|Win32
		{CF02661C-07C7-7478-24CD-63584FFD45E9}.Release|Win32.Build.0 = Release|Win32
		{D1783451-3EF2-2EE4-ADE7-F18B14D06D78}.Release|x64.ActiveCfg = Release|x64
		{D1783451-3EF2-2EE4-ADE7-F18B14D06D78}.Release|x64.Build.0 = Release|x64
		{D1783451-3EF2-2EE4-ADE7-F18B14D06D78}.Debug|Win32.ActiveCfg = Debug|Win32
		{D1783451-3EF2-2EE4-ADE7-F18B14D06D78}.Debug|Win32.Build.0 = Debug|Win32
		{D1783451-3EF2-2EE4-ADE7-F18B14D06D78}.Debug|x64.ActiveCfg = Debug|x64
		{D1783451-3EF2-2EE4-ADE7-F18B14D06D78}.Debug|x64.Build.0 = Debug|x64
		{D1783451-3EF2-2EE4-ADE7-F18B14D06D78}.Release|Win32.ActiveCfg = Release|Win32
		{D1783451-3EF2-2EE4-ADE7-F18B14D06D78}.Release|Win32.Build.0 = Release|Win32
		{D20DD024-207F-29AC-CD49-B2C14FB51F03}.Release|x64.ActiveCfg = Release|x64
		{D20DD024-207F-29AC-CD49-B2C14FB51F03}.Release|x64.Build.0 = Release|x64
		{D20DD024-207F-29AC-CD49-B2C14FB51F03}.Debug|Win32.ActiveCfg = Debug|Win32
		{D20DD024-207F-29AC-CD49-B2C14FB51F03}.Debug|Win32.Build.0 = Debug|Win32
		{D20DD024-207F-29AC-CD49-B2C14FB51F03}.Debug|x64.ActiveCfg = Debug|x64
		{D20DD024-207F-29AC-CD49-B2C14FB51F03}.Debug|x64.Build.0 = Debug|x64
		{D20DD024-207F-29AC-CD49-B2C14FB51F03}.Release|Win32.ActiveCfg = Release|Win32
		{D20DD024-207F-29AC-CD49-B2C14FB51F03}.Release|Win32.Build.0 = Release|Win32
		{D2E7BC04-C7CB-4D56-2BD2-DC2B7105275D}.Release|x64.ActiveCfg = Release|x64
		{D2E7BC04-C7CB-4D56-2BD2-DC2B7105275D}.Release|x64.Build.0 = Release|x64
		{D2E7BC04-C7CB-4D56-2BD2-DC2B7105275D}.Debug|Win32.ActiveCfg = Debug|Win32
		{D2E7BC04-C7CB-4D56-2BD2-DC2B7105275D}.Debug|Win32.Build.0 = Debug|Win32
		{D2E7BC04-C7CB-4D56-2BD2-DC2B7105275D}.Debug|x64.ActiveCfg = Debug|x64
		{D2E7BC04-C7CB-4D56-2BD2-DC2B7105275D}.Debug|x64.Build.0 = Debug|x64
		{D2E7BC04-C7CB-4D56-2BD2-DC2B7105275D}.Release|Win32.ActiveCfg = Release|Win32
		{D2E7BC04-C7CB-4D56-2BD2-DC2B7105275D}.Release|Win32.Build.0 = Release|Win32
		{D38691C1-B729-3C3C-D6C1-E6C0D247F770}.Release|x64.ActiveCfg = Release|x64
		{D38691C1-B729-3C3C-D6C1-E6C0D247F770}.Release|x64.Build.0 = Release|x64
		{D38691C1-B729-3C3C-D6C1-E6C0D247F770}.Debug|Win32.ActiveCfg = Debug|Win32
		{D38691C1-B729-3C3C-D6C1-E6C0D247F770}.Debug|Win32.Build.0 = Debug|Win32
		{D38691C1-B729-3C3C-D6C1-E6C0D247F770}.Debug|x64.ActiveCfg = Debug|x64
		{D38691C1-B729-3C3C-D6C1-E6C0D247F770}.Debug|x64.Build.0 = Debug|x64
		{D38691C1-B729-3C3C-D6C1-E6C0D247F770}.Release|Win32.ActiveCfg = Release|Win32
		{D38691C1-B729-3C3C-D6C1-E6C0D247F770}.Release|Win32.Build.0 = Release|Win32
		{D764C052-F295-A995-AFC7-836490CB74AF}.Release|x64.ActiveCfg = Release|x64
		{D764C052-F295-A995-AFC7-836490CB74AF}.Release|x64.Build.0 = Release|x64
		{D764C052-F295-A995-AFC7-836490CB74AF}.Debug|Win32.ActiveCfg = Debug|Win32
		{D764C052-F295-A995-AFC7-836490CB74AF}.Debug|Win32.Build.0 = Debug|Win32
		{D764C052-F295-A995-AFC7-836490CB74AF}.Debug|x64.ActiveCfg = Debug|x64
		{D764C052-F295-A995-AFC7-836490CB74AF}.Debug|x64.Build.0 = Debug|x64
		{D764C052-F295-A995-AFC7-836490CB74AF}.Release|Win32.ActiveCfg = Release|Win32
		{D764C052-F295-A995-AFC7-836490CB74AF}.Release|Win32.Build.0 = Release|Win32
		{D7A94F58-576A-45D9-A45F-EB87C63ABBB0}.Release|x64.ActiveCfg = Release|x64
		{D7A94F58-576A-45D9-A45F-EB87C63ABBB0}.Release|x64.Build.0 = Release|x64
		{D7A94F58-576A-45D9-A45F-EB87C63ABBB0}.Debug|Win32.ActiveCfg = Debug|Win32
		{D7A94F58-576A-45D9-A45F-EB87C63ABBB0}.Debug|Win32.Build.0 = Debug|Win32
		{D7A94F58-576A-45D9-A45F-EB87C63ABBB0}.Debug|x64.ActiveCfg = Debug|x64
		{D7A94F58-576A-45D9-A45F-EB87C63ABBB0}.Debug|x64.Build.0 = Debug|x64
		{D7A94F58-576A-45D9-A45F-EB87C63ABBB0}.Release|Win32.ActiveCfg = Release|Win32
		{D7A94F58-576A-45D9-A45F-EB87C63ABBB0}.Release|Win32.Build.0 = Release|Win32
		{D9C68118-2B16-DD14-8A27-64EA1AB26B50}.Release|x64.ActiveCfg = Release|x64
		{D9C68118-2B16-DD14-8A27-64EA1AB26B50}.Release|x64.Build.0 = Release|x64
		{D9C68118-2B16-DD14-8A27-64EA1AB26B50}.Debug|Win32.ActiveCfg = Debug|Win32
		{D9C68118-2B16-DD14-8A27-64EA1AB26B50}.Debug|Win32.Build.0 = Debug|Win32
		{D9C68118-2B16-DD14-8A27-64EA1AB26B50}.Debug|x64.ActiveCfg = Debug|x64
		{D9C68118-2B16-DD14-8A27-64EA1AB26B50}.Debug|x64.Build.0 = Debug|x64
		{D9C68118-2B16-DD14-8A27-64EA1AB26B50}.Release|Win32.ActiveCfg = Release|Win32
		{D9C68118-2B16-DD14-8A27-64EA1AB26B50}.Release|Win32.Build.0 = Release|Win32
		{DE966467-44B8-5F38-8788-F1C6E631391D}.Release|x64.ActiveCfg = Release|x64
		{DE966467-44B8-5F38-8788-F1C6E631391D}.Release|x64.Build.0 = Release|x64
		{DE966467-44B8-5F38-8788-F1C6E631391D}.Debug|Win32.ActiveCfg = Debug|Win32
		{DE966467-44B8-5F38-8788-F1C6E631391D}.Debug|Win32.Build.0 = Debug|Win32
		{DE966467-44B8-5F38-8788-F1C6E631391D}.Debug|x64.ActiveCfg = Debug|x64
		{DE966467-44B8-5F38-8788-F1C6E631391D}.Debug|x64.Build.0 = Debug|x64
		{DE966467-44B8-5F38-8788-F1C6E631391D}.Release|Win32.ActiveCfg = Release|Win32
		{DE966467-44B8-5F38-8788-F1C6E631391D}.Release|Win32.Build.0 = Release|Win32
		{E554D1AF-0A1A-82C6-339E-0B2754FB6297}.Release|x64.ActiveCfg = Release|x64
		{E554D1AF-0A1A-82C6-339E-0B2754FB6297}.Release|x64.Build.0 = Release|x64
		{E554D1AF-0A1A-82C6-339E-0B2754FB6297}.Debug|Win32.ActiveCfg = Debug|Win32
		{E554D1AF-0A1A-82C6-339E-0B2754FB6297}.Debug|Win32.Build.0 = Debug|Win32
		{E554D1AF-0A1A-82C6-339E-0B2754FB6297}.Debug|x64.ActiveCfg = Debug|x64
		{E554D1AF-0A1A-82C6-339E-0B2754FB6297}.Debug|x64.Build.0 = Debug|x64
		{E554D1AF-0A1A-82C6-339E-0B2754FB6297}.Release|Win32.ActiveCfg = Release|Win32
		{E554D1AF-0A1A-82C6-339E-0B2754FB6297}.Release|Win32.Build.0 = Release|Win32
		{E5C63BEC-5A6F-3C72-897D-28D02094245E}.Release|x64.ActiveCfg = Release|x64
		{E5C63BEC-5A6F-3C72-897D-28D02094245E}.Release|x64.Build.0 = Release|x64
		{E5C63BEC-5A6F-3C72-897D-28D02094245E}.Debug|Win32.ActiveCfg = Debug|Win32
		{E5C63BEC-5A6F-3C72-897D-28D02094245E}.Debug|Win32.Build.0 = Debug|Win32
		{E5C63BEC-5A6F-3C72-897D-28D02094245E}.Debug|x64.ActiveCfg = Debug|x64
		{E5C63BEC-5A6F-3C72-897D-28D02094245E}.Debug|x64.Build.0 = Debug|x64
		{E5C63BEC-5A6F-3C72-897D-28D02094245E}.Release|Win32.ActiveCfg = Release|Win32
		{E5C63BEC-5A6F-3C72-897D-28D02094245E}.Release|Win32.Build.0 = Release|Win32
		{E646A84A-8EBE-BAFD-C035-1BCE3A886B07}.Release|x64.ActiveCfg = Release|x64
		{E646A84A-8EBE-BAFD-C035-1BCE3A886B07}.Release|x64.Build.0 = Release|x64
		{E646A84A-8EBE-BAFD-C035-1BCE3A886B07}.Debug|Win32.ActiveCfg = Debug|Win32
		{E646A84A-8EBE-BAFD-C035-1BCE3A886B07}.Debug|Win32.Build.0 = Debug|Win32
		{E646A84A-8EBE-BAFD-C035-1BCE3A886B07}.Debug|x64.ActiveCfg = Debug|x64
		{E646A84A-8EBE-BAFD-C035-1BCE3A886B07}.Debug|x64.Build.0 = Debug|x64
		{E646A84A-8EBE-BAFD-C035-1BCE3A886B07}.Release|Win32.ActiveCfg = Release|Win32
		{E646A84A-8EBE-BAFD-C035-1BCE3A886B07}.Release|Win32.Build.0 = Release|Win32
		{E79AC421-CA61-6A6B-C628-2CF53F820FA6}.Release|x64.ActiveCfg = Release|x64
		{E79AC421-CA61-6A6B-C628-2CF53F820FA6}.Release|x64.Build.0 = Release|x64
		{E79AC421-CA61-6A6B-C628-2CF53F820FA6}.Debug|Win32.ActiveCfg = Debug|Win32
		{E79AC421-CA61-6A6B-C628-2CF53F820FA6}.Debug|Win32.Build.0 = Debug|Win32
		{E79AC421-CA61-6A6B-C628-2CF53F820FA6}.Debug|x64.ActiveCfg = Debug|x64
		{E79AC421-CA61-6A6B-C628-2CF53F820FA6}.Debug|x64.Build.0 = Debug|x64
		{E79AC421-CA61-6A6B-C628-2CF53F820FA6}.Release|Win32.ActiveCfg = Release|Win32
		{E79AC421-CA61-6A6B-C628-2CF53F820FA6}.Release|Win32.Build.0 = Release|Win32
		{E7EE3189-BAEE-6D04-2D0E-380D9BC2A3AB}.Release|x64.ActiveCfg = Release|x64
		{E7EE3189-BAEE-6D04-2D0E-380D9BC2A3AB}.Release|x64.Build.0 = Release|x64
		{E7EE3189-BAEE-6D04-2D0E-380D9BC2A3AB}.Debug|Win32.ActiveCfg = Debug|Win32
		{E7EE3189-BAEE-6D04-2D0E-380D9BC2A3AB}.Debug|Win32.Build.0 = Debug|Win32
		{E7EE3189-BAEE-6D04-2D0E-380D9BC2A3AB}.Debug|x64.ActiveCfg = Debug|x64
		{E7EE3189-BAEE-6D04-2D0E-380D9BC2A3AB}.Debug|x64.Build.0 = Debug|x64
		{E7EE3189-BAEE-6D04-2D0E-380D9BC2A3AB}.Release|Win32.ActiveCfg = Release|Win32
		{E7EE3189-BAEE-6D04-2D0E-380D9BC2A3AB}.Release|Win32.Build.0 = Release|Win32
		{E96A9715-5A63-9E01-16DD-E6FEEF86FDAD}.Release|x64.ActiveCfg = Release|x64
		{E96A9715-5A63-9E01-16DD-E6FEEF86FDAD}.Release|x64.Build.0 = Release|x64
		{E96A9715-5A63-9E01-16DD-E6FEEF86FDAD}.Debug|Win32.ActiveCfg = Debug|Win32
		{E96A9715-5A63-9E01-16DD-E6FEEF86FDAD}.Debug|Win32.Build.0 = Debug|Win32
		{E96A9715-5A63-9E01-16DD-E6FEEF86FDAD}.Debug|x64.ActiveCfg = Debug|x64
		{E96A9715-5A63-9E01-16DD-E6FEEF86FDAD}.Debug|x64.Build.0 = Debug|x64
		{E96A9715-5A63-9E01-16DD-E6FEEF86FDAD}.Release|Win32.ActiveCfg = Release|Win32
		{E96A9715-5A63-9E01-16DD-E6FEEF86FDAD}.Release|Win32.Build.0 = Release|Win32
		{EA74A0F8-3070-BDD0-3F52-0E75B7B81683}.Release|x64.ActiveCfg = Release|x64
		{EA74A0F8-3070-BDD0-3F52-0E75B7B81683}.Release|x64.Build.0 = Release|x64
		{EA74A0F8-3070-BDD0-3F52-0E75B7B81683}.Debug|Win32.ActiveCfg = Debug|Win32
		{EA74A0F8-3070-BDD0-3F52-0E75B7B81683}.Debug|Win32.Build.0 = Debug|Win32
		{EA74A0F8-3070-BDD0-3F52-0E75B7B81683}.Debug|x64.ActiveCfg = Debug|x64
		{EA74A0F8-3070-BDD0-3F52-0E75B7B81683}.Debug|x64.Build.0 = Debug|x64
		{EA74A0F8-3070-BDD0-3F52-0E75B7B81683}.Release|Win32.ActiveCfg = Release|Win32
		{EA74A0F8-3070-BDD0-3F52-0E75B7B81683}.Release|Win32.Build.0 = Release|Win32
		{EC2BB39E-FFCF-7610-3D98-E572F57495BC}.Release|x64.ActiveCfg = Release|x64
		{EC2BB39E-FFCF-7610-3D98-E572F57495BC}.Release|x64.Build.0 = Release|x64
		{EC2BB39E-FFCF-7610-3D98-E572F57495BC}.Debug|Win32.ActiveCfg = Debug|Win32
		{EC2BB39E-FFCF-7610-3D98-E572F57495BC}.Debug|Win32.Build.0 = Debug|Win32
		{EC2BB39E-FFCF-7610-3D98-E572F57495BC}.Debug|x64.ActiveCfg = Debug|x64
		{EC2BB39E-FFCF-7610-3D98-E572F57495BC}.Debug|x64.Build.0 = Debug|x64
		{EC2BB39E-FFCF-7610-3D98-E572F57495BC}.Release|Win32.ActiveCfg = Release|Win32
		{EC2BB39E-FFCF-7610-3D98-E572F57495BC}.Release|Win32.Build.0 = Release|Win32
		{EDF433B6-974F-637E-9667-2EEEC4BCF4E1}.Release|x64.ActiveCfg = Release|x64
		{EDF433B6-974F-637E-9667-2EEEC4BCF4E1}.Release|x64.Build.0 = Release|x64
		{EDF433B6-974F-637E-9667-2EEEC4BCF4E1}.Debug|Win32.ActiveCfg = Debug|Win32
		{EDF433B6-974F-637E-9667-2EEEC4BCF4E1}.Debug|Win32.Build.0 = Debug|Win32
		{EDF433B6-974F-637E-9667-2EEEC4BCF4E1}.Debug|x64.ActiveCfg = Debug|x64
		{EDF433B6-974F-637E-9667-2EEEC4BCF4E1}.Debug|x64.Build.0 = Debug|x64
		{EDF433B6-974F-637E-9667-2EEEC4BCF4E1}.Release|Win32.ActiveCfg = Release|Win32
		{EDF433B6-974F-637E-9667-2EEEC4BCF4E1}.Release|Win32.Build.0 = Release|Win32
		{EE40D47B-939E-BFBC-0FC2-9B7426E551BD}.Release|x64.ActiveCfg = Release|x64
		{EE40D47B-939E-BFBC-0FC2-9B7426E551BD}.Release|x64.Build.0 = Release|x64
		{EE40D47B-939E-BFBC-0FC2-9B7426E551BD}.Debug|Win32.ActiveCfg = Debug|Win32
		{EE40D47B-939E-BFBC-0FC2-9B7426E551BD}.Debug|Win32.Build.0 = Debug|Win32
		{EE40D47B-939E-BFBC-0FC2-9B7426E551BD}.Debug|x64.ActiveCfg = Debug|x64
		{EE40D47B-939E-BFBC-0FC2-9B7426E551BD}.Debug|x64.Build.0 = Debug|x64
		{EE40D47B-939E-BFBC-0FC2-9B7426E551BD}.Release|Win32.ActiveCfg = Release|Win32
		{EE40D47B-939E-BFBC-0FC2-9B7426E551BD}.Release|Win32.Build.0 = Release|Win32
		{F52280E1-B0BE-5236-AE21-0B9C36D9D338}.Release|x64.ActiveCfg = Release|x64
		{F52280E1-B0BE-5236-AE21-0B9C36D9D338}.Release|x64.Build.0 = Release|x64
		{F52280E1-B0BE-5236-AE21-0B9C36D9D338}.Debug|Win32.ActiveCfg = Debug|Win32
		{F52280E1-B0BE-5236-AE21-0B9C36D9D338}.Debug|Win32.Build.0 = Debug|Win32
		{F52280E1-B0BE-5236-AE21-0B9C36D9D338}.Debug|x64.ActiveCfg = Debug|x64
		{F52280E1-B0BE-5236-AE21-0B9C36D9D338}.Debug|x64.Build.0 = Debug|x64
		{F52280E1-B0BE-5236-AE21-0B9C36D9D338}.Release|Win32.ActiveCfg = Release|Win32
		{F52280E1-B0BE-5236-AE21-0B9C36D9D338}.Release|Win32.Build.0 = Release|Win32
		{F8536DFB-87B7-4B55-CBEC-11869343A7EC}.Release|x64.ActiveCfg = Release|x64
		{F8536DFB-87B7-4B55-CBEC-11869343A7EC}.Release|x64.Build.0 = Release|x64
		{F8536DFB-87B7-4B55-CBEC-11869343A7EC}.Debug|Win32.ActiveCfg = Debug|Win32
		{F8536DFB-87B7-4B55-CBEC-11869343A7EC}.Debug|Win32.Build.0 = Debug|Win32
		{F8536DFB-87B7-4B55-CBEC-11869343A7EC}.Debug|x64.ActiveCfg = Debug|x64
		{F8536DFB-87B7-4B55-CBEC-11869343A7EC}.Debug|x64.Build.0 = Debug|x64
		{F8536DFB-87B7-4B55-CBEC-11869343A7EC}.Release|Win32.ActiveCfg = Release|Win32
		{F8536DFB-87B7-4B55-CBEC-11869343A7EC}.Release|Win32.Build.0 = Release|Win32
		{FDA49C7A-0D19-BC89-3238-75B3B4A0E6EE}.Release|x64.ActiveCfg = Release|x64
		{FDA49C7A-0D19-BC89-3238-75B3B4A0E6EE}.Release|x64.Build.0 = Release|x64
		{FDA49C7A-0D19-BC89-3238-75B3B4A0E6EE}.Debug|Win32.ActiveCfg = Debug|Win32
		{FDA49C7A-0D19-BC89-3238-75B3B4A0E6EE}.Debug|Win32.Build.0 = Debug|Win32
		{FDA49C7A-0D19-BC89-3238-75B3B4A0E6EE}.Debug|x64.ActiveCfg = Debug|x64
		{FDA49C7A-0D19-BC89-3238-75B3B4A0E6EE}.Debug|x64.Build.0 = Debug|x64
		{FDA49C7A-0D19-BC89-3238-75B3B4A0E6EE}.Release|Win32.ActiveCfg = Release|Win32
		{FDA49C7A-0D19-BC89-3238-75B3B4A0E6EE}.Release|Win32.Build.0 = Release|Win32
		{FEF5CD4D-2018-A449-DD84-9448BF6B70CA}.Release|x64.ActiveCfg = Release|x64
		{FEF5CD4D-2018-A449-DD84-9448BF6B70CA}.Release|x64.Build.0 = Release|x64
		{FEF5CD4D-2018-A449-DD84-9448BF6B70CA}.Debug|Win32.ActiveCfg = Debug|Win32
		{FEF5CD4D-2018-A449-DD84-9448BF6B70CA}.Debug|Win32.Build.0 = Debug|Win32
		{FEF5CD4D-2018-A449-DD84-9448BF6B70CA}.Debug|x64.ActiveCfg = Debug|x64
		{FEF5CD4D-2018-A449-DD84-9448BF6B70CA}.Debug|x64.Build.0 = Debug|x64
		{FEF5CD4D-2018-A449-DD84-9448BF6B70CA}.Release|Win32.ActiveCfg = Release|Win32
		{FEF5CD4D-2018-A449-DD84-9448BF6B70CA}.Release|Win32.Build.0 = Release|Win32
	EndGlobalSection
	GlobalSection(SolutionProperties) = preSolution
		HideSolutionNode = FALSE
	EndGlobalSection
	GlobalSection(NestedProjects) = preSolution
		{8E538E10-0288-F934-C0B4-A2C5684885A8} = {D5536B1B-0215-0B8D-2C6B-01AF474C999D}
		{D5536B1B-0215-0B8D-2C6B-01AF474C999D} = {7C6CDB29-38D7-8364-748C-AEAAD8CCFB36}
		{C2681D28-B474-0578-6C77-C21B094B9DEB} = {8E538E10-0288-F934-C0B4-A2C5684885A8}
		{2915E026-0CF5-5E77-201C-6D6C4C28AA63} = {6478B9F3-4858-63F4-35F4-98A303E305F3}
		{1AF8C68F-B8D1-BD7D-27E7-9BA001DECAFD} = {E84BD6B4-44F2-6E18-7DE5-1E60AEB78443}
		{C7F83F05-8335-05BC-FABC-52BB99106795} = {4D091BEB-A76B-E8AB-36FD-0A80BA9DE97D}
		{6478B9F3-4858-63F4-35F4-98A303E305F3} = {9785FB75-982A-5DE3-252D-3F288B9FEF5B}
		{3E7FA5AF-27B3-2DE0-883C-12F98E7F4E81} = {9785FB75-982A-5DE3-252D-3F288B9FEF5B}
		{E96A9715-5A63-9E01-16DD-E6FEEF86FDAD} = {9785FB75-982A-5DE3-252D-3F288B9FEF5B}
		{75E9E561-1EF1-B6FA-B63D-27E068147661} = {9785FB75-982A-5DE3-252D-3F288B9FEF5B}
		{C4F55527-812A-DA57-0C23-11314BA8EED2} = {9785FB75-982A-5DE3-252D-3F288B9FEF5B}
		{299D9456-929B-5224-943D-BFC2576C69EA} = {BC1FC5DA-9C54-7D77-0BFF-DEDDFD7A8F6C}
		{B4DAB62B-A2A4-4CA5-67CD-2D41F22B755F} = {C2681D28-B474-0578-6C77-C21B094B9DEB}
		{8BA629EB-E0C8-FBB8-1D0B-F08BCF76C7F0} = {1670CB0B-8AB5-66D9-D715-D2DC1A1CB97F}
		{D9C68118-2B16-DD14-8A27-64EA1AB26B50} = {F8FCF6CD-4DE1-16F6-65CB-5E6194E8495C}
		{D7A94F58-576A-45D9-A45F-EB87C63ABBB0} = {F8FCF6CD-4DE1-16F6-65CB-5E6194E8495C}
		{EE40D47B-939E-BFBC-0FC2-9B7426E551BD} = {F8FCF6CD-4DE1-16F6-65CB-5E6194E8495C}
		{13B10F96-1F67-A959-373A-A7F4FBB3DB89} = {F8FCF6CD-4DE1-16F6-65CB-5E6194E8495C}
		{22B8C160-E760-E217-305D-B484C2087E03} = {3B777519-EA92-6BAC-718D-8F078D7E186A}
		{BDC77797-62E6-212C-61FE-D712A2570905} = {3B777519-EA92-6BAC-718D-8F078D7E186A}
		{B744C710-82E9-FAF1-7FDF-2DC400FC3604} = {3B777519-EA92-6BAC-718D-8F078D7E186A}
		{38428389-A7D9-1310-3422-F196BECFF849} = {3B777519-EA92-6BAC-718D-8F078D7E186A}
		{1670CB0B-8AB5-66D9-D715-D2DC1A1CB97F} = {C2E276B7-2737-A889-723C-CE2956B80FB7}
		{3B777519-EA92-6BAC-718D-8F078D7E186A} = {C2E276B7-2737-A889-723C-CE2956B80FB7}
		{93BF112F-17F3-985D-2767-06F292B9EC8F} = {C2E276B7-2737-A889-723C-CE2956B80FB7}
		{385351BF-E3AA-D071-EFE8-914E9D7237D8} = {C2E276B7-2737-A889-723C-CE2956B80FB7}
		{4CF32848-161F-3969-452D-C2AF539DCCCF} = {C2E276B7-2737-A889-723C-CE2956B80FB7}
		{52BED60A-6BB4-A338-589D-A03F25193195} = {C2E276B7-2737-A889-723C-CE2956B80FB7}
		{9D29DB8E-E47B-4496-06B0-5F846183A692} = {C2E276B7-2737-A889-723C-CE2956B80FB7}
		{4D5ABE23-B01B-9467-6D36-F9AEDC0DB92C} = {C2E276B7-2737-A889-723C-CE2956B80FB7}
		{0B30483F-B433-7B5E-195A-61AA6C7F8B88} = {C2E276B7-2737-A889-723C-CE2956B80FB7}
		{CD502501-04E9-6FCF-F831-88E11DCD8908} = {2DE59335-96CE-10CA-CDE5-FEC35E3549BB}
		{392EBFE1-8133-8432-AB93-4EA520C83304} = {2DE59335-96CE-10CA-CDE5-FEC35E3549BB}
		{AEAF5727-7306-AF60-3BAE-6BD073DE3312} = {2DE59335-96CE-10CA-CDE5-FEC35E3549BB}
		{C0B9676C-F471-BBE0-FBFE-856913D2787C} = {7522960F-C97E-E7C9-38F2-1B74A395F476}
		{E79AC421-CA61-6A6B-C628-2CF53F820FA6} = {A9EB8559-7015-13E0-0462-D9901FC693FD}
		{D38691C1-B729-3C3C-D6C1-E6C0D247F770} = {B881B030-1C2B-0D06-F74A-9A16B0B8657E}
		{0795BE9B-038D-7086-63F9-3AD258DBF309} = {B881B030-1C2B-0D06-F74A-9A16B0B8657E}
		{D2E7BC04-C7CB-4D56-2BD2-DC2B7105275D} = {B881B030-1C2B-0D06-F74A-9A16B0B8657E}
		{55ABD21F-7843-1D63-F9F4-FB256F82F883} = {B881B030-1C2B-0D06-F74A-9A16B0B8657E}
		{7FBE38CC-D214-2C50-AF2A-E71994789922} = {B881B030-1C2B-0D06-F74A-9A16B0B8657E}
		{7B22833A-2C2E-0FA2-2C7C-5A2362DA920F} = {B881B030-1C2B-0D06-F74A-9A16B0B8657E}
		{CF02661C-07C7-7478-24CD-63584FFD45E9} = {B881B030-1C2B-0D06-F74A-9A16B0B8657E}
		{CEBF830B-582B-7D62-50E9-3A8C4A43CACD} = {019E1937-61F3-F9EC-47C4-8EB017B64518}
		{E646A84A-8EBE-BAFD-C035-1BCE3A886B07} = {019E1937-61F3-F9EC-47C4-8EB017B64518}
		{08907701-C8F0-8F0F-839F-B6D9C2AEC235} = {019E1937-61F3-F9EC-47C4-8EB017B64518}
		{FEF5CD4D-2018-A449-DD84-9448BF6B70CA} = {019E1937-61F3-F9EC-47C4-8EB017B64518}
		{28334949-814B-7103-B79C-0AA6E4C8B0B7} = {019E1937-61F3-F9EC-47C4-8EB017B64518}
		{706EA099-A1BB-DB64-6B2E-16996952FB2E} = {019E1937-61F3-F9EC-47C4-8EB017B64518}
		{B7F38AFF-0CFF-507F-CA50-07962B52C5A7} = {B192C3BB-2B62-1D75-41F4-8F64C08A00D1}
		{5A566D8E-9FAB-ED62-0C7C-BD22FF9AF8A2} = {96A8EC63-88DB-B85C-EEBC-43667C60DEB3}
		{E554D1AF-0A1A-82C6-339E-0B2754FB6297} = {96A8EC63-88DB-B85C-EEBC-43667C60DEB3}
		{90CB5362-28C3-3F2B-5493-6096CAAFFFE1} = {96A8EC63-88DB-B85C-EEBC-43667C60DEB3}
		{27942361-7513-499D-BAD2-4CA2B97EB79D} = {96A8EC63-88DB-B85C-EEBC-43667C60DEB3}
		{45A07898-154D-0007-B733-EC3D4BAF3D2F} = {91989827-5B0C-52D9-1FE9-9553D672A5E7}
		{923A97BF-3083-A935-9598-0B3EF58F42B6} = {CD014008-1CDB-809B-D770-C67A261539F7}
		{14C54601-1B00-B8D9-5C1C-A2C505E54C25} = {CD014008-1CDB-809B-D770-C67A261539F7}
		{6409DA3F-5F76-36CC-EF57-E2333F19041E} = {CD014008-1CDB-809B-D770-C67A261539F7}
		{BB2B80CF-837E-3720-02F2-44B4F8C93C87} = {FF6C6E0D-F605-D848-8A79-B0ED90BBDB2F}
		{A06BA5BD-6C77-77F8-0FD1-2E95C527D615} = {FF6C6E0D-F605-D848-8A79-B0ED90BBDB2F}
		{C71969EF-5072-58C8-89EF-3975EB24B0B0} = {FF6C6E0D-F605-D848-8A79-B0ED90BBDB2F}
		{87D11349-528A-31ED-FD5C-3E499F5B7607} = {5B17195B-58DF-4533-4FE7-D2747913694E}
		{EDF433B6-974F-637E-9667-2EEEC4BCF4E1} = {5B17195B-58DF-4533-4FE7-D2747913694E}
		{0F382CCE-C978-66AE-9295-05832326ECBA} = {5B17195B-58DF-4533-4FE7-D2747913694E}
		{D20DD024-207F-29AC-CD49-B2C14FB51F03} = {3BDF6A4C-39A3-91ED-A6AC-3B583F8A2FD8}
		{BC410A1F-AFF7-D475-BD5B-7D7E6659B376} = {1AF8C68F-B8D1-BD7D-27E7-9BA001DECAFD}
		{086369A2-9FD3-710C-A9D1-56AFA00FCA31} = {1AF8C68F-B8D1-BD7D-27E7-9BA001DECAFD}
		{EA74A0F8-3070-BDD0-3F52-0E75B7B81683} = {1AF8C68F-B8D1-BD7D-27E7-9BA001DECAFD}
		{E5C63BEC-5A6F-3C72-897D-28D02094245E} = {C7F83F05-8335-05BC-FABC-52BB99106795}
		{6F1E5164-E8F4-FF13-9200-1E0E7485C4A4} = {299D9456-929B-5224-943D-BFC2576C69EA}
		{618290FC-61AC-99C1-0085-B2D6D9294C08} = {EAC80D00-01D2-3F49-A377-20B7154947F3}
		{26066164-8BCA-BB54-76A5-8B5333BB2C0C} = {3E7FA5AF-27B3-2DE0-883C-12F98E7F4E81}
		{91989827-5B0C-52D9-1FE9-9553D672A5E7} = {5A566D8E-9FAB-ED62-0C7C-BD22FF9AF8A2}
		{7C6CDB29-38D7-8364-748C-AEAAD8CCFB36} = {89C816A7-DD31-D54C-C69C-5A80E0C49B77}
		{E84BD6B4-44F2-6E18-7DE5-1E60AEB78443} = {89C816A7-DD31-D54C-C69C-5A80E0C49B77}
		{F8FCF6CD-4DE1-16F6-65CB-5E6194E8495C} = {89C816A7-DD31-D54C-C69C-5A80E0C49B77}
		{2DE59335-96CE-10CA-CDE5-FEC35E3549BB} = {89C816A7-DD31-D54C-C69C-5A80E0C49B77}
		{7522960F-C97E-E7C9-38F2-1B74A395F476} = {89C816A7-DD31-D54C-C69C-5A80E0C49B77}
		{A9EB8559-7015-13E0-0462-D9901FC693FD} = {89C816A7-DD31-D54C-C69C-5A80E0C49B77}
		{B881B030-1C2B-0D06-F74A-9A16B0B8657E} = {89C816A7-DD31-D54C-C69C-5A80E0C49B77}
		{B192C3BB-2B62-1D75-41F4-8F64C08A00D1} = {89C816A7-DD31-D54C-C69C-5A80E0C49B77}
		{CD014008-1CDB-809B-D770-C67A261539F7} = {89C816A7-DD31-D54C-C69C-5A80E0C49B77}
		{FF6C6E0D-F605-D848-8A79-B0ED90BBDB2F} = {89C816A7-DD31-D54C-C69C-5A80E0C49B77}
		{3BDF6A4C-39A3-91ED-A6AC-3B583F8A2FD8} = {89C816A7-DD31-D54C-C69C-5A80E0C49B77}
		{AC6A79C6-25A5-8535-37D4-DCE797519D55} = {89C816A7-DD31-D54C-C69C-5A80E0C49B77}
		{CD2AD607-339B-7E27-7940-850E1DF9BB2D} = {89C816A7-DD31-D54C-C69C-5A80E0C49B77}
		{E7EE3189-BAEE-6D04-2D0E-380D9BC2A3AB} = {89C816A7-DD31-D54C-C69C-5A80E0C49B77}
		{FDA49C7A-0D19-BC89-3238-75B3B4A0E6EE} = {89C816A7-DD31-D54C-C69C-5A80E0C49B77}
		{F52280E1-B0BE-5236-AE21-0B9C36D9D338} = {89C816A7-DD31-D54C-C69C-5A80E0C49B77}
		{24C2F0CC-CD5B-FDE6-5458-984B63E10E60} = {89C816A7-DD31-D54C-C69C-5A80E0C49B77}
		{77E7EFF8-0B91-81DC-6284-A5FD15E68527} = {89C816A7-DD31-D54C-C69C-5A80E0C49B77}
		{11F7725F-D3EE-73EE-E9A6-C4CD83C70120} = {89C816A7-DD31-D54C-C69C-5A80E0C49B77}
		{DE966467-44B8-5F38-8788-F1C6E631391D} = {89C816A7-DD31-D54C-C69C-5A80E0C49B77}
		{4D091BEB-A76B-E8AB-36FD-0A80BA9DE97D} = {644B7826-0417-C19E-B1ED-C0BF73289DEE}
		{5508407C-5A27-F27C-2632-CC6AA2C4EC75} = {644B7826-0417-C19E-B1ED-C0BF73289DEE}
		{5A2600C6-C52F-5F3A-8CCF-E094D9788347} = {644B7826-0417-C19E-B1ED-C0BF73289DEE}
		{AF7BED4A-0DC8-F0E5-D9F4-CB02C16E665F} = {644B7826-0417-C19E-B1ED-C0BF73289DEE}
		{0E6F8133-51EF-D6AF-7F33-023E5CADFEE9} = {644B7826-0417-C19E-B1ED-C0BF73289DEE}
		{D764C052-F295-A995-AFC7-836490CB74AF} = {AC6A79C6-25A5-8535-37D4-DCE797519D55}
		{EC2BB39E-FFCF-7610-3D98-E572F57495BC} = {AC6A79C6-25A5-8535-37D4-DCE797519D55}
		{44802D63-D384-2D8A-BEAF-9BB92F74B359} = {AC6A79C6-25A5-8535-37D4-DCE797519D55}
		{CB5AC1C9-C7DF-D950-C5FA-859FC76C33E2} = {AC6A79C6-25A5-8535-37D4-DCE797519D55}
		{858F8B84-11ED-1A8D-3D6D-5E7921CB1C6C} = {AC6A79C6-25A5-8535-37D4-DCE797519D55}
		{6F304E6C-636C-88F5-42CB-B7DE6D218134} = {AC6A79C6-25A5-8535-37D4-DCE797519D55}
		{C93D0D08-4BEF-55EE-35A2-AA70422872A9} = {AC6A79C6-25A5-8535-37D4-DCE797519D55}
		{BE4F6042-5151-FB35-2F06-80E1B83297EF} = {AC6A79C6-25A5-8535-37D4-DCE797519D55}
		{D1783451-3EF2-2EE4-ADE7-F18B14D06D78} = {AC6A79C6-25A5-8535-37D4-DCE797519D55}
		{C2A68F04-4B1C-F804-0379-6D713CBE3EB2} = {AC6A79C6-25A5-8535-37D4-DCE797519D55}
	EndGlobalSection
EndGlobal
