
Microsoft Visual Studio Solution File, Format Version 11.00
# Visual Studio 2010
Project("{8BC9CEB8-8B4A-11D0-8D11-00A0C91BC942}") = "chromium_mod", "chromium_mod\chromium_mod.vcxproj", "{AF5DE93B-55C9-4C80-B6FA-2A7A5A5532F9}"
EndProject
Project("{2150E333-8FDC-42A3-9474-1A3956D46DE8}") = "googlebase", "googlebase", "{99E96C06-8EB5-4AA3-8EA0-CDD4DDC84D99}"
EndProject
Project("{8BC9CEB8-8B4A-11D0-8D11-00A0C91BC942}") = "base", "base\base.vcxproj", "{E96A9715-5A63-9E01-16DD-E6FEEF86FDAD}"
EndProject
Project("{8BC9CEB8-8B4A-11D0-8D11-00A0C91BC942}") = "crypto", "crypto\crypto.vcxproj", "{32862CA2-D7B6-160A-69BA-3D4BF55C789C}"
EndProject
Project("{8BC9CEB8-8B4A-11D0-8D11-00A0C91BC942}") = "ipc", "ipc\ipc.vcxproj", "{A38ACEF9-373A-5B5D-887F-88AA973F7CE9}"
EndProject
Project("{8BC9CEB8-8B4A-11D0-8D11-00A0C91BC942}") = "net", "net\net.vcxproj", "{E554D1AF-0A1A-82C6-339E-0B2754FB6297}"
EndProject
Project("{8BC9CEB8-8B4A-11D0-8D11-00A0C91BC942}") = "sandbox", "sandbox\sandbox.vcxproj", "{A820BFF5-5A41-23EF-72CF-8DAEC48840A6}"
EndProject
Project("{8BC9CEB8-8B4A-11D0-8D11-00A0C91BC942}") = "sql", "sql\sql.vcxproj", "{6364108C-EB3C-0C2D-3751-C3276403586D}"
EndProject
Project("{8BC9CEB8-8B4A-11D0-8D11-00A0C91BC942}") = "url", "url\url.vcxproj", "{C49643A3-5A0A-2FFF-A746-C5991C49856F}"
EndProject
Project("{2150E333-8FDC-42A3-9474-1A3956D46DE8}") = "工程范例", "工程范例", "{FB617576-2955-44A2-A943-AF9EC11D27E1}"
EndProject
Project("{8BC9CEB8-8B4A-11D0-8D11-00A0C91BC942}") = "exe_demo", "exe_demo\exe_demo.vcxproj", "{FA429AD4-40B7-4C40-962E-1F8CBC2C6A84}"
EndProject
Project("{8BC9CEB8-8B4A-11D0-8D11-00A0C91BC942}") = "dll_demo", "dll_demo\dll_demo.vcxproj", "{58C6A46E-EAAC-4B6C-8947-80D02122EF3D}"
EndProject
Project("{2150E333-8FDC-42A3-9474-1A3956D46DE8}") = "流媒体", "流媒体", "{20DB624F-5CB6-4463-A217-F3C705125B0B}"
EndProject
Project("{8BC9CEB8-8B4A-11D0-8D11-00A0C91BC942}") = "MediaDemo", "MediaDemo\MediaDemo.vcxproj", "{C0099843-FA0D-40CB-9952-4503CFFF5A2C}"
EndProject
Project("{8BC9CEB8-8B4A-11D0-8D11-00A0C91BC942}") = "device_usb", "device\device_usb.vcxproj", "{949D27FC-8ACF-6B56-8FD2-6783E19815B9}"
EndProject
Project("{8BC9CEB8-8B4A-11D0-8D11-00A0C91BC942}") = "device_bluetooth", "device\device_bluetooth.vcxproj", "{A05F2EE0-D4E7-F292-8796-1CDC5D21AD4E}"
EndProject
Project("{8BC9CEB8-8B4A-11D0-8D11-00A0C91BC942}") = "gpu", "gpu\gpu.vcxproj", "{0B30483F-B433-7B5E-195A-61AA6C7F8B88}"
EndProject
Project("{8BC9CEB8-8B4A-11D0-8D11-00A0C91BC942}") = "jingle_glue", "jingle\jingle_glue.vcxproj", "{D9E53374-1A0E-3145-EC3A-663086D9D39A}"
EndProject
Project("{8BC9CEB8-8B4A-11D0-8D11-00A0C91BC942}") = "notifier", "jingle\notifier.vcxproj", "{705F7F61-82DF-A588-9F26-144A8128E99D}"
EndProject
Project("{8BC9CEB8-8B4A-11D0-8D11-00A0C91BC942}") = "media", "media\media.vcxproj", "{E646A84A-8EBE-BAFD-C035-1BCE3A886B07}"
EndProject
Project("{8BC9CEB8-8B4A-11D0-8D11-00A0C91BC942}") = "ui", "ui\ui.vcxproj", "{AF7BED4A-0DC8-F0E5-D9F4-CB02C16E665F}"
EndProject
Project("{8BC9CEB8-8B4A-11D0-8D11-00A0C91BC942}") = "wyMediaUtil", "wyMediaUtil\wyMediaUtil.vcxproj", "{9664E41A-299F-41BD-8A34-543FCF9CFEE5}"
EndProject
Project("{2150E333-8FDC-42A3-9474-1A3956D46DE8}") = "QQPlugins", "QQPlugins", "{F07E1930-4E39-4DFA-8715-0EEA0744A05C}"
EndProject
Project("{8BC9CEB8-8B4A-11D0-8D11-00A0C91BC942}") = "QQFindCanceledImages", "QQFindCanceledImages\QQFindCanceledImages.vcxproj", "{32E7D4E8-903A-4903-A9FF-5167B4DC1921}"
EndProject
Project("{8BC9CEB8-8B4A-11D0-8D11-00A0C91BC942}") = "bgMediaDecoder", "bgMediaDecoder\bgMediaDecoder.vcxproj", "{0F59595B-7E55-44B3-833E-2807B824E21E}"
EndProject
Project("{8BC9CEB8-8B4A-11D0-8D11-00A0C91BC942}") = "bgMediaUtil", "bgMediaUtil\bgMediaUtil.vcxproj", "{0C085A58-2C3E-4082-9C2B-808B5C441B31}"
EndProject
Project("{8BC9CEB8-8B4A-11D0-8D11-00A0C91BC942}") = "bgMediaSource", "bgMediaSource\bgMediaSource.vcxproj", "{39606243-0A1A-4119-90D8-CC78B047518E}"
EndProject
Project("{2150E333-8FDC-42A3-9474-1A3956D46DE8}") = "多媒体播放器", "多媒体播放器", "{5C8ABF5F-6FCF-4E0B-9D7A-A83C1885237A}"
EndProject
Project("{2150E333-8FDC-42A3-9474-1A3956D46DE8}") = "技术选型", "技术选型", "{B31BDF1C-7219-4B73-8FAA-E96EFAEC19C3}"
EndProject
Project("{2150E333-8FDC-42A3-9474-1A3956D46DE8}") = "OpenCV", "OpenCV", "{1946E35F-0D3C-41D3-9F5A-BAEA6857B7E9}"
EndProject
Project("{2150E333-8FDC-42A3-9474-1A3956D46DE8}") = "OpenAL", "OpenAL", "{FC7A3728-BFD2-4B5F-B0C2-44566E051977}"
EndProject
Project("{8BC9CEB8-8B4A-11D0-8D11-00A0C91BC942}") = "VideoPlayerWithOpenCV", "VideoPlayerWithOpenCV\VideoPlayerWithOpenCV.vcxproj", "{EC6E3C48-A595-4EA9-864D-8639614E3275}"
EndProject
Project("{2150E333-8FDC-42A3-9474-1A3956D46DE8}") = "SDL2", "SDL2", "{796DAA23-6D08-4504-9F02-0A259A4C6AD6}"
EndProject
Project("{8BC9CEB8-8B4A-11D0-8D11-00A0C91BC942}") = "SDL2ConsolePlayer", "SDL2ConsolePlayer\SDL2ConsolePlayer.vcxproj", "{81C33285-E79A-4C11-BCE8-1112CBEF5CCE}"
EndProject
Project("{2150E333-8FDC-42A3-9474-1A3956D46DE8}") = "我的产品", "我的产品", "{8132D267-491D-40A9-AF0F-27DBAECB39DF}"
EndProject
Project("{2150E333-8FDC-42A3-9474-1A3956D46DE8}") = "实时视音频", "实时视音频", "{282A798C-B112-477A-B044-2881D9EEEB55}"
EndProject
Project("{2150E333-8FDC-42A3-9474-1A3956D46DE8}") = "Live", "Live", "{9BDD66C1-8F6E-449C-AA07-8C300FB83D7B}"
EndProject
Project("{2150E333-8FDC-42A3-9474-1A3956D46DE8}") = "软件授权", "软件授权", "{13448A7F-990D-4426-AC83-266CB8346E12}"
EndProject
Project("{8BC9CEB8-8B4A-11D0-8D11-00A0C91BC942}") = "bgSoftwareAuthority", "bgSoftwareAuthority\bgSoftwareAuthority.vcxproj", "{D11689BF-58DA-4671-B529-588AC0F4FF30}"
EndProject
Project("{2150E333-8FDC-42A3-9474-1A3956D46DE8}") = "OpenGL", "OpenGL", "{AF7DEE11-FA72-41E1-A160-8BCBBF0C90F0}"
EndProject
Project("{8BC9CEB8-8B4A-11D0-8D11-00A0C91BC942}") = "bgMediaDecoderDemo", "bgMediaDecoderDemo\bgMediaDecoderDemo.vcxproj", "{A26D44AD-FE42-4C69-B2D3-E9B17DA3979C}"
EndProject
Project("{8BC9CEB8-8B4A-11D0-8D11-00A0C91BC942}") = "bgMediaEncoder", "bgMediaEncoder\bgMediaEncoder.vcxproj", "{A9B72DA2-37E6-48C6-AE0A-43467ECBADC7}"
EndProject
Project("{8BC9CEB8-8B4A-11D0-8D11-00A0C91BC942}") = "bgSoftwareAuthorityClient", "bgSoftwareAuthorityClient\bgSoftwareAuthorityClient.vcxproj", "{C31BA4B0-D22D-48A3-9CCA-10A8842B32FD}"
EndProject
Project("{2150E333-8FDC-42A3-9474-1A3956D46DE8}") = "视音频采样", "视音频采样", "{B9B1E80C-C1C5-4173-9CD4-01EC40CDE7D5}"
EndProject
Project("{2150E333-8FDC-42A3-9474-1A3956D46DE8}") = "视频采样", "视频采样", "{C0D018EF-3F3E-4963-A88B-B2EB395B705F}"
EndProject
Project("{2150E333-8FDC-42A3-9474-1A3956D46DE8}") = "音频采样", "音频采样", "{6891C44E-C508-46FF-B73D-FE3D1682B7F0}"
EndProject
Project("{8BC9CEB8-8B4A-11D0-8D11-00A0C91BC942}") = "AudioSampleFromMic", "AudioSampleFromMic\AudioSampleFromMic.vcxproj", "{D290E722-4AF3-434B-BB43-7D6986095423}"
EndProject
Project("{8BC9CEB8-8B4A-11D0-8D11-00A0C91BC942}") = "SDL2MfcPlayer", "SDL2MfcPlayer\SDL2MfcPlayer.vcxproj", "{F93A087C-E9DA-4398-BC93-F6785A2ACFC3}"
EndProject
Project("{8BC9CEB8-8B4A-11D0-8D11-00A0C91BC942}") = "LiveMgr", "LiveMgr\LiveMgr.vcxproj", "{AAA135A9-A851-4BFD-AF9B-8B1AC9E1B45E}"
EndProject
Project("{8BC9CEB8-8B4A-11D0-8D11-00A0C91BC942}") = "bgNetwork", "bgNetwork\bgNetwork.vcxproj", "{230283FC-B7D6-4D91-9253-812AF84F7CDD}"
EndProject
Project("{8BC9CEB8-8B4A-11D0-8D11-00A0C91BC942}") = "RealMediaDemo", "RealMediaDemo\RealMediaDemo.vcxproj", "{A09A6143-EFBD-4051-A7A0-AFEAEB8898BC}"
EndProject
Project("{2150E333-8FDC-42A3-9474-1A3956D46DE8}") = "NewFolder1", "NewFolder1", "{0E094AA0-F5D3-4F30-AB5A-8FD0F55A0765}"
EndProject
Project("{2150E333-8FDC-42A3-9474-1A3956D46DE8}") = "NewFolder1", "NewFolder1", "{09ECB8EA-E413-4223-8CBF-9E11AF21155D}"
EndProject
Project("{2150E333-8FDC-42A3-9474-1A3956D46DE8}") = "NewFolder1", "NewFolder1", "{BCA67CA7-8C61-483D-AA7A-3F7EAC77CB03}"
EndProject
Project("{8BC9CEB8-8B4A-11D0-8D11-00A0C91BC942}") = "bgMediaPlayer", "bgMediaPlayer\bgMediaPlayer.vcxproj", "{EC342BAA-2270-4C54-A9BA-928B8FF809C2}"
EndProject
Project("{8BC9CEB8-8B4A-11D0-8D11-00A0C91BC942}") = "SDL2ConsolePlayWithMultiScreen", "SDL2ConsolePlayWithMultiScreen\SDL2ConsolePlayWithMultiScreen.vcxproj", "{6950A1B7-CB69-4F62-8D85-A66F9694C68C}"
EndProject
Project("{2150E333-8FDC-42A3-9474-1A3956D46DE8}") = "人脸检测识别", "人脸检测识别", "{7FE02140-2800-4788-B0FF-11FE28017415}"
EndProject
Project("{2150E333-8FDC-42A3-9474-1A3956D46DE8}") = "图形图像处理", "图形图像处理", "{B3D39072-E3ED-4145-9F3A-43A10CAAE5AC}"
EndProject
Project("{2150E333-8FDC-42A3-9474-1A3956D46DE8}") = "多媒体技术", "多媒体技术", "{71C6E9FC-7FE3-48B3-AF62-6135F0F37ECD}"
EndProject
Project("{8BC9CEB8-8B4A-11D0-8D11-00A0C91BC942}") = "bgFaceDetection", "bgFaceDetection\bgFaceDetection.vcxproj", "{1AD3B69F-BF34-4CED-AC01-3A602BFBA08E}"
EndProject
Project("{8BC9CEB8-8B4A-11D0-8D11-00A0C91BC942}") = "bgFaceRecognition", "bgFaceRecognition\bgFaceRecognition.vcxproj", "{117C1A6B-A78C-4203-8BC4-0DFAE1C40AB0}"
EndProject
Project("{8BC9CEB8-8B4A-11D0-8D11-00A0C91BC942}") = "bgFaceDemo", "bgFaceDemo\bgFaceDemo.vcxproj", "{E4BED111-2101-4F36-A473-9A478AC5CE9B}"
EndProject
Project("{2150E333-8FDC-42A3-9474-1A3956D46DE8}") = "图像压缩", "图像压缩", "{2C76374E-505C-430B-8FEC-18D92550DCBA}"
EndProject
Project("{8BC9CEB8-8B4A-11D0-8D11-00A0C91BC942}") = "CompressImageByOpenCV", "CompressImageByOpenCV\CompressImageByOpenCV.vcxproj", "{BD9FC515-F519-494D-BFD1-49511029BF0F}"
EndProject
Project("{2150E333-8FDC-42A3-9474-1A3956D46DE8}") = "视频图像抓取", "视频图像抓取", "{68A783D7-9F18-4A22-AF58-4AFF0BF38226}"
EndProject
Project("{8BC9CEB8-8B4A-11D0-8D11-00A0C91BC942}") = "VideoCaptureDemo", "VideoCaptureDemo\VideoCaptureDemo.vcxproj", "{F1E1243A-76FD-425F-82ED-03029C0E15F2}"
EndProject
Project("{8BC9CEB8-8B4A-11D0-8D11-00A0C91BC942}") = "CameraPlayerDemo", "CameraPlayerDemo\CameraPlayerDemo.vcxproj", "{181EC61B-E6CC-4859-B193-7311CAAC6A82}"
EndProject
Global
	GlobalSection(SolutionConfigurationPlatforms) = preSolution
		Debug|Win32 = Debug|Win32
		Debug|x64 = Debug|x64
		Release|Win32 = Release|Win32
		Release|x64 = Release|x64
	EndGlobalSection
	GlobalSection(ProjectConfigurationPlatforms) = postSolution
		{AF5DE93B-55C9-4C80-B6FA-2A7A5A5532F9}.Debug|Win32.ActiveCfg = Debug|Win32
		{AF5DE93B-55C9-4C80-B6FA-2A7A5A5532F9}.Debug|Win32.Build.0 = Debug|Win32
		{AF5DE93B-55C9-4C80-B6FA-2A7A5A5532F9}.Debug|x64.ActiveCfg = Debug|Win32
		{AF5DE93B-55C9-4C80-B6FA-2A7A5A5532F9}.Release|Win32.ActiveCfg = Release|Win32
		{AF5DE93B-55C9-4C80-B6FA-2A7A5A5532F9}.Release|Win32.Build.0 = Release|Win32
		{AF5DE93B-55C9-4C80-B6FA-2A7A5A5532F9}.Release|x64.ActiveCfg = Release|Win32
		{E96A9715-5A63-9E01-16DD-E6FEEF86FDAD}.Debug|Win32.ActiveCfg = Debug|Win32
		{E96A9715-5A63-9E01-16DD-E6FEEF86FDAD}.Debug|Win32.Build.0 = Debug|Win32
		{E96A9715-5A63-9E01-16DD-E6FEEF86FDAD}.Debug|x64.ActiveCfg = Debug|x64
		{E96A9715-5A63-9E01-16DD-E6FEEF86FDAD}.Debug|x64.Build.0 = Debug|x64
		{E96A9715-5A63-9E01-16DD-E6FEEF86FDAD}.Release|Win32.ActiveCfg = Release|Win32
		{E96A9715-5A63-9E01-16DD-E6FEEF86FDAD}.Release|Win32.Build.0 = Release|Win32
		{E96A9715-5A63-9E01-16DD-E6FEEF86FDAD}.Release|x64.ActiveCfg = Release|x64
		{E96A9715-5A63-9E01-16DD-E6FEEF86FDAD}.Release|x64.Build.0 = Release|x64
		{32862CA2-D7B6-160A-69BA-3D4BF55C789C}.Debug|Win32.ActiveCfg = Debug|Win32
		{32862CA2-D7B6-160A-69BA-3D4BF55C789C}.Debug|Win32.Build.0 = Debug|Win32
		{32862CA2-D7B6-160A-69BA-3D4BF55C789C}.Debug|x64.ActiveCfg = Debug|x64
		{32862CA2-D7B6-160A-69BA-3D4BF55C789C}.Debug|x64.Build.0 = Debug|x64
		{32862CA2-D7B6-160A-69BA-3D4BF55C789C}.Release|Win32.ActiveCfg = Release|Win32
		{32862CA2-D7B6-160A-69BA-3D4BF55C789C}.Release|Win32.Build.0 = Release|Win32
		{32862CA2-D7B6-160A-69BA-3D4BF55C789C}.Release|x64.ActiveCfg = Release|x64
		{32862CA2-D7B6-160A-69BA-3D4BF55C789C}.Release|x64.Build.0 = Release|x64
		{A38ACEF9-373A-5B5D-887F-88AA973F7CE9}.Debug|Win32.ActiveCfg = Debug|Win32
		{A38ACEF9-373A-5B5D-887F-88AA973F7CE9}.Debug|Win32.Build.0 = Debug|Win32
		{A38ACEF9-373A-5B5D-887F-88AA973F7CE9}.Debug|x64.ActiveCfg = Debug|x64
		{A38ACEF9-373A-5B5D-887F-88AA973F7CE9}.Debug|x64.Build.0 = Debug|x64
		{A38ACEF9-373A-5B5D-887F-88AA973F7CE9}.Release|Win32.ActiveCfg = Release|Win32
		{A38ACEF9-373A-5B5D-887F-88AA973F7CE9}.Release|Win32.Build.0 = Release|Win32
		{A38ACEF9-373A-5B5D-887F-88AA973F7CE9}.Release|x64.ActiveCfg = Release|x64
		{A38ACEF9-373A-5B5D-887F-88AA973F7CE9}.Release|x64.Build.0 = Release|x64
		{E554D1AF-0A1A-82C6-339E-0B2754FB6297}.Debug|Win32.ActiveCfg = Debug|Win32
		{E554D1AF-0A1A-82C6-339E-0B2754FB6297}.Debug|Win32.Build.0 = Debug|Win32
		{E554D1AF-0A1A-82C6-339E-0B2754FB6297}.Debug|x64.ActiveCfg = Debug|x64
		{E554D1AF-0A1A-82C6-339E-0B2754FB6297}.Debug|x64.Build.0 = Debug|x64
		{E554D1AF-0A1A-82C6-339E-0B2754FB6297}.Release|Win32.ActiveCfg = Release|Win32
		{E554D1AF-0A1A-82C6-339E-0B2754FB6297}.Release|Win32.Build.0 = Release|Win32
		{E554D1AF-0A1A-82C6-339E-0B2754FB6297}.Release|x64.ActiveCfg = Release|x64
		{E554D1AF-0A1A-82C6-339E-0B2754FB6297}.Release|x64.Build.0 = Release|x64
		{A820BFF5-5A41-23EF-72CF-8DAEC48840A6}.Debug|Win32.ActiveCfg = Debug|Win32
		{A820BFF5-5A41-23EF-72CF-8DAEC48840A6}.Debug|Win32.Build.0 = Debug|Win32
		{A820BFF5-5A41-23EF-72CF-8DAEC48840A6}.Debug|x64.ActiveCfg = Debug|x64
		{A820BFF5-5A41-23EF-72CF-8DAEC48840A6}.Debug|x64.Build.0 = Debug|x64
		{A820BFF5-5A41-23EF-72CF-8DAEC48840A6}.Release|Win32.ActiveCfg = Release|Win32
		{A820BFF5-5A41-23EF-72CF-8DAEC48840A6}.Release|Win32.Build.0 = Release|Win32
		{A820BFF5-5A41-23EF-72CF-8DAEC48840A6}.Release|x64.ActiveCfg = Release|x64
		{A820BFF5-5A41-23EF-72CF-8DAEC48840A6}.Release|x64.Build.0 = Release|x64
		{6364108C-EB3C-0C2D-3751-C3276403586D}.Debug|Win32.ActiveCfg = Debug|Win32
		{6364108C-EB3C-0C2D-3751-C3276403586D}.Debug|Win32.Build.0 = Debug|Win32
		{6364108C-EB3C-0C2D-3751-C3276403586D}.Debug|x64.ActiveCfg = Debug|x64
		{6364108C-EB3C-0C2D-3751-C3276403586D}.Debug|x64.Build.0 = Debug|x64
		{6364108C-EB3C-0C2D-3751-C3276403586D}.Release|Win32.ActiveCfg = Release|Win32
		{6364108C-EB3C-0C2D-3751-C3276403586D}.Release|Win32.Build.0 = Release|Win32
		{6364108C-EB3C-0C2D-3751-C3276403586D}.Release|x64.ActiveCfg = Release|x64
		{6364108C-EB3C-0C2D-3751-C3276403586D}.Release|x64.Build.0 = Release|x64
		{C49643A3-5A0A-2FFF-A746-C5991C49856F}.Debug|Win32.ActiveCfg = Debug|Win32
		{C49643A3-5A0A-2FFF-A746-C5991C49856F}.Debug|Win32.Build.0 = Debug|Win32
		{C49643A3-5A0A-2FFF-A746-C5991C49856F}.Debug|x64.ActiveCfg = Debug|x64
		{C49643A3-5A0A-2FFF-A746-C5991C49856F}.Debug|x64.Build.0 = Debug|x64
		{C49643A3-5A0A-2FFF-A746-C5991C49856F}.Release|Win32.ActiveCfg = Release|Win32
		{C49643A3-5A0A-2FFF-A746-C5991C49856F}.Release|Win32.Build.0 = Release|Win32
		{C49643A3-5A0A-2FFF-A746-C5991C49856F}.Release|x64.ActiveCfg = Release|x64
		{C49643A3-5A0A-2FFF-A746-C5991C49856F}.Release|x64.Build.0 = Release|x64
		{FA429AD4-40B7-4C40-962E-1F8CBC2C6A84}.Debug|Win32.ActiveCfg = Debug|Win32
		{FA429AD4-40B7-4C40-962E-1F8CBC2C6A84}.Debug|Win32.Build.0 = Debug|Win32
		{FA429AD4-40B7-4C40-962E-1F8CBC2C6A84}.Debug|x64.ActiveCfg = Debug|Win32
		{FA429AD4-40B7-4C40-962E-1F8CBC2C6A84}.Release|Win32.ActiveCfg = Release|Win32
		{FA429AD4-40B7-4C40-962E-1F8CBC2C6A84}.Release|Win32.Build.0 = Release|Win32
		{FA429AD4-40B7-4C40-962E-1F8CBC2C6A84}.Release|x64.ActiveCfg = Release|Win32
		{58C6A46E-EAAC-4B6C-8947-80D02122EF3D}.Debug|Win32.ActiveCfg = Debug|Win32
		{58C6A46E-EAAC-4B6C-8947-80D02122EF3D}.Debug|Win32.Build.0 = Debug|Win32
		{58C6A46E-EAAC-4B6C-8947-80D02122EF3D}.Debug|x64.ActiveCfg = Debug|Win32
		{58C6A46E-EAAC-4B6C-8947-80D02122EF3D}.Release|Win32.ActiveCfg = Release|Win32
		{58C6A46E-EAAC-4B6C-8947-80D02122EF3D}.Release|Win32.Build.0 = Release|Win32
		{58C6A46E-EAAC-4B6C-8947-80D02122EF3D}.Release|x64.ActiveCfg = Release|Win32
		{C0099843-FA0D-40CB-9952-4503CFFF5A2C}.Debug|Win32.ActiveCfg = Debug|Win32
		{C0099843-FA0D-40CB-9952-4503CFFF5A2C}.Debug|Win32.Build.0 = Debug|Win32
		{C0099843-FA0D-40CB-9952-4503CFFF5A2C}.Debug|x64.ActiveCfg = Debug|Win32
		{C0099843-FA0D-40CB-9952-4503CFFF5A2C}.Release|Win32.ActiveCfg = Release|Win32
		{C0099843-FA0D-40CB-9952-4503CFFF5A2C}.Release|Win32.Build.0 = Release|Win32
		{C0099843-FA0D-40CB-9952-4503CFFF5A2C}.Release|x64.ActiveCfg = Release|Win32
		{949D27FC-8ACF-6B56-8FD2-6783E19815B9}.Debug|Win32.ActiveCfg = Debug|Win32
		{949D27FC-8ACF-6B56-8FD2-6783E19815B9}.Debug|Win32.Build.0 = Debug|Win32
		{949D27FC-8ACF-6B56-8FD2-6783E19815B9}.Debug|x64.ActiveCfg = Debug|x64
		{949D27FC-8ACF-6B56-8FD2-6783E19815B9}.Debug|x64.Build.0 = Debug|x64
		{949D27FC-8ACF-6B56-8FD2-6783E19815B9}.Release|Win32.ActiveCfg = Release|Win32
		{949D27FC-8ACF-6B56-8FD2-6783E19815B9}.Release|Win32.Build.0 = Release|Win32
		{949D27FC-8ACF-6B56-8FD2-6783E19815B9}.Release|x64.ActiveCfg = Release|x64
		{949D27FC-8ACF-6B56-8FD2-6783E19815B9}.Release|x64.Build.0 = Release|x64
		{A05F2EE0-D4E7-F292-8796-1CDC5D21AD4E}.Debug|Win32.ActiveCfg = Debug|Win32
		{A05F2EE0-D4E7-F292-8796-1CDC5D21AD4E}.Debug|Win32.Build.0 = Debug|Win32
		{A05F2EE0-D4E7-F292-8796-1CDC5D21AD4E}.Debug|x64.ActiveCfg = Debug|x64
		{A05F2EE0-D4E7-F292-8796-1CDC5D21AD4E}.Debug|x64.Build.0 = Debug|x64
		{A05F2EE0-D4E7-F292-8796-1CDC5D21AD4E}.Release|Win32.ActiveCfg = Release|Win32
		{A05F2EE0-D4E7-F292-8796-1CDC5D21AD4E}.Release|Win32.Build.0 = Release|Win32
		{A05F2EE0-D4E7-F292-8796-1CDC5D21AD4E}.Release|x64.ActiveCfg = Release|x64
		{A05F2EE0-D4E7-F292-8796-1CDC5D21AD4E}.Release|x64.Build.0 = Release|x64
		{0B30483F-B433-7B5E-195A-61AA6C7F8B88}.Debug|Win32.ActiveCfg = Debug|Win32
		{0B30483F-B433-7B5E-195A-61AA6C7F8B88}.Debug|Win32.Build.0 = Debug|Win32
		{0B30483F-B433-7B5E-195A-61AA6C7F8B88}.Debug|x64.ActiveCfg = Debug|x64
		{0B30483F-B433-7B5E-195A-61AA6C7F8B88}.Debug|x64.Build.0 = Debug|x64
		{0B30483F-B433-7B5E-195A-61AA6C7F8B88}.Release|Win32.ActiveCfg = Release|Win32
		{0B30483F-B433-7B5E-195A-61AA6C7F8B88}.Release|Win32.Build.0 = Release|Win32
		{0B30483F-B433-7B5E-195A-61AA6C7F8B88}.Release|x64.ActiveCfg = Release|x64
		{0B30483F-B433-7B5E-195A-61AA6C7F8B88}.Release|x64.Build.0 = Release|x64
		{D9E53374-1A0E-3145-EC3A-663086D9D39A}.Debug|Win32.ActiveCfg = Debug|Win32
		{D9E53374-1A0E-3145-EC3A-663086D9D39A}.Debug|Win32.Build.0 = Debug|Win32
		{D9E53374-1A0E-3145-EC3A-663086D9D39A}.Debug|x64.ActiveCfg = Debug|x64
		{D9E53374-1A0E-3145-EC3A-663086D9D39A}.Debug|x64.Build.0 = Debug|x64
		{D9E53374-1A0E-3145-EC3A-663086D9D39A}.Release|Win32.ActiveCfg = Release|Win32
		{D9E53374-1A0E-3145-EC3A-663086D9D39A}.Release|Win32.Build.0 = Release|Win32
		{D9E53374-1A0E-3145-EC3A-663086D9D39A}.Release|x64.ActiveCfg = Release|x64
		{D9E53374-1A0E-3145-EC3A-663086D9D39A}.Release|x64.Build.0 = Release|x64
		{705F7F61-82DF-A588-9F26-144A8128E99D}.Debug|Win32.ActiveCfg = Debug|Win32
		{705F7F61-82DF-A588-9F26-144A8128E99D}.Debug|Win32.Build.0 = Debug|Win32
		{705F7F61-82DF-A588-9F26-144A8128E99D}.Debug|x64.ActiveCfg = Debug|x64
		{705F7F61-82DF-A588-9F26-144A8128E99D}.Debug|x64.Build.0 = Debug|x64
		{705F7F61-82DF-A588-9F26-144A8128E99D}.Release|Win32.ActiveCfg = Release|Win32
		{705F7F61-82DF-A588-9F26-144A8128E99D}.Release|Win32.Build.0 = Release|Win32
		{705F7F61-82DF-A588-9F26-144A8128E99D}.Release|x64.ActiveCfg = Release|x64
		{705F7F61-82DF-A588-9F26-144A8128E99D}.Release|x64.Build.0 = Release|x64
		{E646A84A-8EBE-BAFD-C035-1BCE3A886B07}.Debug|Win32.ActiveCfg = Debug|Win32
		{E646A84A-8EBE-BAFD-C035-1BCE3A886B07}.Debug|Win32.Build.0 = Debug|Win32
		{E646A84A-8EBE-BAFD-C035-1BCE3A886B07}.Debug|x64.ActiveCfg = Debug|x64
		{E646A84A-8EBE-BAFD-C035-1BCE3A886B07}.Debug|x64.Build.0 = Debug|x64
		{E646A84A-8EBE-BAFD-C035-1BCE3A886B07}.Release|Win32.ActiveCfg = Release|Win32
		{E646A84A-8EBE-BAFD-C035-1BCE3A886B07}.Release|Win32.Build.0 = Release|Win32
		{E646A84A-8EBE-BAFD-C035-1BCE3A886B07}.Release|x64.ActiveCfg = Release|x64
		{E646A84A-8EBE-BAFD-C035-1BCE3A886B07}.Release|x64.Build.0 = Release|x64
		{AF7BED4A-0DC8-F0E5-D9F4-CB02C16E665F}.Debug|Win32.ActiveCfg = Debug|Win32
		{AF7BED4A-0DC8-F0E5-D9F4-CB02C16E665F}.Debug|Win32.Build.0 = Debug|Win32
		{AF7BED4A-0DC8-F0E5-D9F4-CB02C16E665F}.Debug|x64.ActiveCfg = Debug|x64
		{AF7BED4A-0DC8-F0E5-D9F4-CB02C16E665F}.Debug|x64.Build.0 = Debug|x64
		{AF7BED4A-0DC8-F0E5-D9F4-CB02C16E665F}.Release|Win32.ActiveCfg = Release|Win32
		{AF7BED4A-0DC8-F0E5-D9F4-CB02C16E665F}.Release|Win32.Build.0 = Release|Win32
		{AF7BED4A-0DC8-F0E5-D9F4-CB02C16E665F}.Release|x64.ActiveCfg = Release|x64
		{AF7BED4A-0DC8-F0E5-D9F4-CB02C16E665F}.Release|x64.Build.0 = Release|x64
		{9664E41A-299F-41BD-8A34-543FCF9CFEE5}.Debug|Win32.ActiveCfg = Debug|Win32
		{9664E41A-299F-41BD-8A34-543FCF9CFEE5}.Debug|Win32.Build.0 = Debug|Win32
		{9664E41A-299F-41BD-8A34-543FCF9CFEE5}.Debug|x64.ActiveCfg = Debug|Win32
		{9664E41A-299F-41BD-8A34-543FCF9CFEE5}.Release|Win32.ActiveCfg = Release|Win32
		{9664E41A-299F-41BD-8A34-543FCF9CFEE5}.Release|Win32.Build.0 = Release|Win32
		{9664E41A-299F-41BD-8A34-543FCF9CFEE5}.Release|x64.ActiveCfg = Release|Win32
		{32E7D4E8-903A-4903-A9FF-5167B4DC1921}.Debug|Win32.ActiveCfg = Debug|Win32
		{32E7D4E8-903A-4903-A9FF-5167B4DC1921}.Debug|Win32.Build.0 = Debug|Win32
		{32E7D4E8-903A-4903-A9FF-5167B4DC1921}.Debug|x64.ActiveCfg = Debug|Win32
		{32E7D4E8-903A-4903-A9FF-5167B4DC1921}.Release|Win32.ActiveCfg = Release|Win32
		{32E7D4E8-903A-4903-A9FF-5167B4DC1921}.Release|Win32.Build.0 = Release|Win32
		{32E7D4E8-903A-4903-A9FF-5167B4DC1921}.Release|x64.ActiveCfg = Release|Win32
		{0F59595B-7E55-44B3-833E-2807B824E21E}.Debug|Win32.ActiveCfg = Debug|Win32
		{0F59595B-7E55-44B3-833E-2807B824E21E}.Debug|Win32.Build.0 = Debug|Win32
		{0F59595B-7E55-44B3-833E-2807B824E21E}.Debug|x64.ActiveCfg = Debug|Win32
		{0F59595B-7E55-44B3-833E-2807B824E21E}.Release|Win32.ActiveCfg = Release|Win32
		{0F59595B-7E55-44B3-833E-2807B824E21E}.Release|Win32.Build.0 = Release|Win32
		{0F59595B-7E55-44B3-833E-2807B824E21E}.Release|x64.ActiveCfg = Release|Win32
		{0C085A58-2C3E-4082-9C2B-808B5C441B31}.Debug|Win32.ActiveCfg = Debug|Win32
		{0C085A58-2C3E-4082-9C2B-808B5C441B31}.Debug|Win32.Build.0 = Debug|Win32
		{0C085A58-2C3E-4082-9C2B-808B5C441B31}.Debug|x64.ActiveCfg = Debug|Win32
		{0C085A58-2C3E-4082-9C2B-808B5C441B31}.Release|Win32.ActiveCfg = Release|Win32
		{0C085A58-2C3E-4082-9C2B-808B5C441B31}.Release|Win32.Build.0 = Release|Win32
		{0C085A58-2C3E-4082-9C2B-808B5C441B31}.Release|x64.ActiveCfg = Release|Win32
		{39606243-0A1A-4119-90D8-CC78B047518E}.Debug|Win32.ActiveCfg = Debug|Win32
		{39606243-0A1A-4119-90D8-CC78B047518E}.Debug|Win32.Build.0 = Debug|Win32
		{39606243-0A1A-4119-90D8-CC78B047518E}.Debug|x64.ActiveCfg = Debug|Win32
		{39606243-0A1A-4119-90D8-CC78B047518E}.Release|Win32.ActiveCfg = Release|Win32
		{39606243-0A1A-4119-90D8-CC78B047518E}.Release|Win32.Build.0 = Release|Win32
		{39606243-0A1A-4119-90D8-CC78B047518E}.Release|x64.ActiveCfg = Release|Win32
		{EC6E3C48-A595-4EA9-864D-8639614E3275}.Debug|Win32.ActiveCfg = Debug|Win32
		{EC6E3C48-A595-4EA9-864D-8639614E3275}.Debug|Win32.Build.0 = Debug|Win32
		{EC6E3C48-A595-4EA9-864D-8639614E3275}.Debug|x64.ActiveCfg = Debug|Win32
		{EC6E3C48-A595-4EA9-864D-8639614E3275}.Release|Win32.ActiveCfg = Release|Win32
		{EC6E3C48-A595-4EA9-864D-8639614E3275}.Release|Win32.Build.0 = Release|Win32
		{EC6E3C48-A595-4EA9-864D-8639614E3275}.Release|x64.ActiveCfg = Release|Win32
		{81C33285-E79A-4C11-BCE8-1112CBEF5CCE}.Debug|Win32.ActiveCfg = Debug|Win32
		{81C33285-E79A-4C11-BCE8-1112CBEF5CCE}.Debug|Win32.Build.0 = Debug|Win32
		{81C33285-E79A-4C11-BCE8-1112CBEF5CCE}.Debug|x64.ActiveCfg = Debug|Win32
		{81C33285-E79A-4C11-BCE8-1112CBEF5CCE}.Release|Win32.ActiveCfg = Release|Win32
		{81C33285-E79A-4C11-BCE8-1112CBEF5CCE}.Release|Win32.Build.0 = Release|Win32
		{81C33285-E79A-4C11-BCE8-1112CBEF5CCE}.Release|x64.ActiveCfg = Release|Win32
		{D11689BF-58DA-4671-B529-588AC0F4FF30}.Debug|Win32.ActiveCfg = Debug|Win32
		{D11689BF-58DA-4671-B529-588AC0F4FF30}.Debug|Win32.Build.0 = Debug|Win32
		{D11689BF-58DA-4671-B529-588AC0F4FF30}.Debug|x64.ActiveCfg = Debug|Win32
		{D11689BF-58DA-4671-B529-588AC0F4FF30}.Release|Win32.ActiveCfg = Release|Win32
		{D11689BF-58DA-4671-B529-588AC0F4FF30}.Release|Win32.Build.0 = Release|Win32
		{D11689BF-58DA-4671-B529-588AC0F4FF30}.Release|x64.ActiveCfg = Release|Win32
		{A26D44AD-FE42-4C69-B2D3-E9B17DA3979C}.Debug|Win32.ActiveCfg = Debug|Win32
		{A26D44AD-FE42-4C69-B2D3-E9B17DA3979C}.Debug|Win32.Build.0 = Debug|Win32
		{A26D44AD-FE42-4C69-B2D3-E9B17DA3979C}.Debug|x64.ActiveCfg = Debug|Win32
		{A26D44AD-FE42-4C69-B2D3-E9B17DA3979C}.Release|Win32.ActiveCfg = Release|Win32
		{A26D44AD-FE42-4C69-B2D3-E9B17DA3979C}.Release|Win32.Build.0 = Release|Win32
		{A26D44AD-FE42-4C69-B2D3-E9B17DA3979C}.Release|x64.ActiveCfg = Release|Win32
		{A9B72DA2-37E6-48C6-AE0A-43467ECBADC7}.Debug|Win32.ActiveCfg = Debug|Win32
		{A9B72DA2-37E6-48C6-AE0A-43467ECBADC7}.Debug|Win32.Build.0 = Debug|Win32
		{A9B72DA2-37E6-48C6-AE0A-43467ECBADC7}.Debug|x64.ActiveCfg = Debug|Win32
		{A9B72DA2-37E6-48C6-AE0A-43467ECBADC7}.Release|Win32.ActiveCfg = Release|Win32
		{A9B72DA2-37E6-48C6-AE0A-43467ECBADC7}.Release|Win32.Build.0 = Release|Win32
		{A9B72DA2-37E6-48C6-AE0A-43467ECBADC7}.Release|x64.ActiveCfg = Release|Win32
		{C31BA4B0-D22D-48A3-9CCA-10A8842B32FD}.Debug|Win32.ActiveCfg = Debug|Win32
		{C31BA4B0-D22D-48A3-9CCA-10A8842B32FD}.Debug|Win32.Build.0 = Debug|Win32
		{C31BA4B0-D22D-48A3-9CCA-10A8842B32FD}.Debug|x64.ActiveCfg = Debug|Win32
		{C31BA4B0-D22D-48A3-9CCA-10A8842B32FD}.Release|Win32.ActiveCfg = Release|Win32
		{C31BA4B0-D22D-48A3-9CCA-10A8842B32FD}.Release|Win32.Build.0 = Release|Win32
		{C31BA4B0-D22D-48A3-9CCA-10A8842B32FD}.Release|x64.ActiveCfg = Release|Win32
		{D290E722-4AF3-434B-BB43-7D6986095423}.Debug|Win32.ActiveCfg = Debug|Win32
		{D290E722-4AF3-434B-BB43-7D6986095423}.Debug|Win32.Build.0 = Debug|Win32
		{D290E722-4AF3-434B-BB43-7D6986095423}.Debug|x64.ActiveCfg = Debug|Win32
		{D290E722-4AF3-434B-BB43-7D6986095423}.Release|Win32.ActiveCfg = Release|Win32
		{D290E722-4AF3-434B-BB43-7D6986095423}.Release|Win32.Build.0 = Release|Win32
		{D290E722-4AF3-434B-BB43-7D6986095423}.Release|x64.ActiveCfg = Release|Win32
		{F93A087C-E9DA-4398-BC93-F6785A2ACFC3}.Debug|Win32.ActiveCfg = Debug|Win32
		{F93A087C-E9DA-4398-BC93-F6785A2ACFC3}.Debug|Win32.Build.0 = Debug|Win32
		{F93A087C-E9DA-4398-BC93-F6785A2ACFC3}.Debug|x64.ActiveCfg = Debug|Win32
		{F93A087C-E9DA-4398-BC93-F6785A2ACFC3}.Release|Win32.ActiveCfg = Release|Win32
		{F93A087C-E9DA-4398-BC93-F6785A2ACFC3}.Release|Win32.Build.0 = Release|Win32
		{F93A087C-E9DA-4398-BC93-F6785A2ACFC3}.Release|x64.ActiveCfg = Release|Win32
		{AAA135A9-A851-4BFD-AF9B-8B1AC9E1B45E}.Debug|Win32.ActiveCfg = Debug|Win32
		{AAA135A9-A851-4BFD-AF9B-8B1AC9E1B45E}.Debug|Win32.Build.0 = Debug|Win32
		{AAA135A9-A851-4BFD-AF9B-8B1AC9E1B45E}.Debug|x64.ActiveCfg = Debug|Win32
		{AAA135A9-A851-4BFD-AF9B-8B1AC9E1B45E}.Release|Win32.ActiveCfg = Release|Win32
		{AAA135A9-A851-4BFD-AF9B-8B1AC9E1B45E}.Release|Win32.Build.0 = Release|Win32
		{AAA135A9-A851-4BFD-AF9B-8B1AC9E1B45E}.Release|x64.ActiveCfg = Release|Win32
		{230283FC-B7D6-4D91-9253-812AF84F7CDD}.Debug|Win32.ActiveCfg = Debug|Win32
		{230283FC-B7D6-4D91-9253-812AF84F7CDD}.Debug|Win32.Build.0 = Debug|Win32
		{230283FC-B7D6-4D91-9253-812AF84F7CDD}.Debug|x64.ActiveCfg = Debug|Win32
		{230283FC-B7D6-4D91-9253-812AF84F7CDD}.Release|Win32.ActiveCfg = Release|Win32
		{230283FC-B7D6-4D91-9253-812AF84F7CDD}.Release|Win32.Build.0 = Release|Win32
		{230283FC-B7D6-4D91-9253-812AF84F7CDD}.Release|x64.ActiveCfg = Release|Win32
		{A09A6143-EFBD-4051-A7A0-AFEAEB8898BC}.Debug|Win32.ActiveCfg = Debug|Win32
		{A09A6143-EFBD-4051-A7A0-AFEAEB8898BC}.Debug|Win32.Build.0 = Debug|Win32
		{A09A6143-EFBD-4051-A7A0-AFEAEB8898BC}.Debug|x64.ActiveCfg = Debug|Win32
		{A09A6143-EFBD-4051-A7A0-AFEAEB8898BC}.Release|Win32.ActiveCfg = Release|Win32
		{A09A6143-EFBD-4051-A7A0-AFEAEB8898BC}.Release|Win32.Build.0 = Release|Win32
		{A09A6143-EFBD-4051-A7A0-AFEAEB8898BC}.Release|x64.ActiveCfg = Release|Win32
		{EC342BAA-2270-4C54-A9BA-928B8FF809C2}.Debug|Win32.ActiveCfg = Debug|Win32
		{EC342BAA-2270-4C54-A9BA-928B8FF809C2}.Debug|Win32.Build.0 = Debug|Win32
		{EC342BAA-2270-4C54-A9BA-928B8FF809C2}.Debug|x64.ActiveCfg = Debug|Win32
		{EC342BAA-2270-4C54-A9BA-928B8FF809C2}.Release|Win32.ActiveCfg = Release|Win32
		{EC342BAA-2270-4C54-A9BA-928B8FF809C2}.Release|Win32.Build.0 = Release|Win32
		{EC342BAA-2270-4C54-A9BA-928B8FF809C2}.Release|x64.ActiveCfg = Release|Win32
		{6950A1B7-CB69-4F62-8D85-A66F9694C68C}.Debug|Win32.ActiveCfg = Debug|Win32
		{6950A1B7-CB69-4F62-8D85-A66F9694C68C}.Debug|Win32.Build.0 = Debug|Win32
		{6950A1B7-CB69-4F62-8D85-A66F9694C68C}.Debug|x64.ActiveCfg = Debug|Win32
		{6950A1B7-CB69-4F62-8D85-A66F9694C68C}.Release|Win32.ActiveCfg = Release|Win32
		{6950A1B7-CB69-4F62-8D85-A66F9694C68C}.Release|Win32.Build.0 = Release|Win32
		{6950A1B7-CB69-4F62-8D85-A66F9694C68C}.Release|x64.ActiveCfg = Release|Win32
		{1AD3B69F-BF34-4CED-AC01-3A602BFBA08E}.Debug|Win32.ActiveCfg = Debug|Win32
		{1AD3B69F-BF34-4CED-AC01-3A602BFBA08E}.Debug|Win32.Build.0 = Debug|Win32
		{1AD3B69F-BF34-4CED-AC01-3A602BFBA08E}.Debug|x64.ActiveCfg = Debug|Win32
		{1AD3B69F-BF34-4CED-AC01-3A602BFBA08E}.Release|Win32.ActiveCfg = Release|Win32
		{1AD3B69F-BF34-4CED-AC01-3A602BFBA08E}.Release|Win32.Build.0 = Release|Win32
		{1AD3B69F-BF34-4CED-AC01-3A602BFBA08E}.Release|x64.ActiveCfg = Release|Win32
		{117C1A6B-A78C-4203-8BC4-0DFAE1C40AB0}.Debug|Win32.ActiveCfg = Debug|Win32
		{117C1A6B-A78C-4203-8BC4-0DFAE1C40AB0}.Debug|Win32.Build.0 = Debug|Win32
		{117C1A6B-A78C-4203-8BC4-0DFAE1C40AB0}.Debug|x64.ActiveCfg = Debug|Win32
		{117C1A6B-A78C-4203-8BC4-0DFAE1C40AB0}.Release|Win32.ActiveCfg = Release|Win32
		{117C1A6B-A78C-4203-8BC4-0DFAE1C40AB0}.Release|Win32.Build.0 = Release|Win32
		{117C1A6B-A78C-4203-8BC4-0DFAE1C40AB0}.Release|x64.ActiveCfg = Release|Win32
		{E4BED111-2101-4F36-A473-9A478AC5CE9B}.Debug|Win32.ActiveCfg = Debug|Win32
		{E4BED111-2101-4F36-A473-9A478AC5CE9B}.Debug|Win32.Build.0 = Debug|Win32
		{E4BED111-2101-4F36-A473-9A478AC5CE9B}.Debug|x64.ActiveCfg = Debug|Win32
		{E4BED111-2101-4F36-A473-9A478AC5CE9B}.Release|Win32.ActiveCfg = Release|Win32
		{E4BED111-2101-4F36-A473-9A478AC5CE9B}.Release|Win32.Build.0 = Release|Win32
		{E4BED111-2101-4F36-A473-9A478AC5CE9B}.Release|x64.ActiveCfg = Release|Win32
		{BD9FC515-F519-494D-BFD1-49511029BF0F}.Debug|Win32.ActiveCfg = Debug|Win32
		{BD9FC515-F519-494D-BFD1-49511029BF0F}.Debug|Win32.Build.0 = Debug|Win32
		{BD9FC515-F519-494D-BFD1-49511029BF0F}.Debug|x64.ActiveCfg = Debug|Win32
		{BD9FC515-F519-494D-BFD1-49511029BF0F}.Release|Win32.ActiveCfg = Release|Win32
		{BD9FC515-F519-494D-BFD1-49511029BF0F}.Release|Win32.Build.0 = Release|Win32
		{BD9FC515-F519-494D-BFD1-49511029BF0F}.Release|x64.ActiveCfg = Release|Win32
		{F1E1243A-76FD-425F-82ED-03029C0E15F2}.Debug|Win32.ActiveCfg = Debug|Win32
		{F1E1243A-76FD-425F-82ED-03029C0E15F2}.Debug|Win32.Build.0 = Debug|Win32
		{F1E1243A-76FD-425F-82ED-03029C0E15F2}.Debug|x64.ActiveCfg = Debug|Win32
		{F1E1243A-76FD-425F-82ED-03029C0E15F2}.Release|Win32.ActiveCfg = Release|Win32
		{F1E1243A-76FD-425F-82ED-03029C0E15F2}.Release|Win32.Build.0 = Release|Win32
		{F1E1243A-76FD-425F-82ED-03029C0E15F2}.Release|x64.ActiveCfg = Release|Win32
		{181EC61B-E6CC-4859-B193-7311CAAC6A82}.Debug|Win32.ActiveCfg = Debug|Win32
		{181EC61B-E6CC-4859-B193-7311CAAC6A82}.Debug|Win32.Build.0 = Debug|Win32
		{181EC61B-E6CC-4859-B193-7311CAAC6A82}.Debug|x64.ActiveCfg = Debug|Win32
		{181EC61B-E6CC-4859-B193-7311CAAC6A82}.Release|Win32.ActiveCfg = Release|Win32
		{181EC61B-E6CC-4859-B193-7311CAAC6A82}.Release|Win32.Build.0 = Release|Win32
		{181EC61B-E6CC-4859-B193-7311CAAC6A82}.Release|x64.ActiveCfg = Release|Win32
	EndGlobalSection
	GlobalSection(SolutionProperties) = preSolution
		HideSolutionNode = FALSE
	EndGlobalSection
	GlobalSection(NestedProjects) = preSolution
		{E96A9715-5A63-9E01-16DD-E6FEEF86FDAD} = {99E96C06-8EB5-4AA3-8EA0-CDD4DDC84D99}
		{32862CA2-D7B6-160A-69BA-3D4BF55C789C} = {99E96C06-8EB5-4AA3-8EA0-CDD4DDC84D99}
		{A38ACEF9-373A-5B5D-887F-88AA973F7CE9} = {99E96C06-8EB5-4AA3-8EA0-CDD4DDC84D99}
		{E554D1AF-0A1A-82C6-339E-0B2754FB6297} = {99E96C06-8EB5-4AA3-8EA0-CDD4DDC84D99}
		{A820BFF5-5A41-23EF-72CF-8DAEC48840A6} = {99E96C06-8EB5-4AA3-8EA0-CDD4DDC84D99}
		{6364108C-EB3C-0C2D-3751-C3276403586D} = {99E96C06-8EB5-4AA3-8EA0-CDD4DDC84D99}
		{C49643A3-5A0A-2FFF-A746-C5991C49856F} = {99E96C06-8EB5-4AA3-8EA0-CDD4DDC84D99}
		{949D27FC-8ACF-6B56-8FD2-6783E19815B9} = {99E96C06-8EB5-4AA3-8EA0-CDD4DDC84D99}
		{A05F2EE0-D4E7-F292-8796-1CDC5D21AD4E} = {99E96C06-8EB5-4AA3-8EA0-CDD4DDC84D99}
		{0B30483F-B433-7B5E-195A-61AA6C7F8B88} = {99E96C06-8EB5-4AA3-8EA0-CDD4DDC84D99}
		{D9E53374-1A0E-3145-EC3A-663086D9D39A} = {99E96C06-8EB5-4AA3-8EA0-CDD4DDC84D99}
		{705F7F61-82DF-A588-9F26-144A8128E99D} = {99E96C06-8EB5-4AA3-8EA0-CDD4DDC84D99}
		{E646A84A-8EBE-BAFD-C035-1BCE3A886B07} = {99E96C06-8EB5-4AA3-8EA0-CDD4DDC84D99}
		{AF7BED4A-0DC8-F0E5-D9F4-CB02C16E665F} = {99E96C06-8EB5-4AA3-8EA0-CDD4DDC84D99}
		{FA429AD4-40B7-4C40-962E-1F8CBC2C6A84} = {FB617576-2955-44A2-A943-AF9EC11D27E1}
		{58C6A46E-EAAC-4B6C-8947-80D02122EF3D} = {FB617576-2955-44A2-A943-AF9EC11D27E1}
		{20DB624F-5CB6-4463-A217-F3C705125B0B} = {71C6E9FC-7FE3-48B3-AF62-6135F0F37ECD}
		{5C8ABF5F-6FCF-4E0B-9D7A-A83C1885237A} = {71C6E9FC-7FE3-48B3-AF62-6135F0F37ECD}
		{B9B1E80C-C1C5-4173-9CD4-01EC40CDE7D5} = {71C6E9FC-7FE3-48B3-AF62-6135F0F37ECD}
		{9664E41A-299F-41BD-8A34-543FCF9CFEE5} = {20DB624F-5CB6-4463-A217-F3C705125B0B}
		{0F59595B-7E55-44B3-833E-2807B824E21E} = {20DB624F-5CB6-4463-A217-F3C705125B0B}
		{0C085A58-2C3E-4082-9C2B-808B5C441B31} = {20DB624F-5CB6-4463-A217-F3C705125B0B}
		{39606243-0A1A-4119-90D8-CC78B047518E} = {20DB624F-5CB6-4463-A217-F3C705125B0B}
		{A26D44AD-FE42-4C69-B2D3-E9B17DA3979C} = {20DB624F-5CB6-4463-A217-F3C705125B0B}
		{A9B72DA2-37E6-48C6-AE0A-43467ECBADC7} = {20DB624F-5CB6-4463-A217-F3C705125B0B}
		{EC342BAA-2270-4C54-A9BA-928B8FF809C2} = {20DB624F-5CB6-4463-A217-F3C705125B0B}
		{C0099843-FA0D-40CB-9952-4503CFFF5A2C} = {20DB624F-5CB6-4463-A217-F3C705125B0B}
		{32E7D4E8-903A-4903-A9FF-5167B4DC1921} = {F07E1930-4E39-4DFA-8715-0EEA0744A05C}
		{B31BDF1C-7219-4B73-8FAA-E96EFAEC19C3} = {5C8ABF5F-6FCF-4E0B-9D7A-A83C1885237A}
		{1946E35F-0D3C-41D3-9F5A-BAEA6857B7E9} = {B31BDF1C-7219-4B73-8FAA-E96EFAEC19C3}
		{FC7A3728-BFD2-4B5F-B0C2-44566E051977} = {B31BDF1C-7219-4B73-8FAA-E96EFAEC19C3}
		{796DAA23-6D08-4504-9F02-0A259A4C6AD6} = {B31BDF1C-7219-4B73-8FAA-E96EFAEC19C3}
		{AF7DEE11-FA72-41E1-A160-8BCBBF0C90F0} = {B31BDF1C-7219-4B73-8FAA-E96EFAEC19C3}
		{EC6E3C48-A595-4EA9-864D-8639614E3275} = {1946E35F-0D3C-41D3-9F5A-BAEA6857B7E9}
		{181EC61B-E6CC-4859-B193-7311CAAC6A82} = {1946E35F-0D3C-41D3-9F5A-BAEA6857B7E9}
		{0E094AA0-F5D3-4F30-AB5A-8FD0F55A0765} = {FC7A3728-BFD2-4B5F-B0C2-44566E051977}
		{81C33285-E79A-4C11-BCE8-1112CBEF5CCE} = {796DAA23-6D08-4504-9F02-0A259A4C6AD6}
		{F93A087C-E9DA-4398-BC93-F6785A2ACFC3} = {796DAA23-6D08-4504-9F02-0A259A4C6AD6}
		{6950A1B7-CB69-4F62-8D85-A66F9694C68C} = {796DAA23-6D08-4504-9F02-0A259A4C6AD6}
		{282A798C-B112-477A-B044-2881D9EEEB55} = {8132D267-491D-40A9-AF0F-27DBAECB39DF}
		{13448A7F-990D-4426-AC83-266CB8346E12} = {8132D267-491D-40A9-AF0F-27DBAECB39DF}
		{9BDD66C1-8F6E-449C-AA07-8C300FB83D7B} = {282A798C-B112-477A-B044-2881D9EEEB55}
		{230283FC-B7D6-4D91-9253-812AF84F7CDD} = {282A798C-B112-477A-B044-2881D9EEEB55}
		{A09A6143-EFBD-4051-A7A0-AFEAEB8898BC} = {282A798C-B112-477A-B044-2881D9EEEB55}
		{AAA135A9-A851-4BFD-AF9B-8B1AC9E1B45E} = {9BDD66C1-8F6E-449C-AA07-8C300FB83D7B}
		{D11689BF-58DA-4671-B529-588AC0F4FF30} = {13448A7F-990D-4426-AC83-266CB8346E12}
		{C31BA4B0-D22D-48A3-9CCA-10A8842B32FD} = {13448A7F-990D-4426-AC83-266CB8346E12}
		{09ECB8EA-E413-4223-8CBF-9E11AF21155D} = {AF7DEE11-FA72-41E1-A160-8BCBBF0C90F0}
		{C0D018EF-3F3E-4963-A88B-B2EB395B705F} = {B9B1E80C-C1C5-4173-9CD4-01EC40CDE7D5}
		{6891C44E-C508-46FF-B73D-FE3D1682B7F0} = {B9B1E80C-C1C5-4173-9CD4-01EC40CDE7D5}
		{BCA67CA7-8C61-483D-AA7A-3F7EAC77CB03} = {C0D018EF-3F3E-4963-A88B-B2EB395B705F}
		{D290E722-4AF3-434B-BB43-7D6986095423} = {6891C44E-C508-46FF-B73D-FE3D1682B7F0}
		{7FE02140-2800-4788-B0FF-11FE28017415} = {B3D39072-E3ED-4145-9F3A-43A10CAAE5AC}
		{2C76374E-505C-430B-8FEC-18D92550DCBA} = {B3D39072-E3ED-4145-9F3A-43A10CAAE5AC}
		{68A783D7-9F18-4A22-AF58-4AFF0BF38226} = {B3D39072-E3ED-4145-9F3A-43A10CAAE5AC}
		{1AD3B69F-BF34-4CED-AC01-3A602BFBA08E} = {7FE02140-2800-4788-B0FF-11FE28017415}
		{117C1A6B-A78C-4203-8BC4-0DFAE1C40AB0} = {7FE02140-2800-4788-B0FF-11FE28017415}
		{E4BED111-2101-4F36-A473-9A478AC5CE9B} = {7FE02140-2800-4788-B0FF-11FE28017415}
		{BD9FC515-F519-494D-BFD1-49511029BF0F} = {2C76374E-505C-430B-8FEC-18D92550DCBA}
		{F1E1243A-76FD-425F-82ED-03029C0E15F2} = {68A783D7-9F18-4A22-AF58-4AFF0BF38226}
	EndGlobalSection
EndGlobal
