Microsoft Visual Studio Solution File, Format Version 11.00
# Visual Studio 2010
Project("{2150E333-8FDC-42A3-9474-1A3956D46DE8}") = "(allocator)", "..\..\base\allocator", "{6478B9F3-4858-63F4-35F4-98A303E305F3}"
EndProject
Project("{2150E333-8FDC-42A3-9474-1A3956D46DE8}") = "(base)", "..\..\base", "{9785FB75-982A-5DE3-252D-3F288B9FEF5B}"
EndProject
Project("{2150E333-8FDC-42A3-9474-1A3956D46DE8}") = "(dynamic_annotations)", "..\..\base\third_party\dynamic_annotations", "{EF1E4970-C119-B0D7-F5D6-321C6AE66EDC}"
EndProject
Project("{2150E333-8FDC-42A3-9474-1A3956D46DE8}") = "(icu)", "..\..\third_party\icu", "{2DE59335-96CE-10CA-CDE5-FEC35E3549BB}"
EndProject
Project("{2150E333-8FDC-42A3-9474-1A3956D46DE8}") = "(testing)", "..\..\testing", "{EAC80D00-01D2-3F49-A377-20B7154947F3}"
EndProject
Project("{2150E333-8FDC-42A3-9474-1A3956D46DE8}") = "(third_party)", "..\..\base\third_party", "{3E7FA5AF-27B3-2DE0-883C-12F98E7F4E81}"
EndProject
Project("{2150E333-8FDC-42A3-9474-1A3956D46DE8}") = "(third_party)", "..\..\third_party", "{89C816A7-DD31-D54C-C69C-5A80E0C49B77}"
EndProject
Project("{8BC9CEB8-8B4A-11D0-8D11-00A0C91BC942}") = "allocator_extension_thunks", "allocator\allocator_extension_thunks.vcxproj", "{2915E026-0CF5-5E77-201C-6D6C4C28AA63}"
EndProject
Project("{8BC9CEB8-8B4A-11D0-8D11-00A0C91BC942}") = "allocator_extension_thunks_win64", "allocator\allocator_extension_thunks_win64.vcxproj", "{6BFB82F6-03FA-2377-427A-AFE75F7FC4E7}"
EndProject
Project("{8BC9CEB8-8B4A-11D0-8D11-00A0C91BC942}") = "base", "base.vcxproj", "{E96A9715-5A63-9E01-16DD-E6FEEF86FDAD}"
	ProjectSection(ProjectDependencies) = postProject
		{C4F55527-812A-DA57-0C23-11314BA8EED2} = {C4F55527-812A-DA57-0C23-11314BA8EED2}
		{2915E026-0CF5-5E77-201C-6D6C4C28AA63} = {2915E026-0CF5-5E77-201C-6D6C4C28AA63}
		{618290FC-61AC-99C1-0085-B2D6D9294C08} = {618290FC-61AC-99C1-0085-B2D6D9294C08}
		{FDA49C7A-0D19-BC89-3238-75B3B4A0E6EE} = {FDA49C7A-0D19-BC89-3238-75B3B4A0E6EE}
		{26066164-8BCA-BB54-76A5-8B5333BB2C0C} = {26066164-8BCA-BB54-76A5-8B5333BB2C0C}
	EndProjectSection
EndProject
Project("{8BC9CEB8-8B4A-11D0-8D11-00A0C91BC942}") = "base_i18n", "base_i18n.vcxproj", "{75E9E561-1EF1-B6FA-B63D-27E068147661}"
	ProjectSection(ProjectDependencies) = postProject
		{E96A9715-5A63-9E01-16DD-E6FEEF86FDAD} = {E96A9715-5A63-9E01-16DD-E6FEEF86FDAD}
		{26066164-8BCA-BB54-76A5-8B5333BB2C0C} = {26066164-8BCA-BB54-76A5-8B5333BB2C0C}
		{392EBFE1-8133-8432-AB93-4EA520C83304} = {392EBFE1-8133-8432-AB93-4EA520C83304}
		{AEAF5727-7306-AF60-3BAE-6BD073DE3312} = {AEAF5727-7306-AF60-3BAE-6BD073DE3312}
	EndProjectSection
EndProject
Project("{8BC9CEB8-8B4A-11D0-8D11-00A0C91BC942}") = "base_i18n_nacl_win64", "base_i18n_nacl_win64.vcxproj", "{C9BEFA0F-4F0F-B28E-A3BC-F56D1A920F39}"
EndProject
Project("{8BC9CEB8-8B4A-11D0-8D11-00A0C91BC942}") = "base_nacl_win64", "base_nacl_win64.vcxproj", "{9C98D904-B877-A576-B390-CBB614EAB846}"
	ProjectSection(ProjectDependencies) = postProject
		{7B80AD97-AD8C-F815-D0B6-166E4942FB80} = {7B80AD97-AD8C-F815-D0B6-166E4942FB80}
		{6BFB82F6-03FA-2377-427A-AFE75F7FC4E7} = {6BFB82F6-03FA-2377-427A-AFE75F7FC4E7}
		{19CBACC5-4676-1E3F-229A-B8708193AE32} = {19CBACC5-4676-1E3F-229A-B8708193AE32}
	EndProjectSection
EndProject
Project("{8BC9CEB8-8B4A-11D0-8D11-00A0C91BC942}") = "base_prefs", "base_prefs.vcxproj", "{B7352553-2563-0ABA-63BA-DA44A5CE6460}"
	ProjectSection(ProjectDependencies) = postProject
		{E96A9715-5A63-9E01-16DD-E6FEEF86FDAD} = {E96A9715-5A63-9E01-16DD-E6FEEF86FDAD}
	EndProjectSection
EndProject
Project("{8BC9CEB8-8B4A-11D0-8D11-00A0C91BC942}") = "base_prefs_test_support", "base_prefs_test_support.vcxproj", "{F2FEA2EE-5A01-F978-BA36-C9126894DF1E}"
	ProjectSection(ProjectDependencies) = postProject
		{E96A9715-5A63-9E01-16DD-E6FEEF86FDAD} = {E96A9715-5A63-9E01-16DD-E6FEEF86FDAD}
		{B7352553-2563-0ABA-63BA-DA44A5CE6460} = {B7352553-2563-0ABA-63BA-DA44A5CE6460}
	EndProjectSection
EndProject
Project("{8BC9CEB8-8B4A-11D0-8D11-00A0C91BC942}") = "base_static", "base_static.vcxproj", "{C4F55527-812A-DA57-0C23-11314BA8EED2}"
EndProject
Project("{8BC9CEB8-8B4A-11D0-8D11-00A0C91BC942}") = "base_static_win64", "base_static_win64.vcxproj", "{7B80AD97-AD8C-F815-D0B6-166E4942FB80}"
EndProject
Project("{8BC9CEB8-8B4A-11D0-8D11-00A0C91BC942}") = "base_unittests", "base_unittests.vcxproj", "{8B1D6C79-1348-2DC8-F872-D84C8C8AE2E3}"
	ProjectSection(ProjectDependencies) = postProject
		{E96A9715-5A63-9E01-16DD-E6FEEF86FDAD} = {E96A9715-5A63-9E01-16DD-E6FEEF86FDAD}
		{75E9E561-1EF1-B6FA-B63D-27E068147661} = {75E9E561-1EF1-B6FA-B63D-27E068147661}
		{B7352553-2563-0ABA-63BA-DA44A5CE6460} = {B7352553-2563-0ABA-63BA-DA44A5CE6460}
		{F2FEA2EE-5A01-F978-BA36-C9126894DF1E} = {F2FEA2EE-5A01-F978-BA36-C9126894DF1E}
		{C4F55527-812A-DA57-0C23-11314BA8EED2} = {C4F55527-812A-DA57-0C23-11314BA8EED2}
		{36B3F0EF-3229-7B4C-937F-92EB75CC14EF} = {36B3F0EF-3229-7B4C-937F-92EB75CC14EF}
		{9EF03635-59DC-EF18-AC7E-CAE160AFDFB3} = {9EF03635-59DC-EF18-AC7E-CAE160AFDFB3}
		{26066164-8BCA-BB54-76A5-8B5333BB2C0C} = {26066164-8BCA-BB54-76A5-8B5333BB2C0C}
		{752BD63A-5779-0226-EFC6-FB03B98C8239} = {752BD63A-5779-0226-EFC6-FB03B98C8239}
		{BFA947D1-25B3-9329-27AD-F7872A267B9C} = {BFA947D1-25B3-9329-27AD-F7872A267B9C}
		{392EBFE1-8133-8432-AB93-4EA520C83304} = {392EBFE1-8133-8432-AB93-4EA520C83304}
		{AEAF5727-7306-AF60-3BAE-6BD073DE3312} = {AEAF5727-7306-AF60-3BAE-6BD073DE3312}
		{CD502501-04E9-6FCF-F831-88E11DCD8908} = {CD502501-04E9-6FCF-F831-88E11DCD8908}
		{618290FC-61AC-99C1-0085-B2D6D9294C08} = {618290FC-61AC-99C1-0085-B2D6D9294C08}
	EndProjectSection
EndProject
Project("{8BC9CEB8-8B4A-11D0-8D11-00A0C91BC942}") = "base_unittests_run", "base_unittests_run.vcxproj", "{E5877B6F-A255-9B4F-44DF-6E56BE345350}"
	ProjectSection(ProjectDependencies) = postProject
		{8B1D6C79-1348-2DC8-F872-D84C8C8AE2E3} = {8B1D6C79-1348-2DC8-F872-D84C8C8AE2E3}
	EndProjectSection
EndProject
Project("{8BC9CEB8-8B4A-11D0-8D11-00A0C91BC942}") = "check_example", "check_example.vcxproj", "{7D3096DE-262A-38EE-63AD-96FC0968BC56}"
	ProjectSection(ProjectDependencies) = postProject
		{E96A9715-5A63-9E01-16DD-E6FEEF86FDAD} = {E96A9715-5A63-9E01-16DD-E6FEEF86FDAD}
	EndProjectSection
EndProject
Project("{8BC9CEB8-8B4A-11D0-8D11-00A0C91BC942}") = "debug_message", "debug_message.vcxproj", "{69D5F4BE-07CE-88D0-E0CC-C41E1370897E}"
EndProject
Project("{8BC9CEB8-8B4A-11D0-8D11-00A0C91BC942}") = "dynamic_annotations", "third_party\dynamic_annotations\dynamic_annotations.vcxproj", "{26066164-8BCA-BB54-76A5-8B5333BB2C0C}"
EndProject
Project("{8BC9CEB8-8B4A-11D0-8D11-00A0C91BC942}") = "dynamic_annotations_win64", "third_party\dynamic_annotations\dynamic_annotations_win64.vcxproj", "{19CBACC5-4676-1E3F-229A-B8708193AE32}"
EndProject
Project("{8BC9CEB8-8B4A-11D0-8D11-00A0C91BC942}") = "gmock", "..\testing\gmock.vcxproj", "{752BD63A-5779-0226-EFC6-FB03B98C8239}"
EndProject
Project("{8BC9CEB8-8B4A-11D0-8D11-00A0C91BC942}") = "gtest", "..\testing\gtest.vcxproj", "{BFA947D1-25B3-9329-27AD-F7872A267B9C}"
	ProjectSection(ProjectDependencies) = postProject
		{618290FC-61AC-99C1-0085-B2D6D9294C08} = {618290FC-61AC-99C1-0085-B2D6D9294C08}
	EndProjectSection
EndProject
Project("{8BC9CEB8-8B4A-11D0-8D11-00A0C91BC942}") = "gtest_prod", "..\testing\gtest_prod.vcxproj", "{618290FC-61AC-99C1-0085-B2D6D9294C08}"
EndProject
Project("{8BC9CEB8-8B4A-11D0-8D11-00A0C91BC942}") = "icudata", "..\third_party\icu\icudata.vcxproj", "{CD502501-04E9-6FCF-F831-88E11DCD8908}"
EndProject
Project("{8BC9CEB8-8B4A-11D0-8D11-00A0C91BC942}") = "icui18n", "..\third_party\icu\icui18n.vcxproj", "{392EBFE1-8133-8432-AB93-4EA520C83304}"
	ProjectSection(ProjectDependencies) = postProject
		{AEAF5727-7306-AF60-3BAE-6BD073DE3312} = {AEAF5727-7306-AF60-3BAE-6BD073DE3312}
	EndProjectSection
EndProject
Project("{8BC9CEB8-8B4A-11D0-8D11-00A0C91BC942}") = "icuuc", "..\third_party\icu\icuuc.vcxproj", "{AEAF5727-7306-AF60-3BAE-6BD073DE3312}"
	ProjectSection(ProjectDependencies) = postProject
		{CD502501-04E9-6FCF-F831-88E11DCD8908} = {CD502501-04E9-6FCF-F831-88E11DCD8908}
	EndProjectSection
EndProject
Project("{8BC9CEB8-8B4A-11D0-8D11-00A0C91BC942}") = "modp_b64", "..\third_party\modp_b64\modp_b64.vcxproj", "{FDA49C7A-0D19-BC89-3238-75B3B4A0E6EE}"
EndProject
Project("{8BC9CEB8-8B4A-11D0-8D11-00A0C91BC942}") = "run_all_unittests", "run_all_unittests.vcxproj", "{36B3F0EF-3229-7B4C-937F-92EB75CC14EF}"
EndProject
Project("{8BC9CEB8-8B4A-11D0-8D11-00A0C91BC942}") = "test_support_base", "test_support_base.vcxproj", "{9EF03635-59DC-EF18-AC7E-CAE160AFDFB3}"
	ProjectSection(ProjectDependencies) = postProject
		{E96A9715-5A63-9E01-16DD-E6FEEF86FDAD} = {E96A9715-5A63-9E01-16DD-E6FEEF86FDAD}
		{75E9E561-1EF1-B6FA-B63D-27E068147661} = {75E9E561-1EF1-B6FA-B63D-27E068147661}
	EndProjectSection
EndProject
Project("{8BC9CEB8-8B4A-11D0-8D11-00A0C91BC942}") = "test_support_perf", "test_support_perf.vcxproj", "{A180E5B3-1247-7405-06A8-5E17B11184DF}"
	ProjectSection(ProjectDependencies) = postProject
		{E96A9715-5A63-9E01-16DD-E6FEEF86FDAD} = {E96A9715-5A63-9E01-16DD-E6FEEF86FDAD}
	EndProjectSection
EndProject
Global
	GlobalSection(SolutionConfigurationPlatforms) = preSolution
		Release|x64 = Release|x64
		Debug|Win32 = Debug|Win32
		Debug|x64 = Debug|x64
		Release|Win32 = Release|Win32
	EndGlobalSection
	GlobalSection(ProjectConfigurationPlatforms) = postSolution
		{19CBACC5-4676-1E3F-229A-B8708193AE32}.Release|x64.ActiveCfg = Release|x64
		{19CBACC5-4676-1E3F-229A-B8708193AE32}.Release|x64.Build.0 = Release|x64
		{19CBACC5-4676-1E3F-229A-B8708193AE32}.Debug|Win32.ActiveCfg = Debug|x64
		{19CBACC5-4676-1E3F-229A-B8708193AE32}.Debug|Win32.Build.0 = Debug|x64
		{19CBACC5-4676-1E3F-229A-B8708193AE32}.Debug|x64.ActiveCfg = Debug|x64
		{19CBACC5-4676-1E3F-229A-B8708193AE32}.Debug|x64.Build.0 = Debug|x64
		{19CBACC5-4676-1E3F-229A-B8708193AE32}.Release|Win32.ActiveCfg = Release|x64
		{19CBACC5-4676-1E3F-229A-B8708193AE32}.Release|Win32.Build.0 = Release|x64
		{26066164-8BCA-BB54-76A5-8B5333BB2C0C}.Release|x64.ActiveCfg = Release|x64
		{26066164-8BCA-BB54-76A5-8B5333BB2C0C}.Release|x64.Build.0 = Release|x64
		{26066164-8BCA-BB54-76A5-8B5333BB2C0C}.Debug|Win32.ActiveCfg = Debug|Win32
		{26066164-8BCA-BB54-76A5-8B5333BB2C0C}.Debug|Win32.Build.0 = Debug|Win32
		{26066164-8BCA-BB54-76A5-8B5333BB2C0C}.Debug|x64.ActiveCfg = Debug|x64
		{26066164-8BCA-BB54-76A5-8B5333BB2C0C}.Debug|x64.Build.0 = Debug|x64
		{26066164-8BCA-BB54-76A5-8B5333BB2C0C}.Release|Win32.ActiveCfg = Release|Win32
		{26066164-8BCA-BB54-76A5-8B5333BB2C0C}.Release|Win32.Build.0 = Release|Win32
		{2915E026-0CF5-5E77-201C-6D6C4C28AA63}.Release|x64.ActiveCfg = Release|x64
		{2915E026-0CF5-5E77-201C-6D6C4C28AA63}.Release|x64.Build.0 = Release|x64
		{2915E026-0CF5-5E77-201C-6D6C4C28AA63}.Debug|Win32.ActiveCfg = Debug|Win32
		{2915E026-0CF5-5E77-201C-6D6C4C28AA63}.Debug|Win32.Build.0 = Debug|Win32
		{2915E026-0CF5-5E77-201C-6D6C4C28AA63}.Debug|x64.ActiveCfg = Debug|x64
		{2915E026-0CF5-5E77-201C-6D6C4C28AA63}.Debug|x64.Build.0 = Debug|x64
		{2915E026-0CF5-5E77-201C-6D6C4C28AA63}.Release|Win32.ActiveCfg = Release|Win32
		{2915E026-0CF5-5E77-201C-6D6C4C28AA63}.Release|Win32.Build.0 = Release|Win32
		{36B3F0EF-3229-7B4C-937F-92EB75CC14EF}.Release|x64.ActiveCfg = Release|x64
		{36B3F0EF-3229-7B4C-937F-92EB75CC14EF}.Release|x64.Build.0 = Release|x64
		{36B3F0EF-3229-7B4C-937F-92EB75CC14EF}.Debug|Win32.ActiveCfg = Debug|Win32
		{36B3F0EF-3229-7B4C-937F-92EB75CC14EF}.Debug|Win32.Build.0 = Debug|Win32
		{36B3F0EF-3229-7B4C-937F-92EB75CC14EF}.Debug|x64.ActiveCfg = Debug|x64
		{36B3F0EF-3229-7B4C-937F-92EB75CC14EF}.Debug|x64.Build.0 = Debug|x64
		{36B3F0EF-3229-7B4C-937F-92EB75CC14EF}.Release|Win32.ActiveCfg = Release|Win32
		{36B3F0EF-3229-7B4C-937F-92EB75CC14EF}.Release|Win32.Build.0 = Release|Win32
		{392EBFE1-8133-8432-AB93-4EA520C83304}.Release|x64.ActiveCfg = Release|x64
		{392EBFE1-8133-8432-AB93-4EA520C83304}.Release|x64.Build.0 = Release|x64
		{392EBFE1-8133-8432-AB93-4EA520C83304}.Debug|Win32.ActiveCfg = Debug|Win32
		{392EBFE1-8133-8432-AB93-4EA520C83304}.Debug|Win32.Build.0 = Debug|Win32
		{392EBFE1-8133-8432-AB93-4EA520C83304}.Debug|x64.ActiveCfg = Debug|x64
		{392EBFE1-8133-8432-AB93-4EA520C83304}.Debug|x64.Build.0 = Debug|x64
		{392EBFE1-8133-8432-AB93-4EA520C83304}.Release|Win32.ActiveCfg = Release|Win32
		{392EBFE1-8133-8432-AB93-4EA520C83304}.Release|Win32.Build.0 = Release|Win32
		{618290FC-61AC-99C1-0085-B2D6D9294C08}.Release|x64.ActiveCfg = Release|x64
		{618290FC-61AC-99C1-0085-B2D6D9294C08}.Release|x64.Build.0 = Release|x64
		{618290FC-61AC-99C1-0085-B2D6D9294C08}.Debug|Win32.ActiveCfg = Debug|Win32
		{618290FC-61AC-99C1-0085-B2D6D9294C08}.Debug|Win32.Build.0 = Debug|Win32
		{618290FC-61AC-99C1-0085-B2D6D9294C08}.Debug|x64.ActiveCfg = Debug|x64
		{618290FC-61AC-99C1-0085-B2D6D9294C08}.Debug|x64.Build.0 = Debug|x64
		{618290FC-61AC-99C1-0085-B2D6D9294C08}.Release|Win32.ActiveCfg = Release|Win32
		{618290FC-61AC-99C1-0085-B2D6D9294C08}.Release|Win32.Build.0 = Release|Win32
		{69D5F4BE-07CE-88D0-E0CC-C41E1370897E}.Release|x64.ActiveCfg = Release|x64
		{69D5F4BE-07CE-88D0-E0CC-C41E1370897E}.Release|x64.Build.0 = Release|x64
		{69D5F4BE-07CE-88D0-E0CC-C41E1370897E}.Debug|Win32.ActiveCfg = Debug|Win32
		{69D5F4BE-07CE-88D0-E0CC-C41E1370897E}.Debug|Win32.Build.0 = Debug|Win32
		{69D5F4BE-07CE-88D0-E0CC-C41E1370897E}.Debug|x64.ActiveCfg = Debug|x64
		{69D5F4BE-07CE-88D0-E0CC-C41E1370897E}.Debug|x64.Build.0 = Debug|x64
		{69D5F4BE-07CE-88D0-E0CC-C41E1370897E}.Release|Win32.ActiveCfg = Release|Win32
		{69D5F4BE-07CE-88D0-E0CC-C41E1370897E}.Release|Win32.Build.0 = Release|Win32
		{6BFB82F6-03FA-2377-427A-AFE75F7FC4E7}.Release|x64.ActiveCfg = Release|x64
		{6BFB82F6-03FA-2377-427A-AFE75F7FC4E7}.Release|x64.Build.0 = Release|x64
		{6BFB82F6-03FA-2377-427A-AFE75F7FC4E7}.Debug|Win32.ActiveCfg = Debug|x64
		{6BFB82F6-03FA-2377-427A-AFE75F7FC4E7}.Debug|Win32.Build.0 = Debug|x64
		{6BFB82F6-03FA-2377-427A-AFE75F7FC4E7}.Debug|x64.ActiveCfg = Debug|x64
		{6BFB82F6-03FA-2377-427A-AFE75F7FC4E7}.Debug|x64.Build.0 = Debug|x64
		{6BFB82F6-03FA-2377-427A-AFE75F7FC4E7}.Release|Win32.ActiveCfg = Release|x64
		{6BFB82F6-03FA-2377-427A-AFE75F7FC4E7}.Release|Win32.Build.0 = Release|x64
		{752BD63A-5779-0226-EFC6-FB03B98C8239}.Release|x64.ActiveCfg = Release|x64
		{752BD63A-5779-0226-EFC6-FB03B98C8239}.Release|x64.Build.0 = Release|x64
		{752BD63A-5779-0226-EFC6-FB03B98C8239}.Debug|Win32.ActiveCfg = Debug|Win32
		{752BD63A-5779-0226-EFC6-FB03B98C8239}.Debug|Win32.Build.0 = Debug|Win32
		{752BD63A-5779-0226-EFC6-FB03B98C8239}.Debug|x64.ActiveCfg = Debug|x64
		{752BD63A-5779-0226-EFC6-FB03B98C8239}.Debug|x64.Build.0 = Debug|x64
		{752BD63A-5779-0226-EFC6-FB03B98C8239}.Release|Win32.ActiveCfg = Release|Win32
		{752BD63A-5779-0226-EFC6-FB03B98C8239}.Release|Win32.Build.0 = Release|Win32
		{75E9E561-1EF1-B6FA-B63D-27E068147661}.Release|x64.ActiveCfg = Release|x64
		{75E9E561-1EF1-B6FA-B63D-27E068147661}.Release|x64.Build.0 = Release|x64
		{75E9E561-1EF1-B6FA-B63D-27E068147661}.Debug|Win32.ActiveCfg = Debug|Win32
		{75E9E561-1EF1-B6FA-B63D-27E068147661}.Debug|Win32.Build.0 = Debug|Win32
		{75E9E561-1EF1-B6FA-B63D-27E068147661}.Debug|x64.ActiveCfg = Debug|x64
		{75E9E561-1EF1-B6FA-B63D-27E068147661}.Debug|x64.Build.0 = Debug|x64
		{75E9E561-1EF1-B6FA-B63D-27E068147661}.Release|Win32.ActiveCfg = Release|Win32
		{75E9E561-1EF1-B6FA-B63D-27E068147661}.Release|Win32.Build.0 = Release|Win32
		{7B80AD97-AD8C-F815-D0B6-166E4942FB80}.Release|x64.ActiveCfg = Release|x64
		{7B80AD97-AD8C-F815-D0B6-166E4942FB80}.Release|x64.Build.0 = Release|x64
		{7B80AD97-AD8C-F815-D0B6-166E4942FB80}.Debug|Win32.ActiveCfg = Debug|x64
		{7B80AD97-AD8C-F815-D0B6-166E4942FB80}.Debug|Win32.Build.0 = Debug|x64
		{7B80AD97-AD8C-F815-D0B6-166E4942FB80}.Debug|x64.ActiveCfg = Debug|x64
		{7B80AD97-AD8C-F815-D0B6-166E4942FB80}.Debug|x64.Build.0 = Debug|x64
		{7B80AD97-AD8C-F815-D0B6-166E4942FB80}.Release|Win32.ActiveCfg = Release|x64
		{7B80AD97-AD8C-F815-D0B6-166E4942FB80}.Release|Win32.Build.0 = Release|x64
		{7D3096DE-262A-38EE-63AD-96FC0968BC56}.Release|x64.ActiveCfg = Release|x64
		{7D3096DE-262A-38EE-63AD-96FC0968BC56}.Release|x64.Build.0 = Release|x64
		{7D3096DE-262A-38EE-63AD-96FC0968BC56}.Debug|Win32.ActiveCfg = Debug|Win32
		{7D3096DE-262A-38EE-63AD-96FC0968BC56}.Debug|Win32.Build.0 = Debug|Win32
		{7D3096DE-262A-38EE-63AD-96FC0968BC56}.Debug|x64.ActiveCfg = Debug|x64
		{7D3096DE-262A-38EE-63AD-96FC0968BC56}.Debug|x64.Build.0 = Debug|x64
		{7D3096DE-262A-38EE-63AD-96FC0968BC56}.Release|Win32.ActiveCfg = Release|Win32
		{7D3096DE-262A-38EE-63AD-96FC0968BC56}.Release|Win32.Build.0 = Release|Win32
		{8B1D6C79-1348-2DC8-F872-D84C8C8AE2E3}.Release|x64.ActiveCfg = Release|x64
		{8B1D6C79-1348-2DC8-F872-D84C8C8AE2E3}.Release|x64.Build.0 = Release|x64
		{8B1D6C79-1348-2DC8-F872-D84C8C8AE2E3}.Debug|Win32.ActiveCfg = Debug|Win32
		{8B1D6C79-1348-2DC8-F872-D84C8C8AE2E3}.Debug|Win32.Build.0 = Debug|Win32
		{8B1D6C79-1348-2DC8-F872-D84C8C8AE2E3}.Debug|x64.ActiveCfg = Debug|x64
		{8B1D6C79-1348-2DC8-F872-D84C8C8AE2E3}.Debug|x64.Build.0 = Debug|x64
		{8B1D6C79-1348-2DC8-F872-D84C8C8AE2E3}.Release|Win32.ActiveCfg = Release|Win32
		{8B1D6C79-1348-2DC8-F872-D84C8C8AE2E3}.Release|Win32.Build.0 = Release|Win32
		{9C98D904-B877-A576-B390-CBB614EAB846}.Release|x64.ActiveCfg = Release|x64
		{9C98D904-B877-A576-B390-CBB614EAB846}.Release|x64.Build.0 = Release|x64
		{9C98D904-B877-A576-B390-CBB614EAB846}.Debug|Win32.ActiveCfg = Debug|x64
		{9C98D904-B877-A576-B390-CBB614EAB846}.Debug|Win32.Build.0 = Debug|x64
		{9C98D904-B877-A576-B390-CBB614EAB846}.Debug|x64.ActiveCfg = Debug|x64
		{9C98D904-B877-A576-B390-CBB614EAB846}.Debug|x64.Build.0 = Debug|x64
		{9C98D904-B877-A576-B390-CBB614EAB846}.Release|Win32.ActiveCfg = Release|x64
		{9C98D904-B877-A576-B390-CBB614EAB846}.Release|Win32.Build.0 = Release|x64
		{9EF03635-59DC-EF18-AC7E-CAE160AFDFB3}.Release|x64.ActiveCfg = Release|x64
		{9EF03635-59DC-EF18-AC7E-CAE160AFDFB3}.Release|x64.Build.0 = Release|x64
		{9EF03635-59DC-EF18-AC7E-CAE160AFDFB3}.Debug|Win32.ActiveCfg = Debug|Win32
		{9EF03635-59DC-EF18-AC7E-CAE160AFDFB3}.Debug|Win32.Build.0 = Debug|Win32
		{9EF03635-59DC-EF18-AC7E-CAE160AFDFB3}.Debug|x64.ActiveCfg = Debug|x64
		{9EF03635-59DC-EF18-AC7E-CAE160AFDFB3}.Debug|x64.Build.0 = Debug|x64
		{9EF03635-59DC-EF18-AC7E-CAE160AFDFB3}.Release|Win32.ActiveCfg = Release|Win32
		{9EF03635-59DC-EF18-AC7E-CAE160AFDFB3}.Release|Win32.Build.0 = Release|Win32
		{A180E5B3-1247-7405-06A8-5E17B11184DF}.Release|x64.ActiveCfg = Release|x64
		{A180E5B3-1247-7405-06A8-5E17B11184DF}.Release|x64.Build.0 = Release|x64
		{A180E5B3-1247-7405-06A8-5E17B11184DF}.Debug|Win32.ActiveCfg = Debug|Win32
		{A180E5B3-1247-7405-06A8-5E17B11184DF}.Debug|Win32.Build.0 = Debug|Win32
		{A180E5B3-1247-7405-06A8-5E17B11184DF}.Debug|x64.ActiveCfg = Debug|x64
		{A180E5B3-1247-7405-06A8-5E17B11184DF}.Debug|x64.Build.0 = Debug|x64
		{A180E5B3-1247-7405-06A8-5E17B11184DF}.Release|Win32.ActiveCfg = Release|Win32
		{A180E5B3-1247-7405-06A8-5E17B11184DF}.Release|Win32.Build.0 = Release|Win32
		{AEAF5727-7306-AF60-3BAE-6BD073DE3312}.Release|x64.ActiveCfg = Release|x64
		{AEAF5727-7306-AF60-3BAE-6BD073DE3312}.Release|x64.Build.0 = Release|x64
		{AEAF5727-7306-AF60-3BAE-6BD073DE3312}.Debug|Win32.ActiveCfg = Debug|Win32
		{AEAF5727-7306-AF60-3BAE-6BD073DE3312}.Debug|Win32.Build.0 = Debug|Win32
		{AEAF5727-7306-AF60-3BAE-6BD073DE3312}.Debug|x64.ActiveCfg = Debug|x64
		{AEAF5727-7306-AF60-3BAE-6BD073DE3312}.Debug|x64.Build.0 = Debug|x64
		{AEAF5727-7306-AF60-3BAE-6BD073DE3312}.Release|Win32.ActiveCfg = Release|Win32
		{AEAF5727-7306-AF60-3BAE-6BD073DE3312}.Release|Win32.Build.0 = Release|Win32
		{B7352553-2563-0ABA-63BA-DA44A5CE6460}.Release|x64.ActiveCfg = Release|x64
		{B7352553-2563-0ABA-63BA-DA44A5CE6460}.Release|x64.Build.0 = Release|x64
		{B7352553-2563-0ABA-63BA-DA44A5CE6460}.Debug|Win32.ActiveCfg = Debug|Win32
		{B7352553-2563-0ABA-63BA-DA44A5CE6460}.Debug|Win32.Build.0 = Debug|Win32
		{B7352553-2563-0ABA-63BA-DA44A5CE6460}.Debug|x64.ActiveCfg = Debug|x64
		{B7352553-2563-0ABA-63BA-DA44A5CE6460}.Debug|x64.Build.0 = Debug|x64
		{B7352553-2563-0ABA-63BA-DA44A5CE6460}.Release|Win32.ActiveCfg = Release|Win32
		{B7352553-2563-0ABA-63BA-DA44A5CE6460}.Release|Win32.Build.0 = Release|Win32
		{BFA947D1-25B3-9329-27AD-F7872A267B9C}.Release|x64.ActiveCfg = Release|x64
		{BFA947D1-25B3-9329-27AD-F7872A267B9C}.Release|x64.Build.0 = Release|x64
		{BFA947D1-25B3-9329-27AD-F7872A267B9C}.Debug|Win32.ActiveCfg = Debug|Win32
		{BFA947D1-25B3-9329-27AD-F7872A267B9C}.Debug|Win32.Build.0 = Debug|Win32
		{BFA947D1-25B3-9329-27AD-F7872A267B9C}.Debug|x64.ActiveCfg = Debug|x64
		{BFA947D1-25B3-9329-27AD-F7872A267B9C}.Debug|x64.Build.0 = Debug|x64
		{BFA947D1-25B3-9329-27AD-F7872A267B9C}.Release|Win32.ActiveCfg = Release|Win32
		{BFA947D1-25B3-9329-27AD-F7872A267B9C}.Release|Win32.Build.0 = Release|Win32
		{C4F55527-812A-DA57-0C23-11314BA8EED2}.Release|x64.ActiveCfg = Release|x64
		{C4F55527-812A-DA57-0C23-11314BA8EED2}.Release|x64.Build.0 = Release|x64
		{C4F55527-812A-DA57-0C23-11314BA8EED2}.Debug|Win32.ActiveCfg = Debug|Win32
		{C4F55527-812A-DA57-0C23-11314BA8EED2}.Debug|Win32.Build.0 = Debug|Win32
		{C4F55527-812A-DA57-0C23-11314BA8EED2}.Debug|x64.ActiveCfg = Debug|x64
		{C4F55527-812A-DA57-0C23-11314BA8EED2}.Debug|x64.Build.0 = Debug|x64
		{C4F55527-812A-DA57-0C23-11314BA8EED2}.Release|Win32.ActiveCfg = Release|Win32
		{C4F55527-812A-DA57-0C23-11314BA8EED2}.Release|Win32.Build.0 = Release|Win32
		{C9BEFA0F-4F0F-B28E-A3BC-F56D1A920F39}.Release|x64.ActiveCfg = Release|x64
		{C9BEFA0F-4F0F-B28E-A3BC-F56D1A920F39}.Release|x64.Build.0 = Release|x64
		{C9BEFA0F-4F0F-B28E-A3BC-F56D1A920F39}.Debug|Win32.ActiveCfg = Debug|x64
		{C9BEFA0F-4F0F-B28E-A3BC-F56D1A920F39}.Debug|Win32.Build.0 = Debug|x64
		{C9BEFA0F-4F0F-B28E-A3BC-F56D1A920F39}.Debug|x64.ActiveCfg = Debug|x64
		{C9BEFA0F-4F0F-B28E-A3BC-F56D1A920F39}.Debug|x64.Build.0 = Debug|x64
		{C9BEFA0F-4F0F-B28E-A3BC-F56D1A920F39}.Release|Win32.ActiveCfg = Release|x64
		{C9BEFA0F-4F0F-B28E-A3BC-F56D1A920F39}.Release|Win32.Build.0 = Release|x64
		{CD502501-04E9-6FCF-F831-88E11DCD8908}.Release|x64.ActiveCfg = Release|x64
		{CD502501-04E9-6FCF-F831-88E11DCD8908}.Release|x64.Build.0 = Release|x64
		{CD502501-04E9-6FCF-F831-88E11DCD8908}.Debug|Win32.ActiveCfg = Debug|Win32
		{CD502501-04E9-6FCF-F831-88E11DCD8908}.Debug|Win32.Build.0 = Debug|Win32
		{CD502501-04E9-6FCF-F831-88E11DCD8908}.Debug|x64.ActiveCfg = Debug|x64
		{CD502501-04E9-6FCF-F831-88E11DCD8908}.Debug|x64.Build.0 = Debug|x64
		{CD502501-04E9-6FCF-F831-88E11DCD8908}.Release|Win32.ActiveCfg = Release|Win32
		{CD502501-04E9-6FCF-F831-88E11DCD8908}.Release|Win32.Build.0 = Release|Win32
		{E5877B6F-A255-9B4F-44DF-6E56BE345350}.Release|x64.ActiveCfg = Release|x64
		{E5877B6F-A255-9B4F-44DF-6E56BE345350}.Release|x64.Build.0 = Release|x64
		{E5877B6F-A255-9B4F-44DF-6E56BE345350}.Debug|Win32.ActiveCfg = Debug|Win32
		{E5877B6F-A255-9B4F-44DF-6E56BE345350}.Debug|Win32.Build.0 = Debug|Win32
		{E5877B6F-A255-9B4F-44DF-6E56BE345350}.Debug|x64.ActiveCfg = Debug|x64
		{E5877B6F-A255-9B4F-44DF-6E56BE345350}.Debug|x64.Build.0 = Debug|x64
		{E5877B6F-A255-9B4F-44DF-6E56BE345350}.Release|Win32.ActiveCfg = Release|Win32
		{E5877B6F-A255-9B4F-44DF-6E56BE345350}.Release|Win32.Build.0 = Release|Win32
		{E96A9715-5A63-9E01-16DD-E6FEEF86FDAD}.Release|x64.ActiveCfg = Release|x64
		{E96A9715-5A63-9E01-16DD-E6FEEF86FDAD}.Release|x64.Build.0 = Release|x64
		{E96A9715-5A63-9E01-16DD-E6FEEF86FDAD}.Debug|Win32.ActiveCfg = Debug|Win32
		{E96A9715-5A63-9E01-16DD-E6FEEF86FDAD}.Debug|Win32.Build.0 = Debug|Win32
		{E96A9715-5A63-9E01-16DD-E6FEEF86FDAD}.Debug|x64.ActiveCfg = Debug|x64
		{E96A9715-5A63-9E01-16DD-E6FEEF86FDAD}.Debug|x64.Build.0 = Debug|x64
		{E96A9715-5A63-9E01-16DD-E6FEEF86FDAD}.Release|Win32.ActiveCfg = Release|Win32
		{E96A9715-5A63-9E01-16DD-E6FEEF86FDAD}.Release|Win32.Build.0 = Release|Win32
		{F2FEA2EE-5A01-F978-BA36-C9126894DF1E}.Release|x64.ActiveCfg = Release|x64
		{F2FEA2EE-5A01-F978-BA36-C9126894DF1E}.Release|x64.Build.0 = Release|x64
		{F2FEA2EE-5A01-F978-BA36-C9126894DF1E}.Debug|Win32.ActiveCfg = Debug|Win32
		{F2FEA2EE-5A01-F978-BA36-C9126894DF1E}.Debug|Win32.Build.0 = Debug|Win32
		{F2FEA2EE-5A01-F978-BA36-C9126894DF1E}.Debug|x64.ActiveCfg = Debug|x64
		{F2FEA2EE-5A01-F978-BA36-C9126894DF1E}.Debug|x64.Build.0 = Debug|x64
		{F2FEA2EE-5A01-F978-BA36-C9126894DF1E}.Release|Win32.ActiveCfg = Release|Win32
		{F2FEA2EE-5A01-F978-BA36-C9126894DF1E}.Release|Win32.Build.0 = Release|Win32
		{FDA49C7A-0D19-BC89-3238-75B3B4A0E6EE}.Release|x64.ActiveCfg = Release|x64
		{FDA49C7A-0D19-BC89-3238-75B3B4A0E6EE}.Release|x64.Build.0 = Release|x64
		{FDA49C7A-0D19-BC89-3238-75B3B4A0E6EE}.Debug|Win32.ActiveCfg = Debug|Win32
		{FDA49C7A-0D19-BC89-3238-75B3B4A0E6EE}.Debug|Win32.Build.0 = Debug|Win32
		{FDA49C7A-0D19-BC89-3238-75B3B4A0E6EE}.Debug|x64.ActiveCfg = Debug|x64
		{FDA49C7A-0D19-BC89-3238-75B3B4A0E6EE}.Debug|x64.Build.0 = Debug|x64
		{FDA49C7A-0D19-BC89-3238-75B3B4A0E6EE}.Release|Win32.ActiveCfg = Release|Win32
		{FDA49C7A-0D19-BC89-3238-75B3B4A0E6EE}.Release|Win32.Build.0 = Release|Win32
	EndGlobalSection
	GlobalSection(SolutionProperties) = preSolution
		HideSolutionNode = FALSE
	EndGlobalSection
	GlobalSection(NestedProjects) = preSolution
		{2915E026-0CF5-5E77-201C-6D6C4C28AA63} = {6478B9F3-4858-63F4-35F4-98A303E305F3}
		{6BFB82F6-03FA-2377-427A-AFE75F7FC4E7} = {6478B9F3-4858-63F4-35F4-98A303E305F3}
		{6478B9F3-4858-63F4-35F4-98A303E305F3} = {9785FB75-982A-5DE3-252D-3F288B9FEF5B}
		{3E7FA5AF-27B3-2DE0-883C-12F98E7F4E81} = {9785FB75-982A-5DE3-252D-3F288B9FEF5B}
		{E96A9715-5A63-9E01-16DD-E6FEEF86FDAD} = {9785FB75-982A-5DE3-252D-3F288B9FEF5B}
		{75E9E561-1EF1-B6FA-B63D-27E068147661} = {9785FB75-982A-5DE3-252D-3F288B9FEF5B}
		{C9BEFA0F-4F0F-B28E-A3BC-F56D1A920F39} = {9785FB75-982A-5DE3-252D-3F288B9FEF5B}
		{9C98D904-B877-A576-B390-CBB614EAB846} = {9785FB75-982A-5DE3-252D-3F288B9FEF5B}
		{B7352553-2563-0ABA-63BA-DA44A5CE6460} = {9785FB75-982A-5DE3-252D-3F288B9FEF5B}
		{F2FEA2EE-5A01-F978-BA36-C9126894DF1E} = {9785FB75-982A-5DE3-252D-3F288B9FEF5B}
		{C4F55527-812A-DA57-0C23-11314BA8EED2} = {9785FB75-982A-5DE3-252D-3F288B9FEF5B}
		{7B80AD97-AD8C-F815-D0B6-166E4942FB80} = {9785FB75-982A-5DE3-252D-3F288B9FEF5B}
		{8B1D6C79-1348-2DC8-F872-D84C8C8AE2E3} = {9785FB75-982A-5DE3-252D-3F288B9FEF5B}
		{E5877B6F-A255-9B4F-44DF-6E56BE345350} = {9785FB75-982A-5DE3-252D-3F288B9FEF5B}
		{7D3096DE-262A-38EE-63AD-96FC0968BC56} = {9785FB75-982A-5DE3-252D-3F288B9FEF5B}
		{69D5F4BE-07CE-88D0-E0CC-C41E1370897E} = {9785FB75-982A-5DE3-252D-3F288B9FEF5B}
		{36B3F0EF-3229-7B4C-937F-92EB75CC14EF} = {9785FB75-982A-5DE3-252D-3F288B9FEF5B}
		{9EF03635-59DC-EF18-AC7E-CAE160AFDFB3} = {9785FB75-982A-5DE3-252D-3F288B9FEF5B}
		{A180E5B3-1247-7405-06A8-5E17B11184DF} = {9785FB75-982A-5DE3-252D-3F288B9FEF5B}
		{26066164-8BCA-BB54-76A5-8B5333BB2C0C} = {EF1E4970-C119-B0D7-F5D6-321C6AE66EDC}
		{19CBACC5-4676-1E3F-229A-B8708193AE32} = {EF1E4970-C119-B0D7-F5D6-321C6AE66EDC}
		{CD502501-04E9-6FCF-F831-88E11DCD8908} = {2DE59335-96CE-10CA-CDE5-FEC35E3549BB}
		{392EBFE1-8133-8432-AB93-4EA520C83304} = {2DE59335-96CE-10CA-CDE5-FEC35E3549BB}
		{AEAF5727-7306-AF60-3BAE-6BD073DE3312} = {2DE59335-96CE-10CA-CDE5-FEC35E3549BB}
		{752BD63A-5779-0226-EFC6-FB03B98C8239} = {EAC80D00-01D2-3F49-A377-20B7154947F3}
		{BFA947D1-25B3-9329-27AD-F7872A267B9C} = {EAC80D00-01D2-3F49-A377-20B7154947F3}
		{618290FC-61AC-99C1-0085-B2D6D9294C08} = {EAC80D00-01D2-3F49-A377-20B7154947F3}
		{EF1E4970-C119-B0D7-F5D6-321C6AE66EDC} = {3E7FA5AF-27B3-2DE0-883C-12F98E7F4E81}
		{2DE59335-96CE-10CA-CDE5-FEC35E3549BB} = {89C816A7-DD31-D54C-C69C-5A80E0C49B77}
		{FDA49C7A-0D19-BC89-3238-75B3B4A0E6EE} = {89C816A7-DD31-D54C-C69C-5A80E0C49B77}
	EndGlobalSection
EndGlobal
